
Microsoft Visual Studio Solution File, Format Version 12.00
# Visual Studio 2012
Project("{FAE04EC0-301F-11D3-BF4B-00C04F79EFBC}") = "LibPipeline", "LibPipeline\LibPipeline.csproj", "{6CD9BD09-2796-4324-BA10-7DCB000EE8EB}"
EndProject
Project("{FAE04EC0-301F-11D3-BF4B-00C04F79EFBC}") = "LibBn", "LibBn\LibBn.csproj", "{087FC54E-3111-48CA-8F13-20296CDB7C71}"
EndProject
Project("{FAE04EC0-301F-11D3-BF4B-00C04F79EFBC}") = "LibCorlas", "LibCorlas\LibCorlas.csproj", "{3C8D0EE0-9487-4913-A990-63E0CFA860CD}"
EndProject
Project("{8BC9CEB8-8B4A-11D0-8D11-00A0C91BC942}") = "SmileNet", "SmileNet\smileNet_public.vcxproj", "{3719AEB6-8932-4255-8F96-3F32D5894976}"
EndProject
Project("{FAE04EC0-301F-11D3-BF4B-00C04F79EFBC}") = "MapControl.WPF", "MapControl\MapControl\MapControl.WPF.csproj", "{226F3575-B683-446D-A2F0-181291DC8787}"
EndProject
Project("{FAE04EC0-301F-11D3-BF4B-00C04F79EFBC}") = "ImageFileCache", "MapControl\Caching\ImageFileCache\ImageFileCache.csproj", "{86470440-FEE2-4120-AF5A-3762FB9C536F}"
EndProject
Project("{FAE04EC0-301F-11D3-BF4B-00C04F79EFBC}") = "Marv", "Marv\Marv.csproj", "{8F3727CE-D0A7-4F58-A9BF-F0D2A130F912}"
EndProject
Project("{FAE04EC0-301F-11D3-BF4B-00C04F79EFBC}") = "NetworkCleaner", "NetworkCleaner\NetworkCleaner.csproj", "{9500133C-DB05-44DA-90B3-DD40D504D1A5}"
EndProject
Project("{ACA99D24-2A4B-4C16-9E92-13D6ABC4AC35}") = "Setup", "Setup\Setup.isproj", "{F31EAEB1-445F-4AA6-AF90-629196BA4BE8}"
EndProject
Global
	GlobalSection(TestCaseManagementSettings) = postSolution
		CategoryFile = MarvInterface.vsmdi
	EndGlobalSection
	GlobalSection(SolutionConfigurationPlatforms) = preSolution
		CD_ROM|Any CPU = CD_ROM|Any CPU
		CD_ROM|Mixed Platforms = CD_ROM|Mixed Platforms
		CD_ROM|Win32 = CD_ROM|Win32
		CD_ROM|x64 = CD_ROM|x64
		CD_ROM|x86 = CD_ROM|x86
		Custom|Any CPU = Custom|Any CPU
		Custom|Mixed Platforms = Custom|Mixed Platforms
		Custom|Win32 = Custom|Win32
		Custom|x64 = Custom|x64
		Custom|x86 = Custom|x86
		Debug|Any CPU = Debug|Any CPU
		Debug|Mixed Platforms = Debug|Mixed Platforms
		Debug|Win32 = Debug|Win32
		Debug|x64 = Debug|x64
		Debug|x86 = Debug|x86
		DebugWithoutPlugins|Any CPU = DebugWithoutPlugins|Any CPU
		DebugWithoutPlugins|Mixed Platforms = DebugWithoutPlugins|Mixed Platforms
		DebugWithoutPlugins|Win32 = DebugWithoutPlugins|Win32
		DebugWithoutPlugins|x64 = DebugWithoutPlugins|x64
		DebugWithoutPlugins|x86 = DebugWithoutPlugins|x86
		DebugWithoutSetup|Any CPU = DebugWithoutSetup|Any CPU
		DebugWithoutSetup|Mixed Platforms = DebugWithoutSetup|Mixed Platforms
		DebugWithoutSetup|Win32 = DebugWithoutSetup|Win32
		DebugWithoutSetup|x64 = DebugWithoutSetup|x64
		DebugWithoutSetup|x86 = DebugWithoutSetup|x86
		DVD-10|Any CPU = DVD-10|Any CPU
		DVD-10|Mixed Platforms = DVD-10|Mixed Platforms
		DVD-10|Win32 = DVD-10|Win32
		DVD-10|x64 = DVD-10|x64
		DVD-10|x86 = DVD-10|x86
		DVD-18|Any CPU = DVD-18|Any CPU
		DVD-18|Mixed Platforms = DVD-18|Mixed Platforms
		DVD-18|Win32 = DVD-18|Win32
		DVD-18|x64 = DVD-18|x64
		DVD-18|x86 = DVD-18|x86
		DVD-5|Any CPU = DVD-5|Any CPU
		DVD-5|Mixed Platforms = DVD-5|Mixed Platforms
		DVD-5|Win32 = DVD-5|Win32
		DVD-5|x64 = DVD-5|x64
		DVD-5|x86 = DVD-5|x86
		DVD-9|Any CPU = DVD-9|Any CPU
		DVD-9|Mixed Platforms = DVD-9|Mixed Platforms
		DVD-9|Win32 = DVD-9|Win32
		DVD-9|x64 = DVD-9|x64
		DVD-9|x86 = DVD-9|x86
		Release|Any CPU = Release|Any CPU
		Release|Mixed Platforms = Release|Mixed Platforms
		Release|Win32 = Release|Win32
		Release|x64 = Release|x64
		Release|x86 = Release|x86
		SingleImage|Any CPU = SingleImage|Any CPU
		SingleImage|Mixed Platforms = SingleImage|Mixed Platforms
		SingleImage|Win32 = SingleImage|Win32
		SingleImage|x64 = SingleImage|x64
		SingleImage|x86 = SingleImage|x86
		WebDeployment|Any CPU = WebDeployment|Any CPU
		WebDeployment|Mixed Platforms = WebDeployment|Mixed Platforms
		WebDeployment|Win32 = WebDeployment|Win32
		WebDeployment|x64 = WebDeployment|x64
		WebDeployment|x86 = WebDeployment|x86
	EndGlobalSection
	GlobalSection(ProjectConfigurationPlatforms) = postSolution
		{6CD9BD09-2796-4324-BA10-7DCB000EE8EB}.CD_ROM|Any CPU.ActiveCfg = Release|Any CPU
		{6CD9BD09-2796-4324-BA10-7DCB000EE8EB}.CD_ROM|Any CPU.Build.0 = Release|Any CPU
		{6CD9BD09-2796-4324-BA10-7DCB000EE8EB}.CD_ROM|Mixed Platforms.ActiveCfg = Release|Any CPU
		{6CD9BD09-2796-4324-BA10-7DCB000EE8EB}.CD_ROM|Mixed Platforms.Build.0 = Release|Any CPU
		{6CD9BD09-2796-4324-BA10-7DCB000EE8EB}.CD_ROM|Win32.ActiveCfg = DebugWithoutSetup|Any CPU
		{6CD9BD09-2796-4324-BA10-7DCB000EE8EB}.CD_ROM|x64.ActiveCfg = Release|Any CPU
		{6CD9BD09-2796-4324-BA10-7DCB000EE8EB}.CD_ROM|x86.ActiveCfg = Release|Any CPU
		{6CD9BD09-2796-4324-BA10-7DCB000EE8EB}.Custom|Any CPU.ActiveCfg = Debug|Any CPU
		{6CD9BD09-2796-4324-BA10-7DCB000EE8EB}.Custom|Any CPU.Build.0 = Debug|Any CPU
		{6CD9BD09-2796-4324-BA10-7DCB000EE8EB}.Custom|Mixed Platforms.ActiveCfg = Debug|Any CPU
		{6CD9BD09-2796-4324-BA10-7DCB000EE8EB}.Custom|Mixed Platforms.Build.0 = Debug|Any CPU
		{6CD9BD09-2796-4324-BA10-7DCB000EE8EB}.Custom|Win32.ActiveCfg = Debug|Any CPU
		{6CD9BD09-2796-4324-BA10-7DCB000EE8EB}.Custom|x64.ActiveCfg = Debug|Any CPU
		{6CD9BD09-2796-4324-BA10-7DCB000EE8EB}.Custom|x86.ActiveCfg = Debug|Any CPU
		{6CD9BD09-2796-4324-BA10-7DCB000EE8EB}.Debug|Any CPU.ActiveCfg = Debug|Any CPU
		{6CD9BD09-2796-4324-BA10-7DCB000EE8EB}.Debug|Any CPU.Build.0 = Debug|Any CPU
		{6CD9BD09-2796-4324-BA10-7DCB000EE8EB}.Debug|Mixed Platforms.ActiveCfg = Debug|Any CPU
		{6CD9BD09-2796-4324-BA10-7DCB000EE8EB}.Debug|Mixed Platforms.Build.0 = Debug|Any CPU
		{6CD9BD09-2796-4324-BA10-7DCB000EE8EB}.Debug|Win32.ActiveCfg = Debug|Any CPU
		{6CD9BD09-2796-4324-BA10-7DCB000EE8EB}.Debug|x64.ActiveCfg = Debug|Any CPU
		{6CD9BD09-2796-4324-BA10-7DCB000EE8EB}.Debug|x86.ActiveCfg = Debug|Any CPU
		{6CD9BD09-2796-4324-BA10-7DCB000EE8EB}.DebugWithoutPlugins|Any CPU.ActiveCfg = Debug|Any CPU
		{6CD9BD09-2796-4324-BA10-7DCB000EE8EB}.DebugWithoutPlugins|Any CPU.Build.0 = Debug|Any CPU
		{6CD9BD09-2796-4324-BA10-7DCB000EE8EB}.DebugWithoutPlugins|Mixed Platforms.ActiveCfg = Debug|Any CPU
		{6CD9BD09-2796-4324-BA10-7DCB000EE8EB}.DebugWithoutPlugins|Mixed Platforms.Build.0 = Debug|Any CPU
		{6CD9BD09-2796-4324-BA10-7DCB000EE8EB}.DebugWithoutPlugins|Win32.ActiveCfg = DebugWithoutSetup|Any CPU
		{6CD9BD09-2796-4324-BA10-7DCB000EE8EB}.DebugWithoutPlugins|x64.ActiveCfg = Debug|Any CPU
		{6CD9BD09-2796-4324-BA10-7DCB000EE8EB}.DebugWithoutPlugins|x86.ActiveCfg = Debug|Any CPU
		{6CD9BD09-2796-4324-BA10-7DCB000EE8EB}.DebugWithoutSetup|Any CPU.ActiveCfg = Debug|Any CPU
		{6CD9BD09-2796-4324-BA10-7DCB000EE8EB}.DebugWithoutSetup|Any CPU.Build.0 = Debug|Any CPU
		{6CD9BD09-2796-4324-BA10-7DCB000EE8EB}.DebugWithoutSetup|Mixed Platforms.ActiveCfg = DebugWithoutSetup|Any CPU
		{6CD9BD09-2796-4324-BA10-7DCB000EE8EB}.DebugWithoutSetup|Mixed Platforms.Build.0 = DebugWithoutSetup|Any CPU
		{6CD9BD09-2796-4324-BA10-7DCB000EE8EB}.DebugWithoutSetup|Win32.ActiveCfg = DebugWithoutSetup|Any CPU
		{6CD9BD09-2796-4324-BA10-7DCB000EE8EB}.DebugWithoutSetup|x64.ActiveCfg = DebugWithoutSetup|Any CPU
		{6CD9BD09-2796-4324-BA10-7DCB000EE8EB}.DebugWithoutSetup|x86.ActiveCfg = DebugWithoutSetup|Any CPU
		{6CD9BD09-2796-4324-BA10-7DCB000EE8EB}.DVD-10|Any CPU.ActiveCfg = Debug|Any CPU
		{6CD9BD09-2796-4324-BA10-7DCB000EE8EB}.DVD-10|Any CPU.Build.0 = Debug|Any CPU
		{6CD9BD09-2796-4324-BA10-7DCB000EE8EB}.DVD-10|Mixed Platforms.ActiveCfg = Debug|Any CPU
		{6CD9BD09-2796-4324-BA10-7DCB000EE8EB}.DVD-10|Mixed Platforms.Build.0 = Debug|Any CPU
		{6CD9BD09-2796-4324-BA10-7DCB000EE8EB}.DVD-10|Win32.ActiveCfg = Debug|Any CPU
		{6CD9BD09-2796-4324-BA10-7DCB000EE8EB}.DVD-10|x64.ActiveCfg = Debug|Any CPU
		{6CD9BD09-2796-4324-BA10-7DCB000EE8EB}.DVD-10|x86.ActiveCfg = Debug|Any CPU
		{6CD9BD09-2796-4324-BA10-7DCB000EE8EB}.DVD-18|Any CPU.ActiveCfg = Debug|Any CPU
		{6CD9BD09-2796-4324-BA10-7DCB000EE8EB}.DVD-18|Any CPU.Build.0 = Debug|Any CPU
		{6CD9BD09-2796-4324-BA10-7DCB000EE8EB}.DVD-18|Mixed Platforms.ActiveCfg = Debug|Any CPU
		{6CD9BD09-2796-4324-BA10-7DCB000EE8EB}.DVD-18|Mixed Platforms.Build.0 = Debug|Any CPU
		{6CD9BD09-2796-4324-BA10-7DCB000EE8EB}.DVD-18|Win32.ActiveCfg = Debug|Any CPU
		{6CD9BD09-2796-4324-BA10-7DCB000EE8EB}.DVD-18|x64.ActiveCfg = Debug|Any CPU
		{6CD9BD09-2796-4324-BA10-7DCB000EE8EB}.DVD-18|x86.ActiveCfg = Debug|Any CPU
		{6CD9BD09-2796-4324-BA10-7DCB000EE8EB}.DVD-5|Any CPU.ActiveCfg = Debug|Any CPU
		{6CD9BD09-2796-4324-BA10-7DCB000EE8EB}.DVD-5|Any CPU.Build.0 = Debug|Any CPU
		{6CD9BD09-2796-4324-BA10-7DCB000EE8EB}.DVD-5|Mixed Platforms.ActiveCfg = Debug|Any CPU
		{6CD9BD09-2796-4324-BA10-7DCB000EE8EB}.DVD-5|Mixed Platforms.Build.0 = Debug|Any CPU
		{6CD9BD09-2796-4324-BA10-7DCB000EE8EB}.DVD-5|Win32.ActiveCfg = DebugWithoutSetup|Any CPU
		{6CD9BD09-2796-4324-BA10-7DCB000EE8EB}.DVD-5|x64.ActiveCfg = Debug|Any CPU
		{6CD9BD09-2796-4324-BA10-7DCB000EE8EB}.DVD-5|x86.ActiveCfg = Debug|Any CPU
		{6CD9BD09-2796-4324-BA10-7DCB000EE8EB}.DVD-9|Any CPU.ActiveCfg = Debug|Any CPU
		{6CD9BD09-2796-4324-BA10-7DCB000EE8EB}.DVD-9|Any CPU.Build.0 = Debug|Any CPU
		{6CD9BD09-2796-4324-BA10-7DCB000EE8EB}.DVD-9|Mixed Platforms.ActiveCfg = Debug|Any CPU
		{6CD9BD09-2796-4324-BA10-7DCB000EE8EB}.DVD-9|Mixed Platforms.Build.0 = Debug|Any CPU
		{6CD9BD09-2796-4324-BA10-7DCB000EE8EB}.DVD-9|Win32.ActiveCfg = Debug|Any CPU
		{6CD9BD09-2796-4324-BA10-7DCB000EE8EB}.DVD-9|x64.ActiveCfg = Debug|Any CPU
		{6CD9BD09-2796-4324-BA10-7DCB000EE8EB}.DVD-9|x86.ActiveCfg = Debug|Any CPU
		{6CD9BD09-2796-4324-BA10-7DCB000EE8EB}.Release|Any CPU.ActiveCfg = Release|Any CPU
		{6CD9BD09-2796-4324-BA10-7DCB000EE8EB}.Release|Any CPU.Build.0 = Release|Any CPU
		{6CD9BD09-2796-4324-BA10-7DCB000EE8EB}.Release|Mixed Platforms.ActiveCfg = Release|Any CPU
		{6CD9BD09-2796-4324-BA10-7DCB000EE8EB}.Release|Mixed Platforms.Build.0 = Release|Any CPU
		{6CD9BD09-2796-4324-BA10-7DCB000EE8EB}.Release|Win32.ActiveCfg = Release|Any CPU
		{6CD9BD09-2796-4324-BA10-7DCB000EE8EB}.Release|x64.ActiveCfg = Release|Any CPU
		{6CD9BD09-2796-4324-BA10-7DCB000EE8EB}.Release|x86.ActiveCfg = Release|Any CPU
		{6CD9BD09-2796-4324-BA10-7DCB000EE8EB}.SingleImage|Any CPU.ActiveCfg = Release|Any CPU
		{6CD9BD09-2796-4324-BA10-7DCB000EE8EB}.SingleImage|Any CPU.Build.0 = Release|Any CPU
		{6CD9BD09-2796-4324-BA10-7DCB000EE8EB}.SingleImage|Mixed Platforms.ActiveCfg = Release|Any CPU
		{6CD9BD09-2796-4324-BA10-7DCB000EE8EB}.SingleImage|Mixed Platforms.Build.0 = Release|Any CPU
		{6CD9BD09-2796-4324-BA10-7DCB000EE8EB}.SingleImage|Win32.ActiveCfg = DebugWithoutSetup|Any CPU
		{6CD9BD09-2796-4324-BA10-7DCB000EE8EB}.SingleImage|x64.ActiveCfg = Release|Any CPU
		{6CD9BD09-2796-4324-BA10-7DCB000EE8EB}.SingleImage|x86.ActiveCfg = Release|Any CPU
		{6CD9BD09-2796-4324-BA10-7DCB000EE8EB}.WebDeployment|Any CPU.ActiveCfg = Debug|Any CPU
		{6CD9BD09-2796-4324-BA10-7DCB000EE8EB}.WebDeployment|Any CPU.Build.0 = Debug|Any CPU
		{6CD9BD09-2796-4324-BA10-7DCB000EE8EB}.WebDeployment|Mixed Platforms.ActiveCfg = Debug|Any CPU
		{6CD9BD09-2796-4324-BA10-7DCB000EE8EB}.WebDeployment|Mixed Platforms.Build.0 = Debug|Any CPU
		{6CD9BD09-2796-4324-BA10-7DCB000EE8EB}.WebDeployment|Win32.ActiveCfg = Debug|Any CPU
		{6CD9BD09-2796-4324-BA10-7DCB000EE8EB}.WebDeployment|x64.ActiveCfg = Debug|Any CPU
		{6CD9BD09-2796-4324-BA10-7DCB000EE8EB}.WebDeployment|x86.ActiveCfg = Debug|Any CPU
		{087FC54E-3111-48CA-8F13-20296CDB7C71}.CD_ROM|Any CPU.ActiveCfg = Release|Any CPU
		{087FC54E-3111-48CA-8F13-20296CDB7C71}.CD_ROM|Any CPU.Build.0 = Release|Any CPU
		{087FC54E-3111-48CA-8F13-20296CDB7C71}.CD_ROM|Mixed Platforms.ActiveCfg = Release|Any CPU
		{087FC54E-3111-48CA-8F13-20296CDB7C71}.CD_ROM|Mixed Platforms.Build.0 = Release|Any CPU
		{087FC54E-3111-48CA-8F13-20296CDB7C71}.CD_ROM|Win32.ActiveCfg = DebugWithoutSetup|Any CPU
		{087FC54E-3111-48CA-8F13-20296CDB7C71}.CD_ROM|x64.ActiveCfg = Release|Any CPU
		{087FC54E-3111-48CA-8F13-20296CDB7C71}.CD_ROM|x86.ActiveCfg = Release|Any CPU
		{087FC54E-3111-48CA-8F13-20296CDB7C71}.Custom|Any CPU.ActiveCfg = Debug|Any CPU
		{087FC54E-3111-48CA-8F13-20296CDB7C71}.Custom|Any CPU.Build.0 = Debug|Any CPU
		{087FC54E-3111-48CA-8F13-20296CDB7C71}.Custom|Mixed Platforms.ActiveCfg = Debug|Any CPU
		{087FC54E-3111-48CA-8F13-20296CDB7C71}.Custom|Mixed Platforms.Build.0 = Debug|Any CPU
		{087FC54E-3111-48CA-8F13-20296CDB7C71}.Custom|Win32.ActiveCfg = Debug|Any CPU
		{087FC54E-3111-48CA-8F13-20296CDB7C71}.Custom|x64.ActiveCfg = Debug|Any CPU
		{087FC54E-3111-48CA-8F13-20296CDB7C71}.Custom|x86.ActiveCfg = Debug|Any CPU
		{087FC54E-3111-48CA-8F13-20296CDB7C71}.Debug|Any CPU.ActiveCfg = Debug|Any CPU
		{087FC54E-3111-48CA-8F13-20296CDB7C71}.Debug|Any CPU.Build.0 = Debug|Any CPU
		{087FC54E-3111-48CA-8F13-20296CDB7C71}.Debug|Mixed Platforms.ActiveCfg = Debug|Any CPU
		{087FC54E-3111-48CA-8F13-20296CDB7C71}.Debug|Mixed Platforms.Build.0 = Debug|Any CPU
		{087FC54E-3111-48CA-8F13-20296CDB7C71}.Debug|Win32.ActiveCfg = Debug|Any CPU
		{087FC54E-3111-48CA-8F13-20296CDB7C71}.Debug|x64.ActiveCfg = Debug|Any CPU
		{087FC54E-3111-48CA-8F13-20296CDB7C71}.Debug|x86.ActiveCfg = Debug|Any CPU
		{087FC54E-3111-48CA-8F13-20296CDB7C71}.DebugWithoutPlugins|Any CPU.ActiveCfg = Debug|Any CPU
		{087FC54E-3111-48CA-8F13-20296CDB7C71}.DebugWithoutPlugins|Any CPU.Build.0 = Debug|Any CPU
		{087FC54E-3111-48CA-8F13-20296CDB7C71}.DebugWithoutPlugins|Mixed Platforms.ActiveCfg = Debug|Any CPU
		{087FC54E-3111-48CA-8F13-20296CDB7C71}.DebugWithoutPlugins|Mixed Platforms.Build.0 = Debug|Any CPU
		{087FC54E-3111-48CA-8F13-20296CDB7C71}.DebugWithoutPlugins|Win32.ActiveCfg = DebugWithoutSetup|Any CPU
		{087FC54E-3111-48CA-8F13-20296CDB7C71}.DebugWithoutPlugins|x64.ActiveCfg = Debug|Any CPU
		{087FC54E-3111-48CA-8F13-20296CDB7C71}.DebugWithoutPlugins|x86.ActiveCfg = Debug|Any CPU
		{087FC54E-3111-48CA-8F13-20296CDB7C71}.DebugWithoutSetup|Any CPU.ActiveCfg = Debug|Any CPU
		{087FC54E-3111-48CA-8F13-20296CDB7C71}.DebugWithoutSetup|Any CPU.Build.0 = Debug|Any CPU
		{087FC54E-3111-48CA-8F13-20296CDB7C71}.DebugWithoutSetup|Mixed Platforms.ActiveCfg = DebugWithoutSetup|Any CPU
		{087FC54E-3111-48CA-8F13-20296CDB7C71}.DebugWithoutSetup|Mixed Platforms.Build.0 = DebugWithoutSetup|Any CPU
		{087FC54E-3111-48CA-8F13-20296CDB7C71}.DebugWithoutSetup|Win32.ActiveCfg = DebugWithoutSetup|Any CPU
		{087FC54E-3111-48CA-8F13-20296CDB7C71}.DebugWithoutSetup|x64.ActiveCfg = DebugWithoutSetup|Any CPU
		{087FC54E-3111-48CA-8F13-20296CDB7C71}.DebugWithoutSetup|x86.ActiveCfg = DebugWithoutSetup|Any CPU
		{087FC54E-3111-48CA-8F13-20296CDB7C71}.DVD-10|Any CPU.ActiveCfg = Debug|Any CPU
		{087FC54E-3111-48CA-8F13-20296CDB7C71}.DVD-10|Any CPU.Build.0 = Debug|Any CPU
		{087FC54E-3111-48CA-8F13-20296CDB7C71}.DVD-10|Mixed Platforms.ActiveCfg = Debug|Any CPU
		{087FC54E-3111-48CA-8F13-20296CDB7C71}.DVD-10|Mixed Platforms.Build.0 = Debug|Any CPU
		{087FC54E-3111-48CA-8F13-20296CDB7C71}.DVD-10|Win32.ActiveCfg = Debug|Any CPU
		{087FC54E-3111-48CA-8F13-20296CDB7C71}.DVD-10|x64.ActiveCfg = Debug|Any CPU
		{087FC54E-3111-48CA-8F13-20296CDB7C71}.DVD-10|x86.ActiveCfg = Debug|Any CPU
		{087FC54E-3111-48CA-8F13-20296CDB7C71}.DVD-18|Any CPU.ActiveCfg = Debug|Any CPU
		{087FC54E-3111-48CA-8F13-20296CDB7C71}.DVD-18|Any CPU.Build.0 = Debug|Any CPU
		{087FC54E-3111-48CA-8F13-20296CDB7C71}.DVD-18|Mixed Platforms.ActiveCfg = Debug|Any CPU
		{087FC54E-3111-48CA-8F13-20296CDB7C71}.DVD-18|Mixed Platforms.Build.0 = Debug|Any CPU
		{087FC54E-3111-48CA-8F13-20296CDB7C71}.DVD-18|Win32.ActiveCfg = Debug|Any CPU
		{087FC54E-3111-48CA-8F13-20296CDB7C71}.DVD-18|x64.ActiveCfg = Debug|Any CPU
		{087FC54E-3111-48CA-8F13-20296CDB7C71}.DVD-18|x86.ActiveCfg = Debug|Any CPU
		{087FC54E-3111-48CA-8F13-20296CDB7C71}.DVD-5|Any CPU.ActiveCfg = Debug|Any CPU
		{087FC54E-3111-48CA-8F13-20296CDB7C71}.DVD-5|Any CPU.Build.0 = Debug|Any CPU
		{087FC54E-3111-48CA-8F13-20296CDB7C71}.DVD-5|Mixed Platforms.ActiveCfg = Debug|Any CPU
		{087FC54E-3111-48CA-8F13-20296CDB7C71}.DVD-5|Mixed Platforms.Build.0 = Debug|Any CPU
		{087FC54E-3111-48CA-8F13-20296CDB7C71}.DVD-5|Win32.ActiveCfg = DebugWithoutSetup|Any CPU
		{087FC54E-3111-48CA-8F13-20296CDB7C71}.DVD-5|x64.ActiveCfg = Debug|Any CPU
		{087FC54E-3111-48CA-8F13-20296CDB7C71}.DVD-5|x86.ActiveCfg = Debug|Any CPU
		{087FC54E-3111-48CA-8F13-20296CDB7C71}.DVD-9|Any CPU.ActiveCfg = Debug|Any CPU
		{087FC54E-3111-48CA-8F13-20296CDB7C71}.DVD-9|Any CPU.Build.0 = Debug|Any CPU
		{087FC54E-3111-48CA-8F13-20296CDB7C71}.DVD-9|Mixed Platforms.ActiveCfg = Debug|Any CPU
		{087FC54E-3111-48CA-8F13-20296CDB7C71}.DVD-9|Mixed Platforms.Build.0 = Debug|Any CPU
		{087FC54E-3111-48CA-8F13-20296CDB7C71}.DVD-9|Win32.ActiveCfg = Debug|Any CPU
		{087FC54E-3111-48CA-8F13-20296CDB7C71}.DVD-9|x64.ActiveCfg = Debug|Any CPU
		{087FC54E-3111-48CA-8F13-20296CDB7C71}.DVD-9|x86.ActiveCfg = Debug|Any CPU
		{087FC54E-3111-48CA-8F13-20296CDB7C71}.Release|Any CPU.ActiveCfg = Release|Any CPU
		{087FC54E-3111-48CA-8F13-20296CDB7C71}.Release|Any CPU.Build.0 = Release|Any CPU
		{087FC54E-3111-48CA-8F13-20296CDB7C71}.Release|Mixed Platforms.ActiveCfg = Release|Any CPU
		{087FC54E-3111-48CA-8F13-20296CDB7C71}.Release|Mixed Platforms.Build.0 = Release|Any CPU
		{087FC54E-3111-48CA-8F13-20296CDB7C71}.Release|Win32.ActiveCfg = Release|Any CPU
		{087FC54E-3111-48CA-8F13-20296CDB7C71}.Release|x64.ActiveCfg = Release|Any CPU
		{087FC54E-3111-48CA-8F13-20296CDB7C71}.Release|x86.ActiveCfg = Release|Any CPU
		{087FC54E-3111-48CA-8F13-20296CDB7C71}.SingleImage|Any CPU.ActiveCfg = Release|Any CPU
		{087FC54E-3111-48CA-8F13-20296CDB7C71}.SingleImage|Any CPU.Build.0 = Release|Any CPU
		{087FC54E-3111-48CA-8F13-20296CDB7C71}.SingleImage|Mixed Platforms.ActiveCfg = Release|Any CPU
		{087FC54E-3111-48CA-8F13-20296CDB7C71}.SingleImage|Mixed Platforms.Build.0 = Release|Any CPU
		{087FC54E-3111-48CA-8F13-20296CDB7C71}.SingleImage|Win32.ActiveCfg = DebugWithoutSetup|Any CPU
		{087FC54E-3111-48CA-8F13-20296CDB7C71}.SingleImage|x64.ActiveCfg = Release|Any CPU
		{087FC54E-3111-48CA-8F13-20296CDB7C71}.SingleImage|x86.ActiveCfg = Release|Any CPU
		{087FC54E-3111-48CA-8F13-20296CDB7C71}.WebDeployment|Any CPU.ActiveCfg = Debug|Any CPU
		{087FC54E-3111-48CA-8F13-20296CDB7C71}.WebDeployment|Any CPU.Build.0 = Debug|Any CPU
		{087FC54E-3111-48CA-8F13-20296CDB7C71}.WebDeployment|Mixed Platforms.ActiveCfg = Debug|Any CPU
		{087FC54E-3111-48CA-8F13-20296CDB7C71}.WebDeployment|Mixed Platforms.Build.0 = Debug|Any CPU
		{087FC54E-3111-48CA-8F13-20296CDB7C71}.WebDeployment|Win32.ActiveCfg = Debug|Any CPU
		{087FC54E-3111-48CA-8F13-20296CDB7C71}.WebDeployment|x64.ActiveCfg = Debug|Any CPU
		{087FC54E-3111-48CA-8F13-20296CDB7C71}.WebDeployment|x86.ActiveCfg = Debug|Any CPU
		{3C8D0EE0-9487-4913-A990-63E0CFA860CD}.CD_ROM|Any CPU.ActiveCfg = Release|Any CPU
		{3C8D0EE0-9487-4913-A990-63E0CFA860CD}.CD_ROM|Any CPU.Build.0 = Release|Any CPU
		{3C8D0EE0-9487-4913-A990-63E0CFA860CD}.CD_ROM|Mixed Platforms.ActiveCfg = Release|Any CPU
		{3C8D0EE0-9487-4913-A990-63E0CFA860CD}.CD_ROM|Mixed Platforms.Build.0 = Release|Any CPU
		{3C8D0EE0-9487-4913-A990-63E0CFA860CD}.CD_ROM|Win32.ActiveCfg = Debug|Any CPU
		{3C8D0EE0-9487-4913-A990-63E0CFA860CD}.CD_ROM|x64.ActiveCfg = Release|Any CPU
		{3C8D0EE0-9487-4913-A990-63E0CFA860CD}.CD_ROM|x86.ActiveCfg = Release|Any CPU
		{3C8D0EE0-9487-4913-A990-63E0CFA860CD}.Custom|Any CPU.ActiveCfg = Debug|Any CPU
		{3C8D0EE0-9487-4913-A990-63E0CFA860CD}.Custom|Any CPU.Build.0 = Debug|Any CPU
		{3C8D0EE0-9487-4913-A990-63E0CFA860CD}.Custom|Mixed Platforms.ActiveCfg = Debug|Any CPU
		{3C8D0EE0-9487-4913-A990-63E0CFA860CD}.Custom|Mixed Platforms.Build.0 = Debug|Any CPU
		{3C8D0EE0-9487-4913-A990-63E0CFA860CD}.Custom|Win32.ActiveCfg = Debug|Any CPU
		{3C8D0EE0-9487-4913-A990-63E0CFA860CD}.Custom|x64.ActiveCfg = Debug|Any CPU
		{3C8D0EE0-9487-4913-A990-63E0CFA860CD}.Custom|x86.ActiveCfg = Debug|Any CPU
		{3C8D0EE0-9487-4913-A990-63E0CFA860CD}.Debug|Any CPU.ActiveCfg = Debug|Any CPU
		{3C8D0EE0-9487-4913-A990-63E0CFA860CD}.Debug|Any CPU.Build.0 = Debug|Any CPU
		{3C8D0EE0-9487-4913-A990-63E0CFA860CD}.Debug|Mixed Platforms.ActiveCfg = Debug|Any CPU
		{3C8D0EE0-9487-4913-A990-63E0CFA860CD}.Debug|Mixed Platforms.Build.0 = Debug|Any CPU
		{3C8D0EE0-9487-4913-A990-63E0CFA860CD}.Debug|Win32.ActiveCfg = Debug|Any CPU
		{3C8D0EE0-9487-4913-A990-63E0CFA860CD}.Debug|x64.ActiveCfg = Debug|Any CPU
		{3C8D0EE0-9487-4913-A990-63E0CFA860CD}.Debug|x86.ActiveCfg = Debug|Any CPU
		{3C8D0EE0-9487-4913-A990-63E0CFA860CD}.DebugWithoutPlugins|Any CPU.ActiveCfg = Debug|Any CPU
		{3C8D0EE0-9487-4913-A990-63E0CFA860CD}.DebugWithoutPlugins|Any CPU.Build.0 = Debug|Any CPU
		{3C8D0EE0-9487-4913-A990-63E0CFA860CD}.DebugWithoutPlugins|Mixed Platforms.ActiveCfg = Debug|Any CPU
		{3C8D0EE0-9487-4913-A990-63E0CFA860CD}.DebugWithoutPlugins|Mixed Platforms.Build.0 = Debug|Any CPU
		{3C8D0EE0-9487-4913-A990-63E0CFA860CD}.DebugWithoutPlugins|Win32.ActiveCfg = Debug|Any CPU
		{3C8D0EE0-9487-4913-A990-63E0CFA860CD}.DebugWithoutPlugins|x64.ActiveCfg = Debug|Any CPU
		{3C8D0EE0-9487-4913-A990-63E0CFA860CD}.DebugWithoutPlugins|x86.ActiveCfg = Debug|Any CPU
		{3C8D0EE0-9487-4913-A990-63E0CFA860CD}.DebugWithoutSetup|Any CPU.ActiveCfg = Debug|Any CPU
		{3C8D0EE0-9487-4913-A990-63E0CFA860CD}.DebugWithoutSetup|Any CPU.Build.0 = Debug|Any CPU
		{3C8D0EE0-9487-4913-A990-63E0CFA860CD}.DebugWithoutSetup|Mixed Platforms.ActiveCfg = Debug|Any CPU
		{3C8D0EE0-9487-4913-A990-63E0CFA860CD}.DebugWithoutSetup|Mixed Platforms.Build.0 = Debug|Any CPU
		{3C8D0EE0-9487-4913-A990-63E0CFA860CD}.DebugWithoutSetup|Win32.ActiveCfg = Debug|Any CPU
		{3C8D0EE0-9487-4913-A990-63E0CFA860CD}.DebugWithoutSetup|x64.ActiveCfg = Debug|Any CPU
		{3C8D0EE0-9487-4913-A990-63E0CFA860CD}.DebugWithoutSetup|x86.ActiveCfg = Debug|Any CPU
		{3C8D0EE0-9487-4913-A990-63E0CFA860CD}.DVD-10|Any CPU.ActiveCfg = Debug|Any CPU
		{3C8D0EE0-9487-4913-A990-63E0CFA860CD}.DVD-10|Any CPU.Build.0 = Debug|Any CPU
		{3C8D0EE0-9487-4913-A990-63E0CFA860CD}.DVD-10|Mixed Platforms.ActiveCfg = Debug|Any CPU
		{3C8D0EE0-9487-4913-A990-63E0CFA860CD}.DVD-10|Mixed Platforms.Build.0 = Debug|Any CPU
		{3C8D0EE0-9487-4913-A990-63E0CFA860CD}.DVD-10|Win32.ActiveCfg = Debug|Any CPU
		{3C8D0EE0-9487-4913-A990-63E0CFA860CD}.DVD-10|x64.ActiveCfg = Debug|Any CPU
		{3C8D0EE0-9487-4913-A990-63E0CFA860CD}.DVD-10|x86.ActiveCfg = Debug|Any CPU
		{3C8D0EE0-9487-4913-A990-63E0CFA860CD}.DVD-18|Any CPU.ActiveCfg = Debug|Any CPU
		{3C8D0EE0-9487-4913-A990-63E0CFA860CD}.DVD-18|Any CPU.Build.0 = Debug|Any CPU
		{3C8D0EE0-9487-4913-A990-63E0CFA860CD}.DVD-18|Mixed Platforms.ActiveCfg = Debug|Any CPU
		{3C8D0EE0-9487-4913-A990-63E0CFA860CD}.DVD-18|Mixed Platforms.Build.0 = Debug|Any CPU
		{3C8D0EE0-9487-4913-A990-63E0CFA860CD}.DVD-18|Win32.ActiveCfg = Debug|Any CPU
		{3C8D0EE0-9487-4913-A990-63E0CFA860CD}.DVD-18|x64.ActiveCfg = Debug|Any CPU
		{3C8D0EE0-9487-4913-A990-63E0CFA860CD}.DVD-18|x86.ActiveCfg = Debug|Any CPU
		{3C8D0EE0-9487-4913-A990-63E0CFA860CD}.DVD-5|Any CPU.ActiveCfg = Debug|Any CPU
		{3C8D0EE0-9487-4913-A990-63E0CFA860CD}.DVD-5|Any CPU.Build.0 = Debug|Any CPU
		{3C8D0EE0-9487-4913-A990-63E0CFA860CD}.DVD-5|Mixed Platforms.ActiveCfg = Debug|Any CPU
		{3C8D0EE0-9487-4913-A990-63E0CFA860CD}.DVD-5|Mixed Platforms.Build.0 = Debug|Any CPU
		{3C8D0EE0-9487-4913-A990-63E0CFA860CD}.DVD-5|Win32.ActiveCfg = Debug|Any CPU
		{3C8D0EE0-9487-4913-A990-63E0CFA860CD}.DVD-5|x64.ActiveCfg = Debug|Any CPU
		{3C8D0EE0-9487-4913-A990-63E0CFA860CD}.DVD-5|x86.ActiveCfg = Debug|Any CPU
		{3C8D0EE0-9487-4913-A990-63E0CFA860CD}.DVD-9|Any CPU.ActiveCfg = Debug|Any CPU
		{3C8D0EE0-9487-4913-A990-63E0CFA860CD}.DVD-9|Any CPU.Build.0 = Debug|Any CPU
		{3C8D0EE0-9487-4913-A990-63E0CFA860CD}.DVD-9|Mixed Platforms.ActiveCfg = Debug|Any CPU
		{3C8D0EE0-9487-4913-A990-63E0CFA860CD}.DVD-9|Mixed Platforms.Build.0 = Debug|Any CPU
		{3C8D0EE0-9487-4913-A990-63E0CFA860CD}.DVD-9|Win32.ActiveCfg = Debug|Any CPU
		{3C8D0EE0-9487-4913-A990-63E0CFA860CD}.DVD-9|x64.ActiveCfg = Debug|Any CPU
		{3C8D0EE0-9487-4913-A990-63E0CFA860CD}.DVD-9|x86.ActiveCfg = Debug|Any CPU
		{3C8D0EE0-9487-4913-A990-63E0CFA860CD}.Release|Any CPU.ActiveCfg = Release|Any CPU
		{3C8D0EE0-9487-4913-A990-63E0CFA860CD}.Release|Any CPU.Build.0 = Release|Any CPU
		{3C8D0EE0-9487-4913-A990-63E0CFA860CD}.Release|Mixed Platforms.ActiveCfg = Release|Any CPU
		{3C8D0EE0-9487-4913-A990-63E0CFA860CD}.Release|Mixed Platforms.Build.0 = Release|Any CPU
		{3C8D0EE0-9487-4913-A990-63E0CFA860CD}.Release|Win32.ActiveCfg = Release|Any CPU
		{3C8D0EE0-9487-4913-A990-63E0CFA860CD}.Release|x64.ActiveCfg = Release|Any CPU
		{3C8D0EE0-9487-4913-A990-63E0CFA860CD}.Release|x86.ActiveCfg = Release|Any CPU
		{3C8D0EE0-9487-4913-A990-63E0CFA860CD}.SingleImage|Any CPU.ActiveCfg = Release|Any CPU
		{3C8D0EE0-9487-4913-A990-63E0CFA860CD}.SingleImage|Any CPU.Build.0 = Release|Any CPU
		{3C8D0EE0-9487-4913-A990-63E0CFA860CD}.SingleImage|Mixed Platforms.ActiveCfg = Release|Any CPU
		{3C8D0EE0-9487-4913-A990-63E0CFA860CD}.SingleImage|Mixed Platforms.Build.0 = Release|Any CPU
		{3C8D0EE0-9487-4913-A990-63E0CFA860CD}.SingleImage|Win32.ActiveCfg = Debug|Any CPU
		{3C8D0EE0-9487-4913-A990-63E0CFA860CD}.SingleImage|x64.ActiveCfg = Release|Any CPU
		{3C8D0EE0-9487-4913-A990-63E0CFA860CD}.SingleImage|x86.ActiveCfg = Release|Any CPU
		{3C8D0EE0-9487-4913-A990-63E0CFA860CD}.WebDeployment|Any CPU.ActiveCfg = Debug|Any CPU
		{3C8D0EE0-9487-4913-A990-63E0CFA860CD}.WebDeployment|Any CPU.Build.0 = Debug|Any CPU
		{3C8D0EE0-9487-4913-A990-63E0CFA860CD}.WebDeployment|Mixed Platforms.ActiveCfg = Debug|Any CPU
		{3C8D0EE0-9487-4913-A990-63E0CFA860CD}.WebDeployment|Mixed Platforms.Build.0 = Debug|Any CPU
		{3C8D0EE0-9487-4913-A990-63E0CFA860CD}.WebDeployment|Win32.ActiveCfg = Debug|Any CPU
		{3C8D0EE0-9487-4913-A990-63E0CFA860CD}.WebDeployment|x64.ActiveCfg = Debug|Any CPU
		{3C8D0EE0-9487-4913-A990-63E0CFA860CD}.WebDeployment|x86.ActiveCfg = Debug|Any CPU
		{3719AEB6-8932-4255-8F96-3F32D5894976}.CD_ROM|Any CPU.ActiveCfg = Release|Win32
		{3719AEB6-8932-4255-8F96-3F32D5894976}.CD_ROM|Mixed Platforms.ActiveCfg = Release|Win32
		{3719AEB6-8932-4255-8F96-3F32D5894976}.CD_ROM|Mixed Platforms.Build.0 = Release|Win32
		{3719AEB6-8932-4255-8F96-3F32D5894976}.CD_ROM|Win32.ActiveCfg = Release|Win32
		{3719AEB6-8932-4255-8F96-3F32D5894976}.CD_ROM|Win32.Build.0 = Release|Win32
		{3719AEB6-8932-4255-8F96-3F32D5894976}.CD_ROM|x64.ActiveCfg = Release|x64
		{3719AEB6-8932-4255-8F96-3F32D5894976}.CD_ROM|x64.Build.0 = Release|x64
		{3719AEB6-8932-4255-8F96-3F32D5894976}.CD_ROM|x86.ActiveCfg = Release|Win32
		{3719AEB6-8932-4255-8F96-3F32D5894976}.CD_ROM|x86.Build.0 = Release|Win32
		{3719AEB6-8932-4255-8F96-3F32D5894976}.Custom|Any CPU.ActiveCfg = Debug|Win32
		{3719AEB6-8932-4255-8F96-3F32D5894976}.Custom|Mixed Platforms.ActiveCfg = Debug|Win32
		{3719AEB6-8932-4255-8F96-3F32D5894976}.Custom|Mixed Platforms.Build.0 = Debug|Win32
		{3719AEB6-8932-4255-8F96-3F32D5894976}.Custom|Win32.ActiveCfg = Debug|Win32
		{3719AEB6-8932-4255-8F96-3F32D5894976}.Custom|Win32.Build.0 = Debug|Win32
		{3719AEB6-8932-4255-8F96-3F32D5894976}.Custom|x64.ActiveCfg = Debug|x64
		{3719AEB6-8932-4255-8F96-3F32D5894976}.Custom|x64.Build.0 = Debug|x64
		{3719AEB6-8932-4255-8F96-3F32D5894976}.Custom|x86.ActiveCfg = Debug|Win32
		{3719AEB6-8932-4255-8F96-3F32D5894976}.Custom|x86.Build.0 = Debug|Win32
		{3719AEB6-8932-4255-8F96-3F32D5894976}.Debug|Any CPU.ActiveCfg = Release|x64
		{3719AEB6-8932-4255-8F96-3F32D5894976}.Debug|Any CPU.Build.0 = Release|x64
		{3719AEB6-8932-4255-8F96-3F32D5894976}.Debug|Mixed Platforms.ActiveCfg = Debug|Win32
		{3719AEB6-8932-4255-8F96-3F32D5894976}.Debug|Mixed Platforms.Build.0 = Debug|Win32
		{3719AEB6-8932-4255-8F96-3F32D5894976}.Debug|Win32.ActiveCfg = Debug|Win32
		{3719AEB6-8932-4255-8F96-3F32D5894976}.Debug|Win32.Build.0 = Debug|Win32
		{3719AEB6-8932-4255-8F96-3F32D5894976}.Debug|x64.ActiveCfg = Debug|x64
		{3719AEB6-8932-4255-8F96-3F32D5894976}.Debug|x64.Build.0 = Debug|x64
		{3719AEB6-8932-4255-8F96-3F32D5894976}.Debug|x86.ActiveCfg = Debug|Win32
		{3719AEB6-8932-4255-8F96-3F32D5894976}.Debug|x86.Build.0 = Debug|Win32
		{3719AEB6-8932-4255-8F96-3F32D5894976}.DebugWithoutPlugins|Any CPU.ActiveCfg = Debug|Win32
		{3719AEB6-8932-4255-8F96-3F32D5894976}.DebugWithoutPlugins|Mixed Platforms.ActiveCfg = Debug|Win32
		{3719AEB6-8932-4255-8F96-3F32D5894976}.DebugWithoutPlugins|Mixed Platforms.Build.0 = Debug|Win32
		{3719AEB6-8932-4255-8F96-3F32D5894976}.DebugWithoutPlugins|Win32.ActiveCfg = Debug|Win32
		{3719AEB6-8932-4255-8F96-3F32D5894976}.DebugWithoutPlugins|Win32.Build.0 = Debug|Win32
		{3719AEB6-8932-4255-8F96-3F32D5894976}.DebugWithoutPlugins|x64.ActiveCfg = Debug|x64
		{3719AEB6-8932-4255-8F96-3F32D5894976}.DebugWithoutPlugins|x64.Build.0 = Debug|x64
		{3719AEB6-8932-4255-8F96-3F32D5894976}.DebugWithoutPlugins|x86.ActiveCfg = Debug|Win32
		{3719AEB6-8932-4255-8F96-3F32D5894976}.DebugWithoutPlugins|x86.Build.0 = Debug|Win32
		{3719AEB6-8932-4255-8F96-3F32D5894976}.DebugWithoutSetup|Any CPU.ActiveCfg = Release|x64
		{3719AEB6-8932-4255-8F96-3F32D5894976}.DebugWithoutSetup|Any CPU.Build.0 = Release|x64
		{3719AEB6-8932-4255-8F96-3F32D5894976}.DebugWithoutSetup|Mixed Platforms.ActiveCfg = Debug|Win32
		{3719AEB6-8932-4255-8F96-3F32D5894976}.DebugWithoutSetup|Mixed Platforms.Build.0 = Debug|Win32
		{3719AEB6-8932-4255-8F96-3F32D5894976}.DebugWithoutSetup|Win32.ActiveCfg = Debug|Win32
		{3719AEB6-8932-4255-8F96-3F32D5894976}.DebugWithoutSetup|Win32.Build.0 = Debug|Win32
		{3719AEB6-8932-4255-8F96-3F32D5894976}.DebugWithoutSetup|x64.ActiveCfg = Debug|x64
		{3719AEB6-8932-4255-8F96-3F32D5894976}.DebugWithoutSetup|x64.Build.0 = Debug|x64
		{3719AEB6-8932-4255-8F96-3F32D5894976}.DebugWithoutSetup|x86.ActiveCfg = Debug|Win32
		{3719AEB6-8932-4255-8F96-3F32D5894976}.DebugWithoutSetup|x86.Build.0 = Debug|Win32
		{3719AEB6-8932-4255-8F96-3F32D5894976}.DVD-10|Any CPU.ActiveCfg = Debug|Win32
		{3719AEB6-8932-4255-8F96-3F32D5894976}.DVD-10|Mixed Platforms.ActiveCfg = Debug|Win32
		{3719AEB6-8932-4255-8F96-3F32D5894976}.DVD-10|Mixed Platforms.Build.0 = Debug|Win32
		{3719AEB6-8932-4255-8F96-3F32D5894976}.DVD-10|Win32.ActiveCfg = Debug|Win32
		{3719AEB6-8932-4255-8F96-3F32D5894976}.DVD-10|Win32.Build.0 = Debug|Win32
		{3719AEB6-8932-4255-8F96-3F32D5894976}.DVD-10|x64.ActiveCfg = Debug|x64
		{3719AEB6-8932-4255-8F96-3F32D5894976}.DVD-10|x64.Build.0 = Debug|x64
		{3719AEB6-8932-4255-8F96-3F32D5894976}.DVD-10|x86.ActiveCfg = Debug|Win32
		{3719AEB6-8932-4255-8F96-3F32D5894976}.DVD-10|x86.Build.0 = Debug|Win32
		{3719AEB6-8932-4255-8F96-3F32D5894976}.DVD-18|Any CPU.ActiveCfg = Debug|Win32
		{3719AEB6-8932-4255-8F96-3F32D5894976}.DVD-18|Mixed Platforms.ActiveCfg = Debug|Win32
		{3719AEB6-8932-4255-8F96-3F32D5894976}.DVD-18|Mixed Platforms.Build.0 = Debug|Win32
		{3719AEB6-8932-4255-8F96-3F32D5894976}.DVD-18|Win32.ActiveCfg = Debug|Win32
		{3719AEB6-8932-4255-8F96-3F32D5894976}.DVD-18|Win32.Build.0 = Debug|Win32
		{3719AEB6-8932-4255-8F96-3F32D5894976}.DVD-18|x64.ActiveCfg = Debug|x64
		{3719AEB6-8932-4255-8F96-3F32D5894976}.DVD-18|x64.Build.0 = Debug|x64
		{3719AEB6-8932-4255-8F96-3F32D5894976}.DVD-18|x86.ActiveCfg = Debug|Win32
		{3719AEB6-8932-4255-8F96-3F32D5894976}.DVD-18|x86.Build.0 = Debug|Win32
		{3719AEB6-8932-4255-8F96-3F32D5894976}.DVD-5|Any CPU.ActiveCfg = Debug|Win32
		{3719AEB6-8932-4255-8F96-3F32D5894976}.DVD-5|Mixed Platforms.ActiveCfg = Debug|Win32
		{3719AEB6-8932-4255-8F96-3F32D5894976}.DVD-5|Mixed Platforms.Build.0 = Debug|Win32
		{3719AEB6-8932-4255-8F96-3F32D5894976}.DVD-5|Win32.ActiveCfg = Debug|Win32
		{3719AEB6-8932-4255-8F96-3F32D5894976}.DVD-5|Win32.Build.0 = Debug|Win32
		{3719AEB6-8932-4255-8F96-3F32D5894976}.DVD-5|x64.ActiveCfg = Debug|x64
		{3719AEB6-8932-4255-8F96-3F32D5894976}.DVD-5|x64.Build.0 = Debug|x64
		{3719AEB6-8932-4255-8F96-3F32D5894976}.DVD-5|x86.ActiveCfg = Debug|Win32
		{3719AEB6-8932-4255-8F96-3F32D5894976}.DVD-5|x86.Build.0 = Debug|Win32
		{3719AEB6-8932-4255-8F96-3F32D5894976}.DVD-9|Any CPU.ActiveCfg = Debug|Win32
		{3719AEB6-8932-4255-8F96-3F32D5894976}.DVD-9|Mixed Platforms.ActiveCfg = Debug|Win32
		{3719AEB6-8932-4255-8F96-3F32D5894976}.DVD-9|Mixed Platforms.Build.0 = Debug|Win32
		{3719AEB6-8932-4255-8F96-3F32D5894976}.DVD-9|Win32.ActiveCfg = Debug|Win32
		{3719AEB6-8932-4255-8F96-3F32D5894976}.DVD-9|Win32.Build.0 = Debug|Win32
		{3719AEB6-8932-4255-8F96-3F32D5894976}.DVD-9|x64.ActiveCfg = Debug|x64
		{3719AEB6-8932-4255-8F96-3F32D5894976}.DVD-9|x64.Build.0 = Debug|x64
		{3719AEB6-8932-4255-8F96-3F32D5894976}.DVD-9|x86.ActiveCfg = Debug|Win32
		{3719AEB6-8932-4255-8F96-3F32D5894976}.DVD-9|x86.Build.0 = Debug|Win32
		{3719AEB6-8932-4255-8F96-3F32D5894976}.Release|Any CPU.ActiveCfg = Release|Win32
		{3719AEB6-8932-4255-8F96-3F32D5894976}.Release|Mixed Platforms.ActiveCfg = Release|Win32
		{3719AEB6-8932-4255-8F96-3F32D5894976}.Release|Mixed Platforms.Build.0 = Release|Win32
		{3719AEB6-8932-4255-8F96-3F32D5894976}.Release|Win32.ActiveCfg = Release|Win32
		{3719AEB6-8932-4255-8F96-3F32D5894976}.Release|Win32.Build.0 = Release|Win32
		{3719AEB6-8932-4255-8F96-3F32D5894976}.Release|x64.ActiveCfg = Release|x64
		{3719AEB6-8932-4255-8F96-3F32D5894976}.Release|x64.Build.0 = Release|x64
		{3719AEB6-8932-4255-8F96-3F32D5894976}.Release|x86.ActiveCfg = Release|Win32
		{3719AEB6-8932-4255-8F96-3F32D5894976}.Release|x86.Build.0 = Release|Win32
		{3719AEB6-8932-4255-8F96-3F32D5894976}.SingleImage|Any CPU.ActiveCfg = Release|Win32
		{3719AEB6-8932-4255-8F96-3F32D5894976}.SingleImage|Mixed Platforms.ActiveCfg = Release|Win32
		{3719AEB6-8932-4255-8F96-3F32D5894976}.SingleImage|Mixed Platforms.Build.0 = Release|Win32
		{3719AEB6-8932-4255-8F96-3F32D5894976}.SingleImage|Win32.ActiveCfg = Release|Win32
		{3719AEB6-8932-4255-8F96-3F32D5894976}.SingleImage|Win32.Build.0 = Release|Win32
		{3719AEB6-8932-4255-8F96-3F32D5894976}.SingleImage|x64.ActiveCfg = Release|x64
		{3719AEB6-8932-4255-8F96-3F32D5894976}.SingleImage|x64.Build.0 = Release|x64
		{3719AEB6-8932-4255-8F96-3F32D5894976}.SingleImage|x86.ActiveCfg = Release|Win32
		{3719AEB6-8932-4255-8F96-3F32D5894976}.SingleImage|x86.Build.0 = Release|Win32
		{3719AEB6-8932-4255-8F96-3F32D5894976}.WebDeployment|Any CPU.ActiveCfg = Debug|Win32
		{3719AEB6-8932-4255-8F96-3F32D5894976}.WebDeployment|Mixed Platforms.ActiveCfg = Debug|Win32
		{3719AEB6-8932-4255-8F96-3F32D5894976}.WebDeployment|Mixed Platforms.Build.0 = Debug|Win32
		{3719AEB6-8932-4255-8F96-3F32D5894976}.WebDeployment|Win32.ActiveCfg = Debug|Win32
		{3719AEB6-8932-4255-8F96-3F32D5894976}.WebDeployment|Win32.Build.0 = Debug|Win32
		{3719AEB6-8932-4255-8F96-3F32D5894976}.WebDeployment|x64.ActiveCfg = Debug|x64
		{3719AEB6-8932-4255-8F96-3F32D5894976}.WebDeployment|x64.Build.0 = Debug|x64
		{3719AEB6-8932-4255-8F96-3F32D5894976}.WebDeployment|x86.ActiveCfg = Debug|Win32
		{3719AEB6-8932-4255-8F96-3F32D5894976}.WebDeployment|x86.Build.0 = Debug|Win32
		{226F3575-B683-446D-A2F0-181291DC8787}.CD_ROM|Any CPU.ActiveCfg = Release|Any CPU
		{226F3575-B683-446D-A2F0-181291DC8787}.CD_ROM|Any CPU.Build.0 = Release|Any CPU
		{226F3575-B683-446D-A2F0-181291DC8787}.CD_ROM|Mixed Platforms.ActiveCfg = Release|Any CPU
		{226F3575-B683-446D-A2F0-181291DC8787}.CD_ROM|Mixed Platforms.Build.0 = Release|Any CPU
		{226F3575-B683-446D-A2F0-181291DC8787}.CD_ROM|Win32.ActiveCfg = Release|Any CPU
		{226F3575-B683-446D-A2F0-181291DC8787}.CD_ROM|x64.ActiveCfg = Release|Any CPU
		{226F3575-B683-446D-A2F0-181291DC8787}.CD_ROM|x86.ActiveCfg = Release|Any CPU
		{226F3575-B683-446D-A2F0-181291DC8787}.Custom|Any CPU.ActiveCfg = Debug|Any CPU
		{226F3575-B683-446D-A2F0-181291DC8787}.Custom|Any CPU.Build.0 = Debug|Any CPU
		{226F3575-B683-446D-A2F0-181291DC8787}.Custom|Mixed Platforms.ActiveCfg = Debug|Any CPU
		{226F3575-B683-446D-A2F0-181291DC8787}.Custom|Mixed Platforms.Build.0 = Debug|Any CPU
		{226F3575-B683-446D-A2F0-181291DC8787}.Custom|Win32.ActiveCfg = Debug|Any CPU
		{226F3575-B683-446D-A2F0-181291DC8787}.Custom|x64.ActiveCfg = Debug|Any CPU
		{226F3575-B683-446D-A2F0-181291DC8787}.Custom|x86.ActiveCfg = Debug|Any CPU
		{226F3575-B683-446D-A2F0-181291DC8787}.Debug|Any CPU.ActiveCfg = Debug|Any CPU
		{226F3575-B683-446D-A2F0-181291DC8787}.Debug|Any CPU.Build.0 = Debug|Any CPU
		{226F3575-B683-446D-A2F0-181291DC8787}.Debug|Mixed Platforms.ActiveCfg = Debug|Any CPU
		{226F3575-B683-446D-A2F0-181291DC8787}.Debug|Mixed Platforms.Build.0 = Debug|Any CPU
		{226F3575-B683-446D-A2F0-181291DC8787}.Debug|Win32.ActiveCfg = Debug|Any CPU
		{226F3575-B683-446D-A2F0-181291DC8787}.Debug|x64.ActiveCfg = Debug|Any CPU
		{226F3575-B683-446D-A2F0-181291DC8787}.Debug|x86.ActiveCfg = Debug|Any CPU
		{226F3575-B683-446D-A2F0-181291DC8787}.DebugWithoutPlugins|Any CPU.ActiveCfg = Debug|Any CPU
		{226F3575-B683-446D-A2F0-181291DC8787}.DebugWithoutPlugins|Any CPU.Build.0 = Debug|Any CPU
		{226F3575-B683-446D-A2F0-181291DC8787}.DebugWithoutPlugins|Mixed Platforms.ActiveCfg = Debug|Any CPU
		{226F3575-B683-446D-A2F0-181291DC8787}.DebugWithoutPlugins|Mixed Platforms.Build.0 = Debug|Any CPU
		{226F3575-B683-446D-A2F0-181291DC8787}.DebugWithoutPlugins|Win32.ActiveCfg = Debug|Any CPU
		{226F3575-B683-446D-A2F0-181291DC8787}.DebugWithoutPlugins|x64.ActiveCfg = Debug|Any CPU
		{226F3575-B683-446D-A2F0-181291DC8787}.DebugWithoutPlugins|x86.ActiveCfg = Debug|Any CPU
		{226F3575-B683-446D-A2F0-181291DC8787}.DebugWithoutSetup|Any CPU.ActiveCfg = Debug|Any CPU
		{226F3575-B683-446D-A2F0-181291DC8787}.DebugWithoutSetup|Any CPU.Build.0 = Debug|Any CPU
		{226F3575-B683-446D-A2F0-181291DC8787}.DebugWithoutSetup|Mixed Platforms.ActiveCfg = Debug|Any CPU
		{226F3575-B683-446D-A2F0-181291DC8787}.DebugWithoutSetup|Mixed Platforms.Build.0 = Debug|Any CPU
		{226F3575-B683-446D-A2F0-181291DC8787}.DebugWithoutSetup|Win32.ActiveCfg = Debug|Any CPU
		{226F3575-B683-446D-A2F0-181291DC8787}.DebugWithoutSetup|x64.ActiveCfg = Debug|Any CPU
		{226F3575-B683-446D-A2F0-181291DC8787}.DebugWithoutSetup|x86.ActiveCfg = Debug|Any CPU
		{226F3575-B683-446D-A2F0-181291DC8787}.DVD-10|Any CPU.ActiveCfg = Debug|Any CPU
		{226F3575-B683-446D-A2F0-181291DC8787}.DVD-10|Any CPU.Build.0 = Debug|Any CPU
		{226F3575-B683-446D-A2F0-181291DC8787}.DVD-10|Mixed Platforms.ActiveCfg = Debug|Any CPU
		{226F3575-B683-446D-A2F0-181291DC8787}.DVD-10|Mixed Platforms.Build.0 = Debug|Any CPU
		{226F3575-B683-446D-A2F0-181291DC8787}.DVD-10|Win32.ActiveCfg = Debug|Any CPU
		{226F3575-B683-446D-A2F0-181291DC8787}.DVD-10|x64.ActiveCfg = Debug|Any CPU
		{226F3575-B683-446D-A2F0-181291DC8787}.DVD-10|x86.ActiveCfg = Debug|Any CPU
		{226F3575-B683-446D-A2F0-181291DC8787}.DVD-18|Any CPU.ActiveCfg = Debug|Any CPU
		{226F3575-B683-446D-A2F0-181291DC8787}.DVD-18|Any CPU.Build.0 = Debug|Any CPU
		{226F3575-B683-446D-A2F0-181291DC8787}.DVD-18|Mixed Platforms.ActiveCfg = Debug|Any CPU
		{226F3575-B683-446D-A2F0-181291DC8787}.DVD-18|Mixed Platforms.Build.0 = Debug|Any CPU
		{226F3575-B683-446D-A2F0-181291DC8787}.DVD-18|Win32.ActiveCfg = Debug|Any CPU
		{226F3575-B683-446D-A2F0-181291DC8787}.DVD-18|x64.ActiveCfg = Debug|Any CPU
		{226F3575-B683-446D-A2F0-181291DC8787}.DVD-18|x86.ActiveCfg = Debug|Any CPU
		{226F3575-B683-446D-A2F0-181291DC8787}.DVD-5|Any CPU.ActiveCfg = Debug|Any CPU
		{226F3575-B683-446D-A2F0-181291DC8787}.DVD-5|Any CPU.Build.0 = Debug|Any CPU
		{226F3575-B683-446D-A2F0-181291DC8787}.DVD-5|Mixed Platforms.ActiveCfg = Debug|Any CPU
		{226F3575-B683-446D-A2F0-181291DC8787}.DVD-5|Mixed Platforms.Build.0 = Debug|Any CPU
		{226F3575-B683-446D-A2F0-181291DC8787}.DVD-5|Win32.ActiveCfg = Debug|Any CPU
		{226F3575-B683-446D-A2F0-181291DC8787}.DVD-5|x64.ActiveCfg = Debug|Any CPU
		{226F3575-B683-446D-A2F0-181291DC8787}.DVD-5|x86.ActiveCfg = Debug|Any CPU
		{226F3575-B683-446D-A2F0-181291DC8787}.DVD-9|Any CPU.ActiveCfg = Debug|Any CPU
		{226F3575-B683-446D-A2F0-181291DC8787}.DVD-9|Any CPU.Build.0 = Debug|Any CPU
		{226F3575-B683-446D-A2F0-181291DC8787}.DVD-9|Mixed Platforms.ActiveCfg = Debug|Any CPU
		{226F3575-B683-446D-A2F0-181291DC8787}.DVD-9|Mixed Platforms.Build.0 = Debug|Any CPU
		{226F3575-B683-446D-A2F0-181291DC8787}.DVD-9|Win32.ActiveCfg = Debug|Any CPU
		{226F3575-B683-446D-A2F0-181291DC8787}.DVD-9|x64.ActiveCfg = Debug|Any CPU
		{226F3575-B683-446D-A2F0-181291DC8787}.DVD-9|x86.ActiveCfg = Debug|Any CPU
		{226F3575-B683-446D-A2F0-181291DC8787}.Release|Any CPU.ActiveCfg = Release|Any CPU
		{226F3575-B683-446D-A2F0-181291DC8787}.Release|Any CPU.Build.0 = Release|Any CPU
		{226F3575-B683-446D-A2F0-181291DC8787}.Release|Mixed Platforms.ActiveCfg = Release|Any CPU
		{226F3575-B683-446D-A2F0-181291DC8787}.Release|Mixed Platforms.Build.0 = Release|Any CPU
		{226F3575-B683-446D-A2F0-181291DC8787}.Release|Win32.ActiveCfg = Release|Any CPU
		{226F3575-B683-446D-A2F0-181291DC8787}.Release|x64.ActiveCfg = Release|Any CPU
		{226F3575-B683-446D-A2F0-181291DC8787}.Release|x86.ActiveCfg = Release|Any CPU
		{226F3575-B683-446D-A2F0-181291DC8787}.SingleImage|Any CPU.ActiveCfg = Release|Any CPU
		{226F3575-B683-446D-A2F0-181291DC8787}.SingleImage|Any CPU.Build.0 = Release|Any CPU
		{226F3575-B683-446D-A2F0-181291DC8787}.SingleImage|Mixed Platforms.ActiveCfg = Release|Any CPU
		{226F3575-B683-446D-A2F0-181291DC8787}.SingleImage|Mixed Platforms.Build.0 = Release|Any CPU
		{226F3575-B683-446D-A2F0-181291DC8787}.SingleImage|Win32.ActiveCfg = Release|Any CPU
		{226F3575-B683-446D-A2F0-181291DC8787}.SingleImage|x64.ActiveCfg = Release|Any CPU
		{226F3575-B683-446D-A2F0-181291DC8787}.SingleImage|x86.ActiveCfg = Release|Any CPU
		{226F3575-B683-446D-A2F0-181291DC8787}.WebDeployment|Any CPU.ActiveCfg = Debug|Any CPU
		{226F3575-B683-446D-A2F0-181291DC8787}.WebDeployment|Any CPU.Build.0 = Debug|Any CPU
		{226F3575-B683-446D-A2F0-181291DC8787}.WebDeployment|Mixed Platforms.ActiveCfg = Debug|Any CPU
		{226F3575-B683-446D-A2F0-181291DC8787}.WebDeployment|Mixed Platforms.Build.0 = Debug|Any CPU
		{226F3575-B683-446D-A2F0-181291DC8787}.WebDeployment|Win32.ActiveCfg = Debug|Any CPU
		{226F3575-B683-446D-A2F0-181291DC8787}.WebDeployment|x64.ActiveCfg = Debug|Any CPU
		{226F3575-B683-446D-A2F0-181291DC8787}.WebDeployment|x86.ActiveCfg = Debug|Any CPU
		{86470440-FEE2-4120-AF5A-3762FB9C536F}.CD_ROM|Any CPU.ActiveCfg = Release|Any CPU
		{86470440-FEE2-4120-AF5A-3762FB9C536F}.CD_ROM|Any CPU.Build.0 = Release|Any CPU
		{86470440-FEE2-4120-AF5A-3762FB9C536F}.CD_ROM|Mixed Platforms.ActiveCfg = Release|Any CPU
		{86470440-FEE2-4120-AF5A-3762FB9C536F}.CD_ROM|Mixed Platforms.Build.0 = Release|Any CPU
		{86470440-FEE2-4120-AF5A-3762FB9C536F}.CD_ROM|Win32.ActiveCfg = Release|Any CPU
		{86470440-FEE2-4120-AF5A-3762FB9C536F}.CD_ROM|x64.ActiveCfg = Release|Any CPU
		{86470440-FEE2-4120-AF5A-3762FB9C536F}.CD_ROM|x86.ActiveCfg = Release|Any CPU
		{86470440-FEE2-4120-AF5A-3762FB9C536F}.Custom|Any CPU.ActiveCfg = Debug|Any CPU
		{86470440-FEE2-4120-AF5A-3762FB9C536F}.Custom|Any CPU.Build.0 = Debug|Any CPU
		{86470440-FEE2-4120-AF5A-3762FB9C536F}.Custom|Mixed Platforms.ActiveCfg = Debug|Any CPU
		{86470440-FEE2-4120-AF5A-3762FB9C536F}.Custom|Mixed Platforms.Build.0 = Debug|Any CPU
		{86470440-FEE2-4120-AF5A-3762FB9C536F}.Custom|Win32.ActiveCfg = Debug|Any CPU
		{86470440-FEE2-4120-AF5A-3762FB9C536F}.Custom|x64.ActiveCfg = Debug|Any CPU
		{86470440-FEE2-4120-AF5A-3762FB9C536F}.Custom|x86.ActiveCfg = Debug|Any CPU
		{86470440-FEE2-4120-AF5A-3762FB9C536F}.Debug|Any CPU.ActiveCfg = Debug|Any CPU
		{86470440-FEE2-4120-AF5A-3762FB9C536F}.Debug|Any CPU.Build.0 = Debug|Any CPU
		{86470440-FEE2-4120-AF5A-3762FB9C536F}.Debug|Mixed Platforms.ActiveCfg = Debug|Any CPU
		{86470440-FEE2-4120-AF5A-3762FB9C536F}.Debug|Mixed Platforms.Build.0 = Debug|Any CPU
		{86470440-FEE2-4120-AF5A-3762FB9C536F}.Debug|Win32.ActiveCfg = Debug|Any CPU
		{86470440-FEE2-4120-AF5A-3762FB9C536F}.Debug|x64.ActiveCfg = Debug|Any CPU
		{86470440-FEE2-4120-AF5A-3762FB9C536F}.Debug|x86.ActiveCfg = Debug|Any CPU
		{86470440-FEE2-4120-AF5A-3762FB9C536F}.DebugWithoutPlugins|Any CPU.ActiveCfg = Debug|Any CPU
		{86470440-FEE2-4120-AF5A-3762FB9C536F}.DebugWithoutPlugins|Any CPU.Build.0 = Debug|Any CPU
		{86470440-FEE2-4120-AF5A-3762FB9C536F}.DebugWithoutPlugins|Mixed Platforms.ActiveCfg = Debug|Any CPU
		{86470440-FEE2-4120-AF5A-3762FB9C536F}.DebugWithoutPlugins|Mixed Platforms.Build.0 = Debug|Any CPU
		{86470440-FEE2-4120-AF5A-3762FB9C536F}.DebugWithoutPlugins|Win32.ActiveCfg = Debug|Any CPU
		{86470440-FEE2-4120-AF5A-3762FB9C536F}.DebugWithoutPlugins|x64.ActiveCfg = Debug|Any CPU
		{86470440-FEE2-4120-AF5A-3762FB9C536F}.DebugWithoutPlugins|x86.ActiveCfg = Debug|Any CPU
		{86470440-FEE2-4120-AF5A-3762FB9C536F}.DebugWithoutSetup|Any CPU.ActiveCfg = Debug|Any CPU
		{86470440-FEE2-4120-AF5A-3762FB9C536F}.DebugWithoutSetup|Any CPU.Build.0 = Debug|Any CPU
		{86470440-FEE2-4120-AF5A-3762FB9C536F}.DebugWithoutSetup|Mixed Platforms.ActiveCfg = Debug|Any CPU
		{86470440-FEE2-4120-AF5A-3762FB9C536F}.DebugWithoutSetup|Mixed Platforms.Build.0 = Debug|Any CPU
		{86470440-FEE2-4120-AF5A-3762FB9C536F}.DebugWithoutSetup|Win32.ActiveCfg = Debug|Any CPU
		{86470440-FEE2-4120-AF5A-3762FB9C536F}.DebugWithoutSetup|x64.ActiveCfg = Debug|Any CPU
		{86470440-FEE2-4120-AF5A-3762FB9C536F}.DebugWithoutSetup|x86.ActiveCfg = Debug|Any CPU
		{86470440-FEE2-4120-AF5A-3762FB9C536F}.DVD-10|Any CPU.ActiveCfg = Debug|Any CPU
		{86470440-FEE2-4120-AF5A-3762FB9C536F}.DVD-10|Any CPU.Build.0 = Debug|Any CPU
		{86470440-FEE2-4120-AF5A-3762FB9C536F}.DVD-10|Mixed Platforms.ActiveCfg = Debug|Any CPU
		{86470440-FEE2-4120-AF5A-3762FB9C536F}.DVD-10|Mixed Platforms.Build.0 = Debug|Any CPU
		{86470440-FEE2-4120-AF5A-3762FB9C536F}.DVD-10|Win32.ActiveCfg = Debug|Any CPU
		{86470440-FEE2-4120-AF5A-3762FB9C536F}.DVD-10|x64.ActiveCfg = Debug|Any CPU
		{86470440-FEE2-4120-AF5A-3762FB9C536F}.DVD-10|x86.ActiveCfg = Debug|Any CPU
		{86470440-FEE2-4120-AF5A-3762FB9C536F}.DVD-18|Any CPU.ActiveCfg = Debug|Any CPU
		{86470440-FEE2-4120-AF5A-3762FB9C536F}.DVD-18|Any CPU.Build.0 = Debug|Any CPU
		{86470440-FEE2-4120-AF5A-3762FB9C536F}.DVD-18|Mixed Platforms.ActiveCfg = Debug|Any CPU
		{86470440-FEE2-4120-AF5A-3762FB9C536F}.DVD-18|Mixed Platforms.Build.0 = Debug|Any CPU
		{86470440-FEE2-4120-AF5A-3762FB9C536F}.DVD-18|Win32.ActiveCfg = Debug|Any CPU
		{86470440-FEE2-4120-AF5A-3762FB9C536F}.DVD-18|x64.ActiveCfg = Debug|Any CPU
		{86470440-FEE2-4120-AF5A-3762FB9C536F}.DVD-18|x86.ActiveCfg = Debug|Any CPU
		{86470440-FEE2-4120-AF5A-3762FB9C536F}.DVD-5|Any CPU.ActiveCfg = Debug|Any CPU
		{86470440-FEE2-4120-AF5A-3762FB9C536F}.DVD-5|Any CPU.Build.0 = Debug|Any CPU
		{86470440-FEE2-4120-AF5A-3762FB9C536F}.DVD-5|Mixed Platforms.ActiveCfg = Debug|Any CPU
		{86470440-FEE2-4120-AF5A-3762FB9C536F}.DVD-5|Mixed Platforms.Build.0 = Debug|Any CPU
		{86470440-FEE2-4120-AF5A-3762FB9C536F}.DVD-5|Win32.ActiveCfg = Debug|Any CPU
		{86470440-FEE2-4120-AF5A-3762FB9C536F}.DVD-5|x64.ActiveCfg = Debug|Any CPU
		{86470440-FEE2-4120-AF5A-3762FB9C536F}.DVD-5|x86.ActiveCfg = Debug|Any CPU
		{86470440-FEE2-4120-AF5A-3762FB9C536F}.DVD-9|Any CPU.ActiveCfg = Debug|Any CPU
		{86470440-FEE2-4120-AF5A-3762FB9C536F}.DVD-9|Any CPU.Build.0 = Debug|Any CPU
		{86470440-FEE2-4120-AF5A-3762FB9C536F}.DVD-9|Mixed Platforms.ActiveCfg = Debug|Any CPU
		{86470440-FEE2-4120-AF5A-3762FB9C536F}.DVD-9|Mixed Platforms.Build.0 = Debug|Any CPU
		{86470440-FEE2-4120-AF5A-3762FB9C536F}.DVD-9|Win32.ActiveCfg = Debug|Any CPU
		{86470440-FEE2-4120-AF5A-3762FB9C536F}.DVD-9|x64.ActiveCfg = Debug|Any CPU
		{86470440-FEE2-4120-AF5A-3762FB9C536F}.DVD-9|x86.ActiveCfg = Debug|Any CPU
		{86470440-FEE2-4120-AF5A-3762FB9C536F}.Release|Any CPU.ActiveCfg = Release|Any CPU
		{86470440-FEE2-4120-AF5A-3762FB9C536F}.Release|Any CPU.Build.0 = Release|Any CPU
		{86470440-FEE2-4120-AF5A-3762FB9C536F}.Release|Mixed Platforms.ActiveCfg = Release|Any CPU
		{86470440-FEE2-4120-AF5A-3762FB9C536F}.Release|Mixed Platforms.Build.0 = Release|Any CPU
		{86470440-FEE2-4120-AF5A-3762FB9C536F}.Release|Win32.ActiveCfg = Release|Any CPU
		{86470440-FEE2-4120-AF5A-3762FB9C536F}.Release|x64.ActiveCfg = Release|Any CPU
		{86470440-FEE2-4120-AF5A-3762FB9C536F}.Release|x86.ActiveCfg = Release|Any CPU
		{86470440-FEE2-4120-AF5A-3762FB9C536F}.SingleImage|Any CPU.ActiveCfg = Release|Any CPU
		{86470440-FEE2-4120-AF5A-3762FB9C536F}.SingleImage|Any CPU.Build.0 = Release|Any CPU
		{86470440-FEE2-4120-AF5A-3762FB9C536F}.SingleImage|Mixed Platforms.ActiveCfg = Release|Any CPU
		{86470440-FEE2-4120-AF5A-3762FB9C536F}.SingleImage|Mixed Platforms.Build.0 = Release|Any CPU
		{86470440-FEE2-4120-AF5A-3762FB9C536F}.SingleImage|Win32.ActiveCfg = Release|Any CPU
		{86470440-FEE2-4120-AF5A-3762FB9C536F}.SingleImage|x64.ActiveCfg = Release|Any CPU
		{86470440-FEE2-4120-AF5A-3762FB9C536F}.SingleImage|x86.ActiveCfg = Release|Any CPU
		{86470440-FEE2-4120-AF5A-3762FB9C536F}.WebDeployment|Any CPU.ActiveCfg = Debug|Any CPU
		{86470440-FEE2-4120-AF5A-3762FB9C536F}.WebDeployment|Any CPU.Build.0 = Debug|Any CPU
		{86470440-FEE2-4120-AF5A-3762FB9C536F}.WebDeployment|Mixed Platforms.ActiveCfg = Debug|Any CPU
		{86470440-FEE2-4120-AF5A-3762FB9C536F}.WebDeployment|Mixed Platforms.Build.0 = Debug|Any CPU
		{86470440-FEE2-4120-AF5A-3762FB9C536F}.WebDeployment|Win32.ActiveCfg = Debug|Any CPU
		{86470440-FEE2-4120-AF5A-3762FB9C536F}.WebDeployment|x64.ActiveCfg = Debug|Any CPU
		{86470440-FEE2-4120-AF5A-3762FB9C536F}.WebDeployment|x86.ActiveCfg = Debug|Any CPU
		{8F3727CE-D0A7-4F58-A9BF-F0D2A130F912}.CD_ROM|Any CPU.ActiveCfg = DebugWithoutSetup|Any CPU
		{8F3727CE-D0A7-4F58-A9BF-F0D2A130F912}.CD_ROM|Any CPU.Build.0 = DebugWithoutSetup|Any CPU
		{8F3727CE-D0A7-4F58-A9BF-F0D2A130F912}.CD_ROM|Mixed Platforms.ActiveCfg = DebugWithoutSetup|Any CPU
		{8F3727CE-D0A7-4F58-A9BF-F0D2A130F912}.CD_ROM|Mixed Platforms.Build.0 = DebugWithoutSetup|Any CPU
		{8F3727CE-D0A7-4F58-A9BF-F0D2A130F912}.CD_ROM|Win32.ActiveCfg = DebugWithoutSetup|Any CPU
		{8F3727CE-D0A7-4F58-A9BF-F0D2A130F912}.CD_ROM|x64.ActiveCfg = DebugWithoutSetup|Any CPU
		{8F3727CE-D0A7-4F58-A9BF-F0D2A130F912}.CD_ROM|x86.ActiveCfg = DebugWithoutSetup|Any CPU
		{8F3727CE-D0A7-4F58-A9BF-F0D2A130F912}.Custom|Any CPU.ActiveCfg = Release|Any CPU
		{8F3727CE-D0A7-4F58-A9BF-F0D2A130F912}.Custom|Any CPU.Build.0 = Release|Any CPU
		{8F3727CE-D0A7-4F58-A9BF-F0D2A130F912}.Custom|Mixed Platforms.ActiveCfg = Release|Any CPU
		{8F3727CE-D0A7-4F58-A9BF-F0D2A130F912}.Custom|Mixed Platforms.Build.0 = Release|Any CPU
		{8F3727CE-D0A7-4F58-A9BF-F0D2A130F912}.Custom|Win32.ActiveCfg = Release|Any CPU
		{8F3727CE-D0A7-4F58-A9BF-F0D2A130F912}.Custom|x64.ActiveCfg = Release|Any CPU
		{8F3727CE-D0A7-4F58-A9BF-F0D2A130F912}.Custom|x86.ActiveCfg = Release|Any CPU
		{8F3727CE-D0A7-4F58-A9BF-F0D2A130F912}.Debug|Any CPU.ActiveCfg = Debug|Any CPU
		{8F3727CE-D0A7-4F58-A9BF-F0D2A130F912}.Debug|Any CPU.Build.0 = Debug|Any CPU
		{8F3727CE-D0A7-4F58-A9BF-F0D2A130F912}.Debug|Mixed Platforms.ActiveCfg = Debug|Any CPU
		{8F3727CE-D0A7-4F58-A9BF-F0D2A130F912}.Debug|Mixed Platforms.Build.0 = Debug|Any CPU
		{8F3727CE-D0A7-4F58-A9BF-F0D2A130F912}.Debug|Win32.ActiveCfg = Debug|Any CPU
		{8F3727CE-D0A7-4F58-A9BF-F0D2A130F912}.Debug|x64.ActiveCfg = Debug|Any CPU
		{8F3727CE-D0A7-4F58-A9BF-F0D2A130F912}.Debug|x86.ActiveCfg = Debug|Any CPU
		{8F3727CE-D0A7-4F58-A9BF-F0D2A130F912}.DebugWithoutPlugins|Any CPU.ActiveCfg = DebugWithoutSetup|Any CPU
		{8F3727CE-D0A7-4F58-A9BF-F0D2A130F912}.DebugWithoutPlugins|Any CPU.Build.0 = DebugWithoutSetup|Any CPU
		{8F3727CE-D0A7-4F58-A9BF-F0D2A130F912}.DebugWithoutPlugins|Mixed Platforms.ActiveCfg = DebugWithoutSetup|Any CPU
		{8F3727CE-D0A7-4F58-A9BF-F0D2A130F912}.DebugWithoutPlugins|Mixed Platforms.Build.0 = DebugWithoutSetup|Any CPU
		{8F3727CE-D0A7-4F58-A9BF-F0D2A130F912}.DebugWithoutPlugins|Win32.ActiveCfg = DebugWithoutSetup|Any CPU
		{8F3727CE-D0A7-4F58-A9BF-F0D2A130F912}.DebugWithoutPlugins|x64.ActiveCfg = DebugWithoutSetup|Any CPU
		{8F3727CE-D0A7-4F58-A9BF-F0D2A130F912}.DebugWithoutPlugins|x86.ActiveCfg = DebugWithoutSetup|Any CPU
		{8F3727CE-D0A7-4F58-A9BF-F0D2A130F912}.DebugWithoutSetup|Any CPU.ActiveCfg = Debug|Any CPU
		{8F3727CE-D0A7-4F58-A9BF-F0D2A130F912}.DebugWithoutSetup|Any CPU.Build.0 = Debug|Any CPU
		{8F3727CE-D0A7-4F58-A9BF-F0D2A130F912}.DebugWithoutSetup|Mixed Platforms.ActiveCfg = DebugWithoutSetup|Any CPU
		{8F3727CE-D0A7-4F58-A9BF-F0D2A130F912}.DebugWithoutSetup|Mixed Platforms.Build.0 = DebugWithoutSetup|Any CPU
		{8F3727CE-D0A7-4F58-A9BF-F0D2A130F912}.DebugWithoutSetup|Win32.ActiveCfg = DebugWithoutSetup|Any CPU
		{8F3727CE-D0A7-4F58-A9BF-F0D2A130F912}.DebugWithoutSetup|x64.ActiveCfg = DebugWithoutSetup|Any CPU
		{8F3727CE-D0A7-4F58-A9BF-F0D2A130F912}.DebugWithoutSetup|x86.ActiveCfg = DebugWithoutSetup|Any CPU
		{8F3727CE-D0A7-4F58-A9BF-F0D2A130F912}.DVD-10|Any CPU.ActiveCfg = Debug|Any CPU
		{8F3727CE-D0A7-4F58-A9BF-F0D2A130F912}.DVD-10|Any CPU.Build.0 = Debug|Any CPU
		{8F3727CE-D0A7-4F58-A9BF-F0D2A130F912}.DVD-10|Mixed Platforms.ActiveCfg = Debug|Any CPU
		{8F3727CE-D0A7-4F58-A9BF-F0D2A130F912}.DVD-10|Mixed Platforms.Build.0 = Debug|Any CPU
		{8F3727CE-D0A7-4F58-A9BF-F0D2A130F912}.DVD-10|Win32.ActiveCfg = Debug|Any CPU
		{8F3727CE-D0A7-4F58-A9BF-F0D2A130F912}.DVD-10|x64.ActiveCfg = Debug|Any CPU
		{8F3727CE-D0A7-4F58-A9BF-F0D2A130F912}.DVD-10|x86.ActiveCfg = Debug|Any CPU
		{8F3727CE-D0A7-4F58-A9BF-F0D2A130F912}.DVD-18|Any CPU.ActiveCfg = Debug|Any CPU
		{8F3727CE-D0A7-4F58-A9BF-F0D2A130F912}.DVD-18|Any CPU.Build.0 = Debug|Any CPU
		{8F3727CE-D0A7-4F58-A9BF-F0D2A130F912}.DVD-18|Mixed Platforms.ActiveCfg = Debug|Any CPU
		{8F3727CE-D0A7-4F58-A9BF-F0D2A130F912}.DVD-18|Mixed Platforms.Build.0 = Debug|Any CPU
		{8F3727CE-D0A7-4F58-A9BF-F0D2A130F912}.DVD-18|Win32.ActiveCfg = Debug|Any CPU
		{8F3727CE-D0A7-4F58-A9BF-F0D2A130F912}.DVD-18|x64.ActiveCfg = Debug|Any CPU
		{8F3727CE-D0A7-4F58-A9BF-F0D2A130F912}.DVD-18|x86.ActiveCfg = Debug|Any CPU
		{8F3727CE-D0A7-4F58-A9BF-F0D2A130F912}.DVD-5|Any CPU.ActiveCfg = DebugWithoutSetup|Any CPU
		{8F3727CE-D0A7-4F58-A9BF-F0D2A130F912}.DVD-5|Any CPU.Build.0 = DebugWithoutSetup|Any CPU
		{8F3727CE-D0A7-4F58-A9BF-F0D2A130F912}.DVD-5|Mixed Platforms.ActiveCfg = DebugWithoutSetup|Any CPU
		{8F3727CE-D0A7-4F58-A9BF-F0D2A130F912}.DVD-5|Mixed Platforms.Build.0 = DebugWithoutSetup|Any CPU
		{8F3727CE-D0A7-4F58-A9BF-F0D2A130F912}.DVD-5|Win32.ActiveCfg = DebugWithoutSetup|Any CPU
		{8F3727CE-D0A7-4F58-A9BF-F0D2A130F912}.DVD-5|x64.ActiveCfg = DebugWithoutSetup|Any CPU
		{8F3727CE-D0A7-4F58-A9BF-F0D2A130F912}.DVD-5|x86.ActiveCfg = DebugWithoutSetup|Any CPU
		{8F3727CE-D0A7-4F58-A9BF-F0D2A130F912}.DVD-9|Any CPU.ActiveCfg = Debug|Any CPU
		{8F3727CE-D0A7-4F58-A9BF-F0D2A130F912}.DVD-9|Any CPU.Build.0 = Debug|Any CPU
		{8F3727CE-D0A7-4F58-A9BF-F0D2A130F912}.DVD-9|Mixed Platforms.ActiveCfg = Debug|Any CPU
		{8F3727CE-D0A7-4F58-A9BF-F0D2A130F912}.DVD-9|Mixed Platforms.Build.0 = Debug|Any CPU
		{8F3727CE-D0A7-4F58-A9BF-F0D2A130F912}.DVD-9|Win32.ActiveCfg = Debug|Any CPU
		{8F3727CE-D0A7-4F58-A9BF-F0D2A130F912}.DVD-9|x64.ActiveCfg = Debug|Any CPU
		{8F3727CE-D0A7-4F58-A9BF-F0D2A130F912}.DVD-9|x86.ActiveCfg = Debug|Any CPU
		{8F3727CE-D0A7-4F58-A9BF-F0D2A130F912}.Release|Any CPU.ActiveCfg = Release|Any CPU
		{8F3727CE-D0A7-4F58-A9BF-F0D2A130F912}.Release|Any CPU.Build.0 = Release|Any CPU
		{8F3727CE-D0A7-4F58-A9BF-F0D2A130F912}.Release|Mixed Platforms.ActiveCfg = Release|Any CPU
		{8F3727CE-D0A7-4F58-A9BF-F0D2A130F912}.Release|Mixed Platforms.Build.0 = Release|Any CPU
		{8F3727CE-D0A7-4F58-A9BF-F0D2A130F912}.Release|Win32.ActiveCfg = Release|Any CPU
		{8F3727CE-D0A7-4F58-A9BF-F0D2A130F912}.Release|x64.ActiveCfg = Release|Any CPU
		{8F3727CE-D0A7-4F58-A9BF-F0D2A130F912}.Release|x86.ActiveCfg = Release|Any CPU
		{8F3727CE-D0A7-4F58-A9BF-F0D2A130F912}.SingleImage|Any CPU.ActiveCfg = DebugWithoutSetup|Any CPU
		{8F3727CE-D0A7-4F58-A9BF-F0D2A130F912}.SingleImage|Any CPU.Build.0 = DebugWithoutSetup|Any CPU
		{8F3727CE-D0A7-4F58-A9BF-F0D2A130F912}.SingleImage|Mixed Platforms.ActiveCfg = DebugWithoutSetup|Any CPU
		{8F3727CE-D0A7-4F58-A9BF-F0D2A130F912}.SingleImage|Mixed Platforms.Build.0 = DebugWithoutSetup|Any CPU
		{8F3727CE-D0A7-4F58-A9BF-F0D2A130F912}.SingleImage|Win32.ActiveCfg = DebugWithoutSetup|Any CPU
		{8F3727CE-D0A7-4F58-A9BF-F0D2A130F912}.SingleImage|x64.ActiveCfg = DebugWithoutSetup|Any CPU
		{8F3727CE-D0A7-4F58-A9BF-F0D2A130F912}.SingleImage|x86.ActiveCfg = DebugWithoutSetup|Any CPU
		{8F3727CE-D0A7-4F58-A9BF-F0D2A130F912}.WebDeployment|Any CPU.ActiveCfg = Release|Any CPU
		{8F3727CE-D0A7-4F58-A9BF-F0D2A130F912}.WebDeployment|Any CPU.Build.0 = Release|Any CPU
		{8F3727CE-D0A7-4F58-A9BF-F0D2A130F912}.WebDeployment|Mixed Platforms.ActiveCfg = Release|Any CPU
		{8F3727CE-D0A7-4F58-A9BF-F0D2A130F912}.WebDeployment|Mixed Platforms.Build.0 = Release|Any CPU
		{8F3727CE-D0A7-4F58-A9BF-F0D2A130F912}.WebDeployment|Win32.ActiveCfg = Release|Any CPU
		{8F3727CE-D0A7-4F58-A9BF-F0D2A130F912}.WebDeployment|x64.ActiveCfg = Release|Any CPU
		{8F3727CE-D0A7-4F58-A9BF-F0D2A130F912}.WebDeployment|x86.ActiveCfg = Release|Any CPU
		{9500133C-DB05-44DA-90B3-DD40D504D1A5}.CD_ROM|Any CPU.ActiveCfg = Release|Any CPU
		{9500133C-DB05-44DA-90B3-DD40D504D1A5}.CD_ROM|Any CPU.Build.0 = Release|Any CPU
		{9500133C-DB05-44DA-90B3-DD40D504D1A5}.CD_ROM|Mixed Platforms.ActiveCfg = Release|Any CPU
		{9500133C-DB05-44DA-90B3-DD40D504D1A5}.CD_ROM|Mixed Platforms.Build.0 = Release|Any CPU
		{9500133C-DB05-44DA-90B3-DD40D504D1A5}.CD_ROM|Win32.ActiveCfg = Release|Any CPU
		{9500133C-DB05-44DA-90B3-DD40D504D1A5}.CD_ROM|x64.ActiveCfg = Release|Any CPU
		{9500133C-DB05-44DA-90B3-DD40D504D1A5}.CD_ROM|x86.ActiveCfg = Release|Any CPU
		{9500133C-DB05-44DA-90B3-DD40D504D1A5}.Custom|Any CPU.ActiveCfg = Debug|Any CPU
		{9500133C-DB05-44DA-90B3-DD40D504D1A5}.Custom|Any CPU.Build.0 = Debug|Any CPU
		{9500133C-DB05-44DA-90B3-DD40D504D1A5}.Custom|Mixed Platforms.ActiveCfg = Debug|Any CPU
		{9500133C-DB05-44DA-90B3-DD40D504D1A5}.Custom|Mixed Platforms.Build.0 = Debug|Any CPU
		{9500133C-DB05-44DA-90B3-DD40D504D1A5}.Custom|Win32.ActiveCfg = Debug|Any CPU
		{9500133C-DB05-44DA-90B3-DD40D504D1A5}.Custom|x64.ActiveCfg = Debug|Any CPU
		{9500133C-DB05-44DA-90B3-DD40D504D1A5}.Custom|x86.ActiveCfg = Debug|Any CPU
		{9500133C-DB05-44DA-90B3-DD40D504D1A5}.Debug|Any CPU.ActiveCfg = Debug|Any CPU
		{9500133C-DB05-44DA-90B3-DD40D504D1A5}.Debug|Any CPU.Build.0 = Debug|Any CPU
		{9500133C-DB05-44DA-90B3-DD40D504D1A5}.Debug|Mixed Platforms.ActiveCfg = Debug|Any CPU
		{9500133C-DB05-44DA-90B3-DD40D504D1A5}.Debug|Mixed Platforms.Build.0 = Debug|Any CPU
		{9500133C-DB05-44DA-90B3-DD40D504D1A5}.Debug|Win32.ActiveCfg = Debug|Any CPU
		{9500133C-DB05-44DA-90B3-DD40D504D1A5}.Debug|x64.ActiveCfg = Debug|Any CPU
		{9500133C-DB05-44DA-90B3-DD40D504D1A5}.Debug|x86.ActiveCfg = Debug|Any CPU
		{9500133C-DB05-44DA-90B3-DD40D504D1A5}.DebugWithoutPlugins|Any CPU.ActiveCfg = Debug|Any CPU
		{9500133C-DB05-44DA-90B3-DD40D504D1A5}.DebugWithoutPlugins|Any CPU.Build.0 = Debug|Any CPU
		{9500133C-DB05-44DA-90B3-DD40D504D1A5}.DebugWithoutPlugins|Mixed Platforms.ActiveCfg = Debug|Any CPU
		{9500133C-DB05-44DA-90B3-DD40D504D1A5}.DebugWithoutPlugins|Mixed Platforms.Build.0 = Debug|Any CPU
		{9500133C-DB05-44DA-90B3-DD40D504D1A5}.DebugWithoutPlugins|Win32.ActiveCfg = Debug|Any CPU
		{9500133C-DB05-44DA-90B3-DD40D504D1A5}.DebugWithoutPlugins|x64.ActiveCfg = Debug|Any CPU
		{9500133C-DB05-44DA-90B3-DD40D504D1A5}.DebugWithoutPlugins|x86.ActiveCfg = Debug|Any CPU
		{9500133C-DB05-44DA-90B3-DD40D504D1A5}.DebugWithoutSetup|Any CPU.ActiveCfg = Debug|Any CPU
		{9500133C-DB05-44DA-90B3-DD40D504D1A5}.DebugWithoutSetup|Any CPU.Build.0 = Debug|Any CPU
		{9500133C-DB05-44DA-90B3-DD40D504D1A5}.DebugWithoutSetup|Mixed Platforms.ActiveCfg = Debug|Any CPU
		{9500133C-DB05-44DA-90B3-DD40D504D1A5}.DebugWithoutSetup|Mixed Platforms.Build.0 = Debug|Any CPU
		{9500133C-DB05-44DA-90B3-DD40D504D1A5}.DebugWithoutSetup|Win32.ActiveCfg = Debug|Any CPU
		{9500133C-DB05-44DA-90B3-DD40D504D1A5}.DebugWithoutSetup|x64.ActiveCfg = Debug|Any CPU
		{9500133C-DB05-44DA-90B3-DD40D504D1A5}.DebugWithoutSetup|x86.ActiveCfg = Debug|Any CPU
		{9500133C-DB05-44DA-90B3-DD40D504D1A5}.DVD-10|Any CPU.ActiveCfg = Debug|Any CPU
		{9500133C-DB05-44DA-90B3-DD40D504D1A5}.DVD-10|Any CPU.Build.0 = Debug|Any CPU
		{9500133C-DB05-44DA-90B3-DD40D504D1A5}.DVD-10|Mixed Platforms.ActiveCfg = Debug|Any CPU
		{9500133C-DB05-44DA-90B3-DD40D504D1A5}.DVD-10|Mixed Platforms.Build.0 = Debug|Any CPU
		{9500133C-DB05-44DA-90B3-DD40D504D1A5}.DVD-10|Win32.ActiveCfg = Debug|Any CPU
		{9500133C-DB05-44DA-90B3-DD40D504D1A5}.DVD-10|x64.ActiveCfg = Debug|Any CPU
		{9500133C-DB05-44DA-90B3-DD40D504D1A5}.DVD-10|x86.ActiveCfg = Debug|Any CPU
		{9500133C-DB05-44DA-90B3-DD40D504D1A5}.DVD-18|Any CPU.ActiveCfg = Debug|Any CPU
		{9500133C-DB05-44DA-90B3-DD40D504D1A5}.DVD-18|Any CPU.Build.0 = Debug|Any CPU
		{9500133C-DB05-44DA-90B3-DD40D504D1A5}.DVD-18|Mixed Platforms.ActiveCfg = Debug|Any CPU
		{9500133C-DB05-44DA-90B3-DD40D504D1A5}.DVD-18|Mixed Platforms.Build.0 = Debug|Any CPU
		{9500133C-DB05-44DA-90B3-DD40D504D1A5}.DVD-18|Win32.ActiveCfg = Debug|Any CPU
		{9500133C-DB05-44DA-90B3-DD40D504D1A5}.DVD-18|x64.ActiveCfg = Debug|Any CPU
		{9500133C-DB05-44DA-90B3-DD40D504D1A5}.DVD-18|x86.ActiveCfg = Debug|Any CPU
		{9500133C-DB05-44DA-90B3-DD40D504D1A5}.DVD-5|Any CPU.ActiveCfg = Debug|Any CPU
		{9500133C-DB05-44DA-90B3-DD40D504D1A5}.DVD-5|Any CPU.Build.0 = Debug|Any CPU
		{9500133C-DB05-44DA-90B3-DD40D504D1A5}.DVD-5|Mixed Platforms.ActiveCfg = Debug|Any CPU
		{9500133C-DB05-44DA-90B3-DD40D504D1A5}.DVD-5|Mixed Platforms.Build.0 = Debug|Any CPU
		{9500133C-DB05-44DA-90B3-DD40D504D1A5}.DVD-5|Win32.ActiveCfg = Debug|Any CPU
		{9500133C-DB05-44DA-90B3-DD40D504D1A5}.DVD-5|x64.ActiveCfg = Debug|Any CPU
		{9500133C-DB05-44DA-90B3-DD40D504D1A5}.DVD-5|x86.ActiveCfg = Debug|Any CPU
		{9500133C-DB05-44DA-90B3-DD40D504D1A5}.DVD-9|Any CPU.ActiveCfg = Debug|Any CPU
		{9500133C-DB05-44DA-90B3-DD40D504D1A5}.DVD-9|Any CPU.Build.0 = Debug|Any CPU
		{9500133C-DB05-44DA-90B3-DD40D504D1A5}.DVD-9|Mixed Platforms.ActiveCfg = Debug|Any CPU
		{9500133C-DB05-44DA-90B3-DD40D504D1A5}.DVD-9|Mixed Platforms.Build.0 = Debug|Any CPU
		{9500133C-DB05-44DA-90B3-DD40D504D1A5}.DVD-9|Win32.ActiveCfg = Debug|Any CPU
		{9500133C-DB05-44DA-90B3-DD40D504D1A5}.DVD-9|x64.ActiveCfg = Debug|Any CPU
		{9500133C-DB05-44DA-90B3-DD40D504D1A5}.DVD-9|x86.ActiveCfg = Debug|Any CPU
		{9500133C-DB05-44DA-90B3-DD40D504D1A5}.Release|Any CPU.ActiveCfg = Release|Any CPU
		{9500133C-DB05-44DA-90B3-DD40D504D1A5}.Release|Any CPU.Build.0 = Release|Any CPU
		{9500133C-DB05-44DA-90B3-DD40D504D1A5}.Release|Mixed Platforms.ActiveCfg = Release|Any CPU
		{9500133C-DB05-44DA-90B3-DD40D504D1A5}.Release|Mixed Platforms.Build.0 = Release|Any CPU
		{9500133C-DB05-44DA-90B3-DD40D504D1A5}.Release|Win32.ActiveCfg = Release|Any CPU
		{9500133C-DB05-44DA-90B3-DD40D504D1A5}.Release|x64.ActiveCfg = Release|Any CPU
		{9500133C-DB05-44DA-90B3-DD40D504D1A5}.Release|x86.ActiveCfg = Release|Any CPU
		{9500133C-DB05-44DA-90B3-DD40D504D1A5}.SingleImage|Any CPU.ActiveCfg = Release|Any CPU
		{9500133C-DB05-44DA-90B3-DD40D504D1A5}.SingleImage|Any CPU.Build.0 = Release|Any CPU
		{9500133C-DB05-44DA-90B3-DD40D504D1A5}.SingleImage|Mixed Platforms.ActiveCfg = Release|Any CPU
		{9500133C-DB05-44DA-90B3-DD40D504D1A5}.SingleImage|Mixed Platforms.Build.0 = Release|Any CPU
		{9500133C-DB05-44DA-90B3-DD40D504D1A5}.SingleImage|Win32.ActiveCfg = Release|Any CPU
		{9500133C-DB05-44DA-90B3-DD40D504D1A5}.SingleImage|x64.ActiveCfg = Release|Any CPU
		{9500133C-DB05-44DA-90B3-DD40D504D1A5}.SingleImage|x86.ActiveCfg = Release|Any CPU
		{9500133C-DB05-44DA-90B3-DD40D504D1A5}.WebDeployment|Any CPU.ActiveCfg = Debug|Any CPU
		{9500133C-DB05-44DA-90B3-DD40D504D1A5}.WebDeployment|Any CPU.Build.0 = Debug|Any CPU
		{9500133C-DB05-44DA-90B3-DD40D504D1A5}.WebDeployment|Mixed Platforms.ActiveCfg = Debug|Any CPU
		{9500133C-DB05-44DA-90B3-DD40D504D1A5}.WebDeployment|Mixed Platforms.Build.0 = Debug|Any CPU
		{9500133C-DB05-44DA-90B3-DD40D504D1A5}.WebDeployment|Win32.ActiveCfg = Debug|Any CPU
		{9500133C-DB05-44DA-90B3-DD40D504D1A5}.WebDeployment|x64.ActiveCfg = Debug|Any CPU
		{9500133C-DB05-44DA-90B3-DD40D504D1A5}.WebDeployment|x86.ActiveCfg = Debug|Any CPU
		{F31EAEB1-445F-4AA6-AF90-629196BA4BE8}.CD_ROM|Any CPU.ActiveCfg = CD_ROM
		{F31EAEB1-445F-4AA6-AF90-629196BA4BE8}.CD_ROM|Any CPU.Build.0 = CD_ROM
		{F31EAEB1-445F-4AA6-AF90-629196BA4BE8}.CD_ROM|Mixed Platforms.ActiveCfg = CD_ROM
		{F31EAEB1-445F-4AA6-AF90-629196BA4BE8}.CD_ROM|Mixed Platforms.Build.0 = CD_ROM
		{F31EAEB1-445F-4AA6-AF90-629196BA4BE8}.CD_ROM|Win32.ActiveCfg = CD_ROM
		{F31EAEB1-445F-4AA6-AF90-629196BA4BE8}.CD_ROM|Win32.Build.0 = CD_ROM
		{F31EAEB1-445F-4AA6-AF90-629196BA4BE8}.CD_ROM|x64.ActiveCfg = CD_ROM
		{F31EAEB1-445F-4AA6-AF90-629196BA4BE8}.CD_ROM|x64.Build.0 = CD_ROM
		{F31EAEB1-445F-4AA6-AF90-629196BA4BE8}.CD_ROM|x86.ActiveCfg = CD_ROM
		{F31EAEB1-445F-4AA6-AF90-629196BA4BE8}.CD_ROM|x86.Build.0 = CD_ROM
		{F31EAEB1-445F-4AA6-AF90-629196BA4BE8}.Custom|Any CPU.ActiveCfg = Custom
		{F31EAEB1-445F-4AA6-AF90-629196BA4BE8}.Custom|Any CPU.Build.0 = Custom
		{F31EAEB1-445F-4AA6-AF90-629196BA4BE8}.Custom|Mixed Platforms.ActiveCfg = Custom
		{F31EAEB1-445F-4AA6-AF90-629196BA4BE8}.Custom|Mixed Platforms.Build.0 = Custom
		{F31EAEB1-445F-4AA6-AF90-629196BA4BE8}.Custom|Win32.ActiveCfg = Custom
		{F31EAEB1-445F-4AA6-AF90-629196BA4BE8}.Custom|Win32.Build.0 = Custom
		{F31EAEB1-445F-4AA6-AF90-629196BA4BE8}.Custom|x64.ActiveCfg = Custom
		{F31EAEB1-445F-4AA6-AF90-629196BA4BE8}.Custom|x64.Build.0 = Custom
		{F31EAEB1-445F-4AA6-AF90-629196BA4BE8}.Custom|x86.ActiveCfg = Custom
		{F31EAEB1-445F-4AA6-AF90-629196BA4BE8}.Custom|x86.Build.0 = Custom
		{F31EAEB1-445F-4AA6-AF90-629196BA4BE8}.Debug|Any CPU.ActiveCfg = DVD-9
		{F31EAEB1-445F-4AA6-AF90-629196BA4BE8}.Debug|Any CPU.Build.0 = DVD-9
		{F31EAEB1-445F-4AA6-AF90-629196BA4BE8}.Debug|Mixed Platforms.ActiveCfg = DVD-9
		{F31EAEB1-445F-4AA6-AF90-629196BA4BE8}.Debug|Mixed Platforms.Build.0 = DVD-9
		{F31EAEB1-445F-4AA6-AF90-629196BA4BE8}.Debug|Win32.ActiveCfg = DVD-9
		{F31EAEB1-445F-4AA6-AF90-629196BA4BE8}.Debug|Win32.Build.0 = DVD-9
		{F31EAEB1-445F-4AA6-AF90-629196BA4BE8}.Debug|x64.ActiveCfg = DVD-9
		{F31EAEB1-445F-4AA6-AF90-629196BA4BE8}.Debug|x64.Build.0 = DVD-9
		{F31EAEB1-445F-4AA6-AF90-629196BA4BE8}.Debug|x86.ActiveCfg = DVD-9
		{F31EAEB1-445F-4AA6-AF90-629196BA4BE8}.Debug|x86.Build.0 = DVD-9
		{F31EAEB1-445F-4AA6-AF90-629196BA4BE8}.DebugWithoutPlugins|Any CPU.ActiveCfg = DVD-9
		{F31EAEB1-445F-4AA6-AF90-629196BA4BE8}.DebugWithoutPlugins|Any CPU.Build.0 = DVD-9
		{F31EAEB1-445F-4AA6-AF90-629196BA4BE8}.DebugWithoutPlugins|Mixed Platforms.ActiveCfg = DVD-9
		{F31EAEB1-445F-4AA6-AF90-629196BA4BE8}.DebugWithoutPlugins|Mixed Platforms.Build.0 = DVD-9
		{F31EAEB1-445F-4AA6-AF90-629196BA4BE8}.DebugWithoutPlugins|Win32.ActiveCfg = DVD-9
		{F31EAEB1-445F-4AA6-AF90-629196BA4BE8}.DebugWithoutPlugins|Win32.Build.0 = DVD-9
		{F31EAEB1-445F-4AA6-AF90-629196BA4BE8}.DebugWithoutPlugins|x64.ActiveCfg = DVD-9
		{F31EAEB1-445F-4AA6-AF90-629196BA4BE8}.DebugWithoutPlugins|x64.Build.0 = DVD-9
		{F31EAEB1-445F-4AA6-AF90-629196BA4BE8}.DebugWithoutPlugins|x86.ActiveCfg = DVD-9
		{F31EAEB1-445F-4AA6-AF90-629196BA4BE8}.DebugWithoutPlugins|x86.Build.0 = DVD-9
		{F31EAEB1-445F-4AA6-AF90-629196BA4BE8}.DebugWithoutSetup|Any CPU.ActiveCfg = SingleImage
		{F31EAEB1-445F-4AA6-AF90-629196BA4BE8}.DebugWithoutSetup|Any CPU.Build.0 = SingleImage
		{F31EAEB1-445F-4AA6-AF90-629196BA4BE8}.DebugWithoutSetup|Mixed Platforms.ActiveCfg = DVD-9
		{F31EAEB1-445F-4AA6-AF90-629196BA4BE8}.DebugWithoutSetup|Mixed Platforms.Build.0 = DVD-9
		{F31EAEB1-445F-4AA6-AF90-629196BA4BE8}.DebugWithoutSetup|Win32.ActiveCfg = DVD-9
		{F31EAEB1-445F-4AA6-AF90-629196BA4BE8}.DebugWithoutSetup|Win32.Build.0 = DVD-9
		{F31EAEB1-445F-4AA6-AF90-629196BA4BE8}.DebugWithoutSetup|x64.ActiveCfg = DVD-9
		{F31EAEB1-445F-4AA6-AF90-629196BA4BE8}.DebugWithoutSetup|x64.Build.0 = DVD-9
		{F31EAEB1-445F-4AA6-AF90-629196BA4BE8}.DebugWithoutSetup|x86.ActiveCfg = DVD-9
		{F31EAEB1-445F-4AA6-AF90-629196BA4BE8}.DebugWithoutSetup|x86.Build.0 = DVD-9
		{F31EAEB1-445F-4AA6-AF90-629196BA4BE8}.DVD-10|Any CPU.ActiveCfg = DVD-10
		{F31EAEB1-445F-4AA6-AF90-629196BA4BE8}.DVD-10|Any CPU.Build.0 = DVD-10
		{F31EAEB1-445F-4AA6-AF90-629196BA4BE8}.DVD-10|Mixed Platforms.ActiveCfg = DVD-10
		{F31EAEB1-445F-4AA6-AF90-629196BA4BE8}.DVD-10|Mixed Platforms.Build.0 = DVD-10
		{F31EAEB1-445F-4AA6-AF90-629196BA4BE8}.DVD-10|Win32.ActiveCfg = DVD-10
		{F31EAEB1-445F-4AA6-AF90-629196BA4BE8}.DVD-10|Win32.Build.0 = DVD-10
		{F31EAEB1-445F-4AA6-AF90-629196BA4BE8}.DVD-10|x64.ActiveCfg = DVD-10
		{F31EAEB1-445F-4AA6-AF90-629196BA4BE8}.DVD-10|x64.Build.0 = DVD-10
		{F31EAEB1-445F-4AA6-AF90-629196BA4BE8}.DVD-10|x86.ActiveCfg = DVD-10
		{F31EAEB1-445F-4AA6-AF90-629196BA4BE8}.DVD-10|x86.Build.0 = DVD-10
		{F31EAEB1-445F-4AA6-AF90-629196BA4BE8}.DVD-18|Any CPU.ActiveCfg = DVD-18
		{F31EAEB1-445F-4AA6-AF90-629196BA4BE8}.DVD-18|Any CPU.Build.0 = DVD-18
		{F31EAEB1-445F-4AA6-AF90-629196BA4BE8}.DVD-18|Mixed Platforms.ActiveCfg = DVD-18
		{F31EAEB1-445F-4AA6-AF90-629196BA4BE8}.DVD-18|Mixed Platforms.Build.0 = DVD-18
		{F31EAEB1-445F-4AA6-AF90-629196BA4BE8}.DVD-18|Win32.ActiveCfg = DVD-18
		{F31EAEB1-445F-4AA6-AF90-629196BA4BE8}.DVD-18|Win32.Build.0 = DVD-18
		{F31EAEB1-445F-4AA6-AF90-629196BA4BE8}.DVD-18|x64.ActiveCfg = DVD-18
		{F31EAEB1-445F-4AA6-AF90-629196BA4BE8}.DVD-18|x64.Build.0 = DVD-18
		{F31EAEB1-445F-4AA6-AF90-629196BA4BE8}.DVD-18|x86.ActiveCfg = DVD-18
		{F31EAEB1-445F-4AA6-AF90-629196BA4BE8}.DVD-18|x86.Build.0 = DVD-18
		{F31EAEB1-445F-4AA6-AF90-629196BA4BE8}.DVD-5|Any CPU.ActiveCfg = DVD-5
		{F31EAEB1-445F-4AA6-AF90-629196BA4BE8}.DVD-5|Any CPU.Build.0 = DVD-5
		{F31EAEB1-445F-4AA6-AF90-629196BA4BE8}.DVD-5|Mixed Platforms.ActiveCfg = DVD-5
		{F31EAEB1-445F-4AA6-AF90-629196BA4BE8}.DVD-5|Mixed Platforms.Build.0 = DVD-5
		{F31EAEB1-445F-4AA6-AF90-629196BA4BE8}.DVD-5|Win32.ActiveCfg = DVD-5
		{F31EAEB1-445F-4AA6-AF90-629196BA4BE8}.DVD-5|Win32.Build.0 = DVD-5
		{F31EAEB1-445F-4AA6-AF90-629196BA4BE8}.DVD-5|x64.ActiveCfg = DVD-5
		{F31EAEB1-445F-4AA6-AF90-629196BA4BE8}.DVD-5|x64.Build.0 = DVD-5
		{F31EAEB1-445F-4AA6-AF90-629196BA4BE8}.DVD-5|x86.ActiveCfg = DVD-5
		{F31EAEB1-445F-4AA6-AF90-629196BA4BE8}.DVD-5|x86.Build.0 = DVD-5
		{F31EAEB1-445F-4AA6-AF90-629196BA4BE8}.DVD-9|Any CPU.ActiveCfg = DVD-9
		{F31EAEB1-445F-4AA6-AF90-629196BA4BE8}.DVD-9|Any CPU.Build.0 = DVD-9
		{F31EAEB1-445F-4AA6-AF90-629196BA4BE8}.DVD-9|Mixed Platforms.ActiveCfg = DVD-9
		{F31EAEB1-445F-4AA6-AF90-629196BA4BE8}.DVD-9|Mixed Platforms.Build.0 = DVD-9
		{F31EAEB1-445F-4AA6-AF90-629196BA4BE8}.DVD-9|Win32.ActiveCfg = DVD-9
		{F31EAEB1-445F-4AA6-AF90-629196BA4BE8}.DVD-9|Win32.Build.0 = DVD-9
		{F31EAEB1-445F-4AA6-AF90-629196BA4BE8}.DVD-9|x64.ActiveCfg = DVD-9
		{F31EAEB1-445F-4AA6-AF90-629196BA4BE8}.DVD-9|x64.Build.0 = DVD-9
		{F31EAEB1-445F-4AA6-AF90-629196BA4BE8}.DVD-9|x86.ActiveCfg = DVD-9
		{F31EAEB1-445F-4AA6-AF90-629196BA4BE8}.DVD-9|x86.Build.0 = DVD-9
		{F31EAEB1-445F-4AA6-AF90-629196BA4BE8}.Release|Any CPU.ActiveCfg = WebDeployment
		{F31EAEB1-445F-4AA6-AF90-629196BA4BE8}.Release|Any CPU.Build.0 = WebDeployment
		{F31EAEB1-445F-4AA6-AF90-629196BA4BE8}.Release|Mixed Platforms.ActiveCfg = WebDeployment
		{F31EAEB1-445F-4AA6-AF90-629196BA4BE8}.Release|Mixed Platforms.Build.0 = WebDeployment
		{F31EAEB1-445F-4AA6-AF90-629196BA4BE8}.Release|Win32.ActiveCfg = WebDeployment
		{F31EAEB1-445F-4AA6-AF90-629196BA4BE8}.Release|Win32.Build.0 = WebDeployment
		{F31EAEB1-445F-4AA6-AF90-629196BA4BE8}.Release|x64.ActiveCfg = WebDeployment
		{F31EAEB1-445F-4AA6-AF90-629196BA4BE8}.Release|x64.Build.0 = WebDeployment
		{F31EAEB1-445F-4AA6-AF90-629196BA4BE8}.Release|x86.ActiveCfg = WebDeployment
		{F31EAEB1-445F-4AA6-AF90-629196BA4BE8}.Release|x86.Build.0 = WebDeployment
		{F31EAEB1-445F-4AA6-AF90-629196BA4BE8}.SingleImage|Any CPU.ActiveCfg = SingleImage
		{F31EAEB1-445F-4AA6-AF90-629196BA4BE8}.SingleImage|Any CPU.Build.0 = SingleImage
		{F31EAEB1-445F-4AA6-AF90-629196BA4BE8}.SingleImage|Mixed Platforms.ActiveCfg = SingleImage
		{F31EAEB1-445F-4AA6-AF90-629196BA4BE8}.SingleImage|Mixed Platforms.Build.0 = SingleImage
		{F31EAEB1-445F-4AA6-AF90-629196BA4BE8}.SingleImage|Win32.ActiveCfg = SingleImage
		{F31EAEB1-445F-4AA6-AF90-629196BA4BE8}.SingleImage|Win32.Build.0 = SingleImage
		{F31EAEB1-445F-4AA6-AF90-629196BA4BE8}.SingleImage|x64.ActiveCfg = SingleImage
		{F31EAEB1-445F-4AA6-AF90-629196BA4BE8}.SingleImage|x64.Build.0 = SingleImage
		{F31EAEB1-445F-4AA6-AF90-629196BA4BE8}.SingleImage|x86.ActiveCfg = SingleImage
		{F31EAEB1-445F-4AA6-AF90-629196BA4BE8}.SingleImage|x86.Build.0 = SingleImage
		{F31EAEB1-445F-4AA6-AF90-629196BA4BE8}.WebDeployment|Any CPU.ActiveCfg = WebDeployment
		{F31EAEB1-445F-4AA6-AF90-629196BA4BE8}.WebDeployment|Any CPU.Build.0 = WebDeployment
		{F31EAEB1-445F-4AA6-AF90-629196BA4BE8}.WebDeployment|Mixed Platforms.ActiveCfg = WebDeployment
		{F31EAEB1-445F-4AA6-AF90-629196BA4BE8}.WebDeployment|Mixed Platforms.Build.0 = WebDeployment
		{F31EAEB1-445F-4AA6-AF90-629196BA4BE8}.WebDeployment|Win32.ActiveCfg = WebDeployment
		{F31EAEB1-445F-4AA6-AF90-629196BA4BE8}.WebDeployment|Win32.Build.0 = WebDeployment
		{F31EAEB1-445F-4AA6-AF90-629196BA4BE8}.WebDeployment|x64.ActiveCfg = WebDeployment
		{F31EAEB1-445F-4AA6-AF90-629196BA4BE8}.WebDeployment|x64.Build.0 = WebDeployment
		{F31EAEB1-445F-4AA6-AF90-629196BA4BE8}.WebDeployment|x86.ActiveCfg = WebDeployment
		{F31EAEB1-445F-4AA6-AF90-629196BA4BE8}.WebDeployment|x86.Build.0 = WebDeployment
	EndGlobalSection
	GlobalSection(SolutionProperties) = preSolution
		HideSolutionNode = FALSE
	EndGlobalSection
EndGlobal
