
Microsoft Visual Studio Solution File, Format Version 12.00
# Visual Studio 2012
Project("{FAE04EC0-301F-11D3-BF4B-00C04F79EFBC}") = "LibPipeline", "LibPipeline\LibPipeline.csproj", "{6CD9BD09-2796-4324-BA10-7DCB000EE8EB}"
EndProject
Project("{FAE04EC0-301F-11D3-BF4B-00C04F79EFBC}") = "LibBn", "LibBn\LibBn.csproj", "{087FC54E-3111-48CA-8F13-20296CDB7C71}"
EndProject
Project("{FAE04EC0-301F-11D3-BF4B-00C04F79EFBC}") = "KocViewer", "KocViewer\KocViewer.csproj", "{8F3727CE-D0A7-4F58-A9BF-F0D2A130F912}"
EndProject
Project("{FAE04EC0-301F-11D3-BF4B-00C04F79EFBC}") = "GroupViewer", "GroupViewer\GroupViewer.csproj", "{E68D28FA-4888-4C37-90E0-54883C7A57CB}"
EndProject
Project("{FAE04EC0-301F-11D3-BF4B-00C04F79EFBC}") = "LibCorlas", "LibCorlas\LibCorlas.csproj", "{3C8D0EE0-9487-4913-A990-63E0CFA860CD}"
EndProject
Project("{8BC9CEB8-8B4A-11D0-8D11-00A0C91BC942}") = "LibSmile", "SmileNet\smileNet_public.vcxproj", "{3719AEB6-8932-4255-8F96-3F32D5894976}"
EndProject
Project("{FAE04EC0-301F-11D3-BF4B-00C04F79EFBC}") = "WpfMapDemo", "WpfMapDemo\WpfMapDemo.csproj", "{57E01870-2AAF-4036-96F8-FDB8A0F18AF7}"
EndProject
Project("{FAE04EC0-301F-11D3-BF4B-00C04F79EFBC}") = "MapControl.WPF", "MapControl\MapControl\MapControl.WPF.csproj", "{226F3575-B683-446D-A2F0-181291DC8787}"
EndProject
Global
	GlobalSection(TestCaseManagementSettings) = postSolution
		CategoryFile = MarvInterface.vsmdi
	EndGlobalSection
	GlobalSection(SolutionConfigurationPlatforms) = preSolution
		CD_ROM|Any CPU = CD_ROM|Any CPU
		CD_ROM|Mixed Platforms = CD_ROM|Mixed Platforms
		CD_ROM|Win32 = CD_ROM|Win32
		CD_ROM|x64 = CD_ROM|x64
		CD_ROM|x86 = CD_ROM|x86
		Debug|Any CPU = Debug|Any CPU
		Debug|Mixed Platforms = Debug|Mixed Platforms
		Debug|Win32 = Debug|Win32
		Debug|x64 = Debug|x64
		Debug|x86 = Debug|x86
		DebugWithoutPlugins|Any CPU = DebugWithoutPlugins|Any CPU
		DebugWithoutPlugins|Mixed Platforms = DebugWithoutPlugins|Mixed Platforms
		DebugWithoutPlugins|Win32 = DebugWithoutPlugins|Win32
		DebugWithoutPlugins|x64 = DebugWithoutPlugins|x64
		DebugWithoutPlugins|x86 = DebugWithoutPlugins|x86
		DebugWithoutSetup|Any CPU = DebugWithoutSetup|Any CPU
		DebugWithoutSetup|Mixed Platforms = DebugWithoutSetup|Mixed Platforms
		DebugWithoutSetup|Win32 = DebugWithoutSetup|Win32
		DebugWithoutSetup|x64 = DebugWithoutSetup|x64
		DebugWithoutSetup|x86 = DebugWithoutSetup|x86
		DVD-5|Any CPU = DVD-5|Any CPU
		DVD-5|Mixed Platforms = DVD-5|Mixed Platforms
		DVD-5|Win32 = DVD-5|Win32
		DVD-5|x64 = DVD-5|x64
		DVD-5|x86 = DVD-5|x86
		Release|Any CPU = Release|Any CPU
		Release|Mixed Platforms = Release|Mixed Platforms
		Release|Win32 = Release|Win32
		Release|x64 = Release|x64
		Release|x86 = Release|x86
		SingleImage|Any CPU = SingleImage|Any CPU
		SingleImage|Mixed Platforms = SingleImage|Mixed Platforms
		SingleImage|Win32 = SingleImage|Win32
		SingleImage|x64 = SingleImage|x64
		SingleImage|x86 = SingleImage|x86
	EndGlobalSection
	GlobalSection(ProjectConfigurationPlatforms) = postSolution
		{6CD9BD09-2796-4324-BA10-7DCB000EE8EB}.CD_ROM|Any CPU.ActiveCfg = Release|Any CPU
		{6CD9BD09-2796-4324-BA10-7DCB000EE8EB}.CD_ROM|Any CPU.Build.0 = Release|Any CPU
		{6CD9BD09-2796-4324-BA10-7DCB000EE8EB}.CD_ROM|Mixed Platforms.ActiveCfg = Release|Any CPU
		{6CD9BD09-2796-4324-BA10-7DCB000EE8EB}.CD_ROM|Mixed Platforms.Build.0 = Release|Any CPU
		{6CD9BD09-2796-4324-BA10-7DCB000EE8EB}.CD_ROM|Win32.ActiveCfg = DebugWithoutSetup|Any CPU
		{6CD9BD09-2796-4324-BA10-7DCB000EE8EB}.CD_ROM|x64.ActiveCfg = Release|Any CPU
		{6CD9BD09-2796-4324-BA10-7DCB000EE8EB}.CD_ROM|x86.ActiveCfg = Release|Any CPU
		{6CD9BD09-2796-4324-BA10-7DCB000EE8EB}.Debug|Any CPU.ActiveCfg = Debug|Any CPU
		{6CD9BD09-2796-4324-BA10-7DCB000EE8EB}.Debug|Any CPU.Build.0 = Debug|Any CPU
		{6CD9BD09-2796-4324-BA10-7DCB000EE8EB}.Debug|Mixed Platforms.ActiveCfg = Debug|Any CPU
		{6CD9BD09-2796-4324-BA10-7DCB000EE8EB}.Debug|Mixed Platforms.Build.0 = Debug|Any CPU
		{6CD9BD09-2796-4324-BA10-7DCB000EE8EB}.Debug|Win32.ActiveCfg = Debug|Any CPU
		{6CD9BD09-2796-4324-BA10-7DCB000EE8EB}.Debug|x64.ActiveCfg = Debug|Any CPU
		{6CD9BD09-2796-4324-BA10-7DCB000EE8EB}.Debug|x86.ActiveCfg = Debug|Any CPU
		{6CD9BD09-2796-4324-BA10-7DCB000EE8EB}.DebugWithoutPlugins|Any CPU.ActiveCfg = Debug|Any CPU
		{6CD9BD09-2796-4324-BA10-7DCB000EE8EB}.DebugWithoutPlugins|Any CPU.Build.0 = Debug|Any CPU
		{6CD9BD09-2796-4324-BA10-7DCB000EE8EB}.DebugWithoutPlugins|Mixed Platforms.ActiveCfg = Debug|Any CPU
		{6CD9BD09-2796-4324-BA10-7DCB000EE8EB}.DebugWithoutPlugins|Mixed Platforms.Build.0 = Debug|Any CPU
		{6CD9BD09-2796-4324-BA10-7DCB000EE8EB}.DebugWithoutPlugins|Win32.ActiveCfg = DebugWithoutSetup|Any CPU
		{6CD9BD09-2796-4324-BA10-7DCB000EE8EB}.DebugWithoutPlugins|x64.ActiveCfg = Debug|Any CPU
		{6CD9BD09-2796-4324-BA10-7DCB000EE8EB}.DebugWithoutPlugins|x86.ActiveCfg = Debug|Any CPU
		{6CD9BD09-2796-4324-BA10-7DCB000EE8EB}.DebugWithoutSetup|Any CPU.ActiveCfg = DebugWithoutSetup|Any CPU
		{6CD9BD09-2796-4324-BA10-7DCB000EE8EB}.DebugWithoutSetup|Any CPU.Build.0 = DebugWithoutSetup|Any CPU
		{6CD9BD09-2796-4324-BA10-7DCB000EE8EB}.DebugWithoutSetup|Mixed Platforms.ActiveCfg = DebugWithoutSetup|Any CPU
		{6CD9BD09-2796-4324-BA10-7DCB000EE8EB}.DebugWithoutSetup|Mixed Platforms.Build.0 = DebugWithoutSetup|Any CPU
		{6CD9BD09-2796-4324-BA10-7DCB000EE8EB}.DebugWithoutSetup|Win32.ActiveCfg = DebugWithoutSetup|Any CPU
		{6CD9BD09-2796-4324-BA10-7DCB000EE8EB}.DebugWithoutSetup|x64.ActiveCfg = DebugWithoutSetup|Any CPU
		{6CD9BD09-2796-4324-BA10-7DCB000EE8EB}.DebugWithoutSetup|x86.ActiveCfg = DebugWithoutSetup|Any CPU
		{6CD9BD09-2796-4324-BA10-7DCB000EE8EB}.DVD-5|Any CPU.ActiveCfg = Debug|Any CPU
		{6CD9BD09-2796-4324-BA10-7DCB000EE8EB}.DVD-5|Any CPU.Build.0 = Debug|Any CPU
		{6CD9BD09-2796-4324-BA10-7DCB000EE8EB}.DVD-5|Mixed Platforms.ActiveCfg = Debug|Any CPU
		{6CD9BD09-2796-4324-BA10-7DCB000EE8EB}.DVD-5|Mixed Platforms.Build.0 = Debug|Any CPU
		{6CD9BD09-2796-4324-BA10-7DCB000EE8EB}.DVD-5|Win32.ActiveCfg = DebugWithoutSetup|Any CPU
		{6CD9BD09-2796-4324-BA10-7DCB000EE8EB}.DVD-5|x64.ActiveCfg = Debug|Any CPU
		{6CD9BD09-2796-4324-BA10-7DCB000EE8EB}.DVD-5|x86.ActiveCfg = Debug|Any CPU
		{6CD9BD09-2796-4324-BA10-7DCB000EE8EB}.Release|Any CPU.ActiveCfg = Release|Any CPU
		{6CD9BD09-2796-4324-BA10-7DCB000EE8EB}.Release|Any CPU.Build.0 = Release|Any CPU
		{6CD9BD09-2796-4324-BA10-7DCB000EE8EB}.Release|Mixed Platforms.ActiveCfg = Release|Any CPU
		{6CD9BD09-2796-4324-BA10-7DCB000EE8EB}.Release|Mixed Platforms.Build.0 = Release|Any CPU
		{6CD9BD09-2796-4324-BA10-7DCB000EE8EB}.Release|Win32.ActiveCfg = Release|Any CPU
		{6CD9BD09-2796-4324-BA10-7DCB000EE8EB}.Release|x64.ActiveCfg = Release|Any CPU
		{6CD9BD09-2796-4324-BA10-7DCB000EE8EB}.Release|x86.ActiveCfg = Release|Any CPU
		{6CD9BD09-2796-4324-BA10-7DCB000EE8EB}.SingleImage|Any CPU.ActiveCfg = Release|Any CPU
		{6CD9BD09-2796-4324-BA10-7DCB000EE8EB}.SingleImage|Any CPU.Build.0 = Release|Any CPU
		{6CD9BD09-2796-4324-BA10-7DCB000EE8EB}.SingleImage|Mixed Platforms.ActiveCfg = Release|Any CPU
		{6CD9BD09-2796-4324-BA10-7DCB000EE8EB}.SingleImage|Mixed Platforms.Build.0 = Release|Any CPU
		{6CD9BD09-2796-4324-BA10-7DCB000EE8EB}.SingleImage|Win32.ActiveCfg = DebugWithoutSetup|Any CPU
		{6CD9BD09-2796-4324-BA10-7DCB000EE8EB}.SingleImage|x64.ActiveCfg = Release|Any CPU
		{6CD9BD09-2796-4324-BA10-7DCB000EE8EB}.SingleImage|x86.ActiveCfg = Release|Any CPU
		{087FC54E-3111-48CA-8F13-20296CDB7C71}.CD_ROM|Any CPU.ActiveCfg = Release|Any CPU
		{087FC54E-3111-48CA-8F13-20296CDB7C71}.CD_ROM|Any CPU.Build.0 = Release|Any CPU
		{087FC54E-3111-48CA-8F13-20296CDB7C71}.CD_ROM|Mixed Platforms.ActiveCfg = Release|Any CPU
		{087FC54E-3111-48CA-8F13-20296CDB7C71}.CD_ROM|Mixed Platforms.Build.0 = Release|Any CPU
		{087FC54E-3111-48CA-8F13-20296CDB7C71}.CD_ROM|Win32.ActiveCfg = DebugWithoutSetup|Any CPU
		{087FC54E-3111-48CA-8F13-20296CDB7C71}.CD_ROM|x64.ActiveCfg = Release|Any CPU
		{087FC54E-3111-48CA-8F13-20296CDB7C71}.CD_ROM|x86.ActiveCfg = Release|Any CPU
		{087FC54E-3111-48CA-8F13-20296CDB7C71}.Debug|Any CPU.ActiveCfg = Debug|Any CPU
		{087FC54E-3111-48CA-8F13-20296CDB7C71}.Debug|Any CPU.Build.0 = Debug|Any CPU
		{087FC54E-3111-48CA-8F13-20296CDB7C71}.Debug|Mixed Platforms.ActiveCfg = Debug|Any CPU
		{087FC54E-3111-48CA-8F13-20296CDB7C71}.Debug|Mixed Platforms.Build.0 = Debug|Any CPU
		{087FC54E-3111-48CA-8F13-20296CDB7C71}.Debug|Win32.ActiveCfg = Debug|Any CPU
		{087FC54E-3111-48CA-8F13-20296CDB7C71}.Debug|x64.ActiveCfg = Debug|Any CPU
		{087FC54E-3111-48CA-8F13-20296CDB7C71}.Debug|x86.ActiveCfg = Debug|Any CPU
		{087FC54E-3111-48CA-8F13-20296CDB7C71}.DebugWithoutPlugins|Any CPU.ActiveCfg = Debug|Any CPU
		{087FC54E-3111-48CA-8F13-20296CDB7C71}.DebugWithoutPlugins|Any CPU.Build.0 = Debug|Any CPU
		{087FC54E-3111-48CA-8F13-20296CDB7C71}.DebugWithoutPlugins|Mixed Platforms.ActiveCfg = Debug|Any CPU
		{087FC54E-3111-48CA-8F13-20296CDB7C71}.DebugWithoutPlugins|Mixed Platforms.Build.0 = Debug|Any CPU
		{087FC54E-3111-48CA-8F13-20296CDB7C71}.DebugWithoutPlugins|Win32.ActiveCfg = DebugWithoutSetup|Any CPU
		{087FC54E-3111-48CA-8F13-20296CDB7C71}.DebugWithoutPlugins|x64.ActiveCfg = Debug|Any CPU
		{087FC54E-3111-48CA-8F13-20296CDB7C71}.DebugWithoutPlugins|x86.ActiveCfg = Debug|Any CPU
		{087FC54E-3111-48CA-8F13-20296CDB7C71}.DebugWithoutSetup|Any CPU.ActiveCfg = DebugWithoutSetup|Any CPU
		{087FC54E-3111-48CA-8F13-20296CDB7C71}.DebugWithoutSetup|Any CPU.Build.0 = DebugWithoutSetup|Any CPU
		{087FC54E-3111-48CA-8F13-20296CDB7C71}.DebugWithoutSetup|Mixed Platforms.ActiveCfg = DebugWithoutSetup|Any CPU
		{087FC54E-3111-48CA-8F13-20296CDB7C71}.DebugWithoutSetup|Mixed Platforms.Build.0 = DebugWithoutSetup|Any CPU
		{087FC54E-3111-48CA-8F13-20296CDB7C71}.DebugWithoutSetup|Win32.ActiveCfg = DebugWithoutSetup|Any CPU
		{087FC54E-3111-48CA-8F13-20296CDB7C71}.DebugWithoutSetup|x64.ActiveCfg = DebugWithoutSetup|Any CPU
		{087FC54E-3111-48CA-8F13-20296CDB7C71}.DebugWithoutSetup|x86.ActiveCfg = DebugWithoutSetup|Any CPU
		{087FC54E-3111-48CA-8F13-20296CDB7C71}.DVD-5|Any CPU.ActiveCfg = Debug|Any CPU
		{087FC54E-3111-48CA-8F13-20296CDB7C71}.DVD-5|Any CPU.Build.0 = Debug|Any CPU
		{087FC54E-3111-48CA-8F13-20296CDB7C71}.DVD-5|Mixed Platforms.ActiveCfg = Debug|Any CPU
		{087FC54E-3111-48CA-8F13-20296CDB7C71}.DVD-5|Mixed Platforms.Build.0 = Debug|Any CPU
		{087FC54E-3111-48CA-8F13-20296CDB7C71}.DVD-5|Win32.ActiveCfg = DebugWithoutSetup|Any CPU
		{087FC54E-3111-48CA-8F13-20296CDB7C71}.DVD-5|x64.ActiveCfg = Debug|Any CPU
		{087FC54E-3111-48CA-8F13-20296CDB7C71}.DVD-5|x86.ActiveCfg = Debug|Any CPU
		{087FC54E-3111-48CA-8F13-20296CDB7C71}.Release|Any CPU.ActiveCfg = Release|Any CPU
		{087FC54E-3111-48CA-8F13-20296CDB7C71}.Release|Any CPU.Build.0 = Release|Any CPU
		{087FC54E-3111-48CA-8F13-20296CDB7C71}.Release|Mixed Platforms.ActiveCfg = Release|Any CPU
		{087FC54E-3111-48CA-8F13-20296CDB7C71}.Release|Mixed Platforms.Build.0 = Release|Any CPU
		{087FC54E-3111-48CA-8F13-20296CDB7C71}.Release|Win32.ActiveCfg = Release|Any CPU
		{087FC54E-3111-48CA-8F13-20296CDB7C71}.Release|x64.ActiveCfg = Release|Any CPU
		{087FC54E-3111-48CA-8F13-20296CDB7C71}.Release|x86.ActiveCfg = Release|Any CPU
		{087FC54E-3111-48CA-8F13-20296CDB7C71}.SingleImage|Any CPU.ActiveCfg = Release|Any CPU
		{087FC54E-3111-48CA-8F13-20296CDB7C71}.SingleImage|Any CPU.Build.0 = Release|Any CPU
		{087FC54E-3111-48CA-8F13-20296CDB7C71}.SingleImage|Mixed Platforms.ActiveCfg = Release|Any CPU
		{087FC54E-3111-48CA-8F13-20296CDB7C71}.SingleImage|Mixed Platforms.Build.0 = Release|Any CPU
		{087FC54E-3111-48CA-8F13-20296CDB7C71}.SingleImage|Win32.ActiveCfg = DebugWithoutSetup|Any CPU
		{087FC54E-3111-48CA-8F13-20296CDB7C71}.SingleImage|x64.ActiveCfg = Release|Any CPU
		{087FC54E-3111-48CA-8F13-20296CDB7C71}.SingleImage|x86.ActiveCfg = Release|Any CPU
		{8F3727CE-D0A7-4F58-A9BF-F0D2A130F912}.CD_ROM|Any CPU.ActiveCfg = Release|Any CPU
		{8F3727CE-D0A7-4F58-A9BF-F0D2A130F912}.CD_ROM|Any CPU.Build.0 = Release|Any CPU
		{8F3727CE-D0A7-4F58-A9BF-F0D2A130F912}.CD_ROM|Mixed Platforms.ActiveCfg = Release|Any CPU
		{8F3727CE-D0A7-4F58-A9BF-F0D2A130F912}.CD_ROM|Mixed Platforms.Build.0 = Release|Any CPU
		{8F3727CE-D0A7-4F58-A9BF-F0D2A130F912}.CD_ROM|Win32.ActiveCfg = DebugWithoutSetup|Any CPU
		{8F3727CE-D0A7-4F58-A9BF-F0D2A130F912}.CD_ROM|x64.ActiveCfg = Release|Any CPU
		{8F3727CE-D0A7-4F58-A9BF-F0D2A130F912}.CD_ROM|x86.ActiveCfg = Release|Any CPU
		{8F3727CE-D0A7-4F58-A9BF-F0D2A130F912}.Debug|Any CPU.ActiveCfg = Debug|Any CPU
		{8F3727CE-D0A7-4F58-A9BF-F0D2A130F912}.Debug|Any CPU.Build.0 = Debug|Any CPU
		{8F3727CE-D0A7-4F58-A9BF-F0D2A130F912}.Debug|Mixed Platforms.ActiveCfg = Debug|Any CPU
		{8F3727CE-D0A7-4F58-A9BF-F0D2A130F912}.Debug|Mixed Platforms.Build.0 = Debug|Any CPU
		{8F3727CE-D0A7-4F58-A9BF-F0D2A130F912}.Debug|Win32.ActiveCfg = Debug|Any CPU
		{8F3727CE-D0A7-4F58-A9BF-F0D2A130F912}.Debug|x64.ActiveCfg = Debug|Any CPU
		{8F3727CE-D0A7-4F58-A9BF-F0D2A130F912}.Debug|x86.ActiveCfg = Debug|Any CPU
		{8F3727CE-D0A7-4F58-A9BF-F0D2A130F912}.DebugWithoutPlugins|Any CPU.ActiveCfg = Debug|Any CPU
		{8F3727CE-D0A7-4F58-A9BF-F0D2A130F912}.DebugWithoutPlugins|Any CPU.Build.0 = Debug|Any CPU
		{8F3727CE-D0A7-4F58-A9BF-F0D2A130F912}.DebugWithoutPlugins|Mixed Platforms.ActiveCfg = Debug|Any CPU
		{8F3727CE-D0A7-4F58-A9BF-F0D2A130F912}.DebugWithoutPlugins|Mixed Platforms.Build.0 = Debug|Any CPU
		{8F3727CE-D0A7-4F58-A9BF-F0D2A130F912}.DebugWithoutPlugins|Win32.ActiveCfg = DebugWithoutSetup|Any CPU
		{8F3727CE-D0A7-4F58-A9BF-F0D2A130F912}.DebugWithoutPlugins|x64.ActiveCfg = Debug|Any CPU
		{8F3727CE-D0A7-4F58-A9BF-F0D2A130F912}.DebugWithoutPlugins|x86.ActiveCfg = Debug|Any CPU
		{8F3727CE-D0A7-4F58-A9BF-F0D2A130F912}.DebugWithoutSetup|Any CPU.ActiveCfg = DebugWithoutSetup|Any CPU
		{8F3727CE-D0A7-4F58-A9BF-F0D2A130F912}.DebugWithoutSetup|Any CPU.Build.0 = DebugWithoutSetup|Any CPU
		{8F3727CE-D0A7-4F58-A9BF-F0D2A130F912}.DebugWithoutSetup|Mixed Platforms.ActiveCfg = DebugWithoutSetup|Any CPU
		{8F3727CE-D0A7-4F58-A9BF-F0D2A130F912}.DebugWithoutSetup|Mixed Platforms.Build.0 = DebugWithoutSetup|Any CPU
		{8F3727CE-D0A7-4F58-A9BF-F0D2A130F912}.DebugWithoutSetup|Win32.ActiveCfg = DebugWithoutSetup|Any CPU
		{8F3727CE-D0A7-4F58-A9BF-F0D2A130F912}.DebugWithoutSetup|x64.ActiveCfg = DebugWithoutSetup|Any CPU
		{8F3727CE-D0A7-4F58-A9BF-F0D2A130F912}.DebugWithoutSetup|x86.ActiveCfg = DebugWithoutSetup|Any CPU
		{8F3727CE-D0A7-4F58-A9BF-F0D2A130F912}.DVD-5|Any CPU.ActiveCfg = Debug|Any CPU
		{8F3727CE-D0A7-4F58-A9BF-F0D2A130F912}.DVD-5|Any CPU.Build.0 = Debug|Any CPU
		{8F3727CE-D0A7-4F58-A9BF-F0D2A130F912}.DVD-5|Mixed Platforms.ActiveCfg = Debug|Any CPU
		{8F3727CE-D0A7-4F58-A9BF-F0D2A130F912}.DVD-5|Mixed Platforms.Build.0 = Debug|Any CPU
		{8F3727CE-D0A7-4F58-A9BF-F0D2A130F912}.DVD-5|Win32.ActiveCfg = DebugWithoutSetup|Any CPU
		{8F3727CE-D0A7-4F58-A9BF-F0D2A130F912}.DVD-5|x64.ActiveCfg = Debug|Any CPU
		{8F3727CE-D0A7-4F58-A9BF-F0D2A130F912}.DVD-5|x86.ActiveCfg = Debug|Any CPU
		{8F3727CE-D0A7-4F58-A9BF-F0D2A130F912}.Release|Any CPU.ActiveCfg = Release|Any CPU
		{8F3727CE-D0A7-4F58-A9BF-F0D2A130F912}.Release|Any CPU.Build.0 = Release|Any CPU
		{8F3727CE-D0A7-4F58-A9BF-F0D2A130F912}.Release|Mixed Platforms.ActiveCfg = Release|Any CPU
		{8F3727CE-D0A7-4F58-A9BF-F0D2A130F912}.Release|Mixed Platforms.Build.0 = Release|Any CPU
		{8F3727CE-D0A7-4F58-A9BF-F0D2A130F912}.Release|Win32.ActiveCfg = Release|Any CPU
		{8F3727CE-D0A7-4F58-A9BF-F0D2A130F912}.Release|x64.ActiveCfg = Release|Any CPU
		{8F3727CE-D0A7-4F58-A9BF-F0D2A130F912}.Release|x86.ActiveCfg = Release|Any CPU
		{8F3727CE-D0A7-4F58-A9BF-F0D2A130F912}.SingleImage|Any CPU.ActiveCfg = Release|Any CPU
		{8F3727CE-D0A7-4F58-A9BF-F0D2A130F912}.SingleImage|Any CPU.Build.0 = Release|Any CPU
		{8F3727CE-D0A7-4F58-A9BF-F0D2A130F912}.SingleImage|Mixed Platforms.ActiveCfg = Release|Any CPU
		{8F3727CE-D0A7-4F58-A9BF-F0D2A130F912}.SingleImage|Mixed Platforms.Build.0 = Release|Any CPU
		{8F3727CE-D0A7-4F58-A9BF-F0D2A130F912}.SingleImage|Win32.ActiveCfg = DebugWithoutSetup|Any CPU
		{8F3727CE-D0A7-4F58-A9BF-F0D2A130F912}.SingleImage|x64.ActiveCfg = Release|Any CPU
		{8F3727CE-D0A7-4F58-A9BF-F0D2A130F912}.SingleImage|x86.ActiveCfg = Release|Any CPU
		{E68D28FA-4888-4C37-90E0-54883C7A57CB}.CD_ROM|Any CPU.ActiveCfg = Release|Any CPU
		{E68D28FA-4888-4C37-90E0-54883C7A57CB}.CD_ROM|Any CPU.Build.0 = Release|Any CPU
		{E68D28FA-4888-4C37-90E0-54883C7A57CB}.CD_ROM|Mixed Platforms.ActiveCfg = Release|Any CPU
		{E68D28FA-4888-4C37-90E0-54883C7A57CB}.CD_ROM|Mixed Platforms.Build.0 = Release|Any CPU
		{E68D28FA-4888-4C37-90E0-54883C7A57CB}.CD_ROM|Win32.ActiveCfg = DebugWithoutSetup|Any CPU
		{E68D28FA-4888-4C37-90E0-54883C7A57CB}.CD_ROM|x64.ActiveCfg = Release|Any CPU
		{E68D28FA-4888-4C37-90E0-54883C7A57CB}.CD_ROM|x86.ActiveCfg = Release|Any CPU
		{E68D28FA-4888-4C37-90E0-54883C7A57CB}.Debug|Any CPU.ActiveCfg = Debug|Any CPU
		{E68D28FA-4888-4C37-90E0-54883C7A57CB}.Debug|Any CPU.Build.0 = Debug|Any CPU
		{E68D28FA-4888-4C37-90E0-54883C7A57CB}.Debug|Mixed Platforms.ActiveCfg = Debug|Any CPU
		{E68D28FA-4888-4C37-90E0-54883C7A57CB}.Debug|Mixed Platforms.Build.0 = Debug|Any CPU
		{E68D28FA-4888-4C37-90E0-54883C7A57CB}.Debug|Win32.ActiveCfg = Debug|Any CPU
		{E68D28FA-4888-4C37-90E0-54883C7A57CB}.Debug|x64.ActiveCfg = Debug|Any CPU
		{E68D28FA-4888-4C37-90E0-54883C7A57CB}.Debug|x86.ActiveCfg = Debug|Any CPU
		{E68D28FA-4888-4C37-90E0-54883C7A57CB}.DebugWithoutPlugins|Any CPU.ActiveCfg = Debug|Any CPU
		{E68D28FA-4888-4C37-90E0-54883C7A57CB}.DebugWithoutPlugins|Any CPU.Build.0 = Debug|Any CPU
		{E68D28FA-4888-4C37-90E0-54883C7A57CB}.DebugWithoutPlugins|Mixed Platforms.ActiveCfg = Debug|Any CPU
		{E68D28FA-4888-4C37-90E0-54883C7A57CB}.DebugWithoutPlugins|Mixed Platforms.Build.0 = Debug|Any CPU
		{E68D28FA-4888-4C37-90E0-54883C7A57CB}.DebugWithoutPlugins|Win32.ActiveCfg = DebugWithoutSetup|Any CPU
		{E68D28FA-4888-4C37-90E0-54883C7A57CB}.DebugWithoutPlugins|x64.ActiveCfg = Debug|Any CPU
		{E68D28FA-4888-4C37-90E0-54883C7A57CB}.DebugWithoutPlugins|x86.ActiveCfg = Debug|Any CPU
		{E68D28FA-4888-4C37-90E0-54883C7A57CB}.DebugWithoutSetup|Any CPU.ActiveCfg = DebugWithoutSetup|Any CPU
		{E68D28FA-4888-4C37-90E0-54883C7A57CB}.DebugWithoutSetup|Any CPU.Build.0 = DebugWithoutSetup|Any CPU
		{E68D28FA-4888-4C37-90E0-54883C7A57CB}.DebugWithoutSetup|Mixed Platforms.ActiveCfg = DebugWithoutSetup|Any CPU
		{E68D28FA-4888-4C37-90E0-54883C7A57CB}.DebugWithoutSetup|Mixed Platforms.Build.0 = DebugWithoutSetup|Any CPU
		{E68D28FA-4888-4C37-90E0-54883C7A57CB}.DebugWithoutSetup|Win32.ActiveCfg = DebugWithoutSetup|Any CPU
		{E68D28FA-4888-4C37-90E0-54883C7A57CB}.DebugWithoutSetup|x64.ActiveCfg = DebugWithoutSetup|Any CPU
		{E68D28FA-4888-4C37-90E0-54883C7A57CB}.DebugWithoutSetup|x86.ActiveCfg = DebugWithoutSetup|Any CPU
		{E68D28FA-4888-4C37-90E0-54883C7A57CB}.DVD-5|Any CPU.ActiveCfg = Debug|Any CPU
		{E68D28FA-4888-4C37-90E0-54883C7A57CB}.DVD-5|Any CPU.Build.0 = Debug|Any CPU
		{E68D28FA-4888-4C37-90E0-54883C7A57CB}.DVD-5|Mixed Platforms.ActiveCfg = Debug|Any CPU
		{E68D28FA-4888-4C37-90E0-54883C7A57CB}.DVD-5|Mixed Platforms.Build.0 = Debug|Any CPU
		{E68D28FA-4888-4C37-90E0-54883C7A57CB}.DVD-5|Win32.ActiveCfg = DebugWithoutSetup|Any CPU
		{E68D28FA-4888-4C37-90E0-54883C7A57CB}.DVD-5|x64.ActiveCfg = Debug|Any CPU
		{E68D28FA-4888-4C37-90E0-54883C7A57CB}.DVD-5|x86.ActiveCfg = Debug|Any CPU
		{E68D28FA-4888-4C37-90E0-54883C7A57CB}.Release|Any CPU.ActiveCfg = Release|Any CPU
		{E68D28FA-4888-4C37-90E0-54883C7A57CB}.Release|Any CPU.Build.0 = Release|Any CPU
		{E68D28FA-4888-4C37-90E0-54883C7A57CB}.Release|Mixed Platforms.ActiveCfg = Release|Any CPU
		{E68D28FA-4888-4C37-90E0-54883C7A57CB}.Release|Mixed Platforms.Build.0 = Release|Any CPU
		{E68D28FA-4888-4C37-90E0-54883C7A57CB}.Release|Win32.ActiveCfg = Release|Any CPU
		{E68D28FA-4888-4C37-90E0-54883C7A57CB}.Release|x64.ActiveCfg = Release|Any CPU
		{E68D28FA-4888-4C37-90E0-54883C7A57CB}.Release|x86.ActiveCfg = Release|Any CPU
		{E68D28FA-4888-4C37-90E0-54883C7A57CB}.SingleImage|Any CPU.ActiveCfg = Release|Any CPU
		{E68D28FA-4888-4C37-90E0-54883C7A57CB}.SingleImage|Any CPU.Build.0 = Release|Any CPU
		{E68D28FA-4888-4C37-90E0-54883C7A57CB}.SingleImage|Mixed Platforms.ActiveCfg = Release|Any CPU
		{E68D28FA-4888-4C37-90E0-54883C7A57CB}.SingleImage|Mixed Platforms.Build.0 = Release|Any CPU
		{E68D28FA-4888-4C37-90E0-54883C7A57CB}.SingleImage|Win32.ActiveCfg = DebugWithoutSetup|Any CPU
		{E68D28FA-4888-4C37-90E0-54883C7A57CB}.SingleImage|x64.ActiveCfg = Release|Any CPU
		{E68D28FA-4888-4C37-90E0-54883C7A57CB}.SingleImage|x86.ActiveCfg = Release|Any CPU
		{3C8D0EE0-9487-4913-A990-63E0CFA860CD}.CD_ROM|Any CPU.ActiveCfg = Release|Any CPU
		{3C8D0EE0-9487-4913-A990-63E0CFA860CD}.CD_ROM|Any CPU.Build.0 = Release|Any CPU
		{3C8D0EE0-9487-4913-A990-63E0CFA860CD}.CD_ROM|Mixed Platforms.ActiveCfg = Release|Any CPU
		{3C8D0EE0-9487-4913-A990-63E0CFA860CD}.CD_ROM|Mixed Platforms.Build.0 = Release|Any CPU
		{3C8D0EE0-9487-4913-A990-63E0CFA860CD}.CD_ROM|Win32.ActiveCfg = Debug|Any CPU
		{3C8D0EE0-9487-4913-A990-63E0CFA860CD}.CD_ROM|x64.ActiveCfg = Release|Any CPU
		{3C8D0EE0-9487-4913-A990-63E0CFA860CD}.CD_ROM|x86.ActiveCfg = Release|Any CPU
		{3C8D0EE0-9487-4913-A990-63E0CFA860CD}.Debug|Any CPU.ActiveCfg = Debug|Any CPU
		{3C8D0EE0-9487-4913-A990-63E0CFA860CD}.Debug|Any CPU.Build.0 = Debug|Any CPU
		{3C8D0EE0-9487-4913-A990-63E0CFA860CD}.Debug|Mixed Platforms.ActiveCfg = Debug|Any CPU
		{3C8D0EE0-9487-4913-A990-63E0CFA860CD}.Debug|Mixed Platforms.Build.0 = Debug|Any CPU
		{3C8D0EE0-9487-4913-A990-63E0CFA860CD}.Debug|Win32.ActiveCfg = Debug|Any CPU
		{3C8D0EE0-9487-4913-A990-63E0CFA860CD}.Debug|x64.ActiveCfg = Debug|Any CPU
		{3C8D0EE0-9487-4913-A990-63E0CFA860CD}.Debug|x86.ActiveCfg = Debug|Any CPU
		{3C8D0EE0-9487-4913-A990-63E0CFA860CD}.DebugWithoutPlugins|Any CPU.ActiveCfg = Debug|Any CPU
		{3C8D0EE0-9487-4913-A990-63E0CFA860CD}.DebugWithoutPlugins|Any CPU.Build.0 = Debug|Any CPU
		{3C8D0EE0-9487-4913-A990-63E0CFA860CD}.DebugWithoutPlugins|Mixed Platforms.ActiveCfg = Debug|Any CPU
		{3C8D0EE0-9487-4913-A990-63E0CFA860CD}.DebugWithoutPlugins|Mixed Platforms.Build.0 = Debug|Any CPU
		{3C8D0EE0-9487-4913-A990-63E0CFA860CD}.DebugWithoutPlugins|Win32.ActiveCfg = Debug|Any CPU
		{3C8D0EE0-9487-4913-A990-63E0CFA860CD}.DebugWithoutPlugins|x64.ActiveCfg = Debug|Any CPU
		{3C8D0EE0-9487-4913-A990-63E0CFA860CD}.DebugWithoutPlugins|x86.ActiveCfg = Debug|Any CPU
		{3C8D0EE0-9487-4913-A990-63E0CFA860CD}.DebugWithoutSetup|Any CPU.ActiveCfg = Debug|Any CPU
		{3C8D0EE0-9487-4913-A990-63E0CFA860CD}.DebugWithoutSetup|Any CPU.Build.0 = Debug|Any CPU
		{3C8D0EE0-9487-4913-A990-63E0CFA860CD}.DebugWithoutSetup|Mixed Platforms.ActiveCfg = Debug|Any CPU
		{3C8D0EE0-9487-4913-A990-63E0CFA860CD}.DebugWithoutSetup|Mixed Platforms.Build.0 = Debug|Any CPU
		{3C8D0EE0-9487-4913-A990-63E0CFA860CD}.DebugWithoutSetup|Win32.ActiveCfg = Debug|Any CPU
		{3C8D0EE0-9487-4913-A990-63E0CFA860CD}.DebugWithoutSetup|x64.ActiveCfg = Debug|Any CPU
		{3C8D0EE0-9487-4913-A990-63E0CFA860CD}.DebugWithoutSetup|x86.ActiveCfg = Debug|Any CPU
		{3C8D0EE0-9487-4913-A990-63E0CFA860CD}.DVD-5|Any CPU.ActiveCfg = Debug|Any CPU
		{3C8D0EE0-9487-4913-A990-63E0CFA860CD}.DVD-5|Any CPU.Build.0 = Debug|Any CPU
		{3C8D0EE0-9487-4913-A990-63E0CFA860CD}.DVD-5|Mixed Platforms.ActiveCfg = Debug|Any CPU
		{3C8D0EE0-9487-4913-A990-63E0CFA860CD}.DVD-5|Mixed Platforms.Build.0 = Debug|Any CPU
		{3C8D0EE0-9487-4913-A990-63E0CFA860CD}.DVD-5|Win32.ActiveCfg = Debug|Any CPU
		{3C8D0EE0-9487-4913-A990-63E0CFA860CD}.DVD-5|x64.ActiveCfg = Debug|Any CPU
		{3C8D0EE0-9487-4913-A990-63E0CFA860CD}.DVD-5|x86.ActiveCfg = Debug|Any CPU
		{3C8D0EE0-9487-4913-A990-63E0CFA860CD}.Release|Any CPU.ActiveCfg = Release|Any CPU
		{3C8D0EE0-9487-4913-A990-63E0CFA860CD}.Release|Any CPU.Build.0 = Release|Any CPU
		{3C8D0EE0-9487-4913-A990-63E0CFA860CD}.Release|Mixed Platforms.ActiveCfg = Release|Any CPU
		{3C8D0EE0-9487-4913-A990-63E0CFA860CD}.Release|Mixed Platforms.Build.0 = Release|Any CPU
		{3C8D0EE0-9487-4913-A990-63E0CFA860CD}.Release|Win32.ActiveCfg = Release|Any CPU
		{3C8D0EE0-9487-4913-A990-63E0CFA860CD}.Release|x64.ActiveCfg = Release|Any CPU
		{3C8D0EE0-9487-4913-A990-63E0CFA860CD}.Release|x86.ActiveCfg = Release|Any CPU
		{3C8D0EE0-9487-4913-A990-63E0CFA860CD}.SingleImage|Any CPU.ActiveCfg = Release|Any CPU
		{3C8D0EE0-9487-4913-A990-63E0CFA860CD}.SingleImage|Any CPU.Build.0 = Release|Any CPU
		{3C8D0EE0-9487-4913-A990-63E0CFA860CD}.SingleImage|Mixed Platforms.ActiveCfg = Release|Any CPU
		{3C8D0EE0-9487-4913-A990-63E0CFA860CD}.SingleImage|Mixed Platforms.Build.0 = Release|Any CPU
		{3C8D0EE0-9487-4913-A990-63E0CFA860CD}.SingleImage|Win32.ActiveCfg = Debug|Any CPU
		{3C8D0EE0-9487-4913-A990-63E0CFA860CD}.SingleImage|x64.ActiveCfg = Release|Any CPU
		{3C8D0EE0-9487-4913-A990-63E0CFA860CD}.SingleImage|x86.ActiveCfg = Release|Any CPU
		{3719AEB6-8932-4255-8F96-3F32D5894976}.CD_ROM|Any CPU.ActiveCfg = Release|Win32
		{3719AEB6-8932-4255-8F96-3F32D5894976}.CD_ROM|Mixed Platforms.ActiveCfg = Release|Win32
		{3719AEB6-8932-4255-8F96-3F32D5894976}.CD_ROM|Mixed Platforms.Build.0 = Release|Win32
		{3719AEB6-8932-4255-8F96-3F32D5894976}.CD_ROM|Win32.ActiveCfg = Release|Win32
		{3719AEB6-8932-4255-8F96-3F32D5894976}.CD_ROM|Win32.Build.0 = Release|Win32
		{3719AEB6-8932-4255-8F96-3F32D5894976}.CD_ROM|x64.ActiveCfg = Release|x64
		{3719AEB6-8932-4255-8F96-3F32D5894976}.CD_ROM|x64.Build.0 = Release|x64
		{3719AEB6-8932-4255-8F96-3F32D5894976}.CD_ROM|x86.ActiveCfg = Release|Win32
		{3719AEB6-8932-4255-8F96-3F32D5894976}.CD_ROM|x86.Build.0 = Release|Win32
		{3719AEB6-8932-4255-8F96-3F32D5894976}.Debug|Any CPU.ActiveCfg = Release|x64
		{3719AEB6-8932-4255-8F96-3F32D5894976}.Debug|Any CPU.Build.0 = Release|x64
		{3719AEB6-8932-4255-8F96-3F32D5894976}.Debug|Mixed Platforms.ActiveCfg = Debug|Win32
		{3719AEB6-8932-4255-8F96-3F32D5894976}.Debug|Mixed Platforms.Build.0 = Debug|Win32
		{3719AEB6-8932-4255-8F96-3F32D5894976}.Debug|Win32.ActiveCfg = Debug|Win32
		{3719AEB6-8932-4255-8F96-3F32D5894976}.Debug|Win32.Build.0 = Debug|Win32
		{3719AEB6-8932-4255-8F96-3F32D5894976}.Debug|x64.ActiveCfg = Debug|x64
		{3719AEB6-8932-4255-8F96-3F32D5894976}.Debug|x64.Build.0 = Debug|x64
		{3719AEB6-8932-4255-8F96-3F32D5894976}.Debug|x86.ActiveCfg = Debug|Win32
		{3719AEB6-8932-4255-8F96-3F32D5894976}.Debug|x86.Build.0 = Debug|Win32
		{3719AEB6-8932-4255-8F96-3F32D5894976}.DebugWithoutPlugins|Any CPU.ActiveCfg = Debug|Win32
		{3719AEB6-8932-4255-8F96-3F32D5894976}.DebugWithoutPlugins|Mixed Platforms.ActiveCfg = Debug|Win32
		{3719AEB6-8932-4255-8F96-3F32D5894976}.DebugWithoutPlugins|Mixed Platforms.Build.0 = Debug|Win32
		{3719AEB6-8932-4255-8F96-3F32D5894976}.DebugWithoutPlugins|Win32.ActiveCfg = Debug|Win32
		{3719AEB6-8932-4255-8F96-3F32D5894976}.DebugWithoutPlugins|Win32.Build.0 = Debug|Win32
		{3719AEB6-8932-4255-8F96-3F32D5894976}.DebugWithoutPlugins|x64.ActiveCfg = Debug|x64
		{3719AEB6-8932-4255-8F96-3F32D5894976}.DebugWithoutPlugins|x64.Build.0 = Debug|x64
		{3719AEB6-8932-4255-8F96-3F32D5894976}.DebugWithoutPlugins|x86.ActiveCfg = Debug|Win32
		{3719AEB6-8932-4255-8F96-3F32D5894976}.DebugWithoutPlugins|x86.Build.0 = Debug|Win32
		{3719AEB6-8932-4255-8F96-3F32D5894976}.DebugWithoutSetup|Any CPU.ActiveCfg = Release|x64
		{3719AEB6-8932-4255-8F96-3F32D5894976}.DebugWithoutSetup|Any CPU.Build.0 = Release|x64
		{3719AEB6-8932-4255-8F96-3F32D5894976}.DebugWithoutSetup|Mixed Platforms.ActiveCfg = Debug|Win32
		{3719AEB6-8932-4255-8F96-3F32D5894976}.DebugWithoutSetup|Mixed Platforms.Build.0 = Debug|Win32
		{3719AEB6-8932-4255-8F96-3F32D5894976}.DebugWithoutSetup|Win32.ActiveCfg = Debug|Win32
		{3719AEB6-8932-4255-8F96-3F32D5894976}.DebugWithoutSetup|Win32.Build.0 = Debug|Win32
		{3719AEB6-8932-4255-8F96-3F32D5894976}.DebugWithoutSetup|x64.ActiveCfg = Debug|x64
		{3719AEB6-8932-4255-8F96-3F32D5894976}.DebugWithoutSetup|x64.Build.0 = Debug|x64
		{3719AEB6-8932-4255-8F96-3F32D5894976}.DebugWithoutSetup|x86.ActiveCfg = Debug|Win32
		{3719AEB6-8932-4255-8F96-3F32D5894976}.DebugWithoutSetup|x86.Build.0 = Debug|Win32
		{3719AEB6-8932-4255-8F96-3F32D5894976}.DVD-5|Any CPU.ActiveCfg = Debug|Win32
		{3719AEB6-8932-4255-8F96-3F32D5894976}.DVD-5|Mixed Platforms.ActiveCfg = Debug|Win32
		{3719AEB6-8932-4255-8F96-3F32D5894976}.DVD-5|Mixed Platforms.Build.0 = Debug|Win32
		{3719AEB6-8932-4255-8F96-3F32D5894976}.DVD-5|Win32.ActiveCfg = Debug|Win32
		{3719AEB6-8932-4255-8F96-3F32D5894976}.DVD-5|Win32.Build.0 = Debug|Win32
		{3719AEB6-8932-4255-8F96-3F32D5894976}.DVD-5|x64.ActiveCfg = Debug|x64
		{3719AEB6-8932-4255-8F96-3F32D5894976}.DVD-5|x64.Build.0 = Debug|x64
		{3719AEB6-8932-4255-8F96-3F32D5894976}.DVD-5|x86.ActiveCfg = Debug|Win32
		{3719AEB6-8932-4255-8F96-3F32D5894976}.DVD-5|x86.Build.0 = Debug|Win32
		{3719AEB6-8932-4255-8F96-3F32D5894976}.Release|Any CPU.ActiveCfg = Release|Win32
		{3719AEB6-8932-4255-8F96-3F32D5894976}.Release|Mixed Platforms.ActiveCfg = Release|Win32
		{3719AEB6-8932-4255-8F96-3F32D5894976}.Release|Mixed Platforms.Build.0 = Release|Win32
		{3719AEB6-8932-4255-8F96-3F32D5894976}.Release|Win32.ActiveCfg = Release|Win32
		{3719AEB6-8932-4255-8F96-3F32D5894976}.Release|Win32.Build.0 = Release|Win32
		{3719AEB6-8932-4255-8F96-3F32D5894976}.Release|x64.ActiveCfg = Release|x64
		{3719AEB6-8932-4255-8F96-3F32D5894976}.Release|x64.Build.0 = Release|x64
		{3719AEB6-8932-4255-8F96-3F32D5894976}.Release|x86.ActiveCfg = Release|Win32
		{3719AEB6-8932-4255-8F96-3F32D5894976}.Release|x86.Build.0 = Release|Win32
		{3719AEB6-8932-4255-8F96-3F32D5894976}.SingleImage|Any CPU.ActiveCfg = Release|Win32
		{3719AEB6-8932-4255-8F96-3F32D5894976}.SingleImage|Mixed Platforms.ActiveCfg = Release|Win32
		{3719AEB6-8932-4255-8F96-3F32D5894976}.SingleImage|Mixed Platforms.Build.0 = Release|Win32
		{3719AEB6-8932-4255-8F96-3F32D5894976}.SingleImage|Win32.ActiveCfg = Release|Win32
		{3719AEB6-8932-4255-8F96-3F32D5894976}.SingleImage|Win32.Build.0 = Release|Win32
		{3719AEB6-8932-4255-8F96-3F32D5894976}.SingleImage|x64.ActiveCfg = Release|x64
		{3719AEB6-8932-4255-8F96-3F32D5894976}.SingleImage|x64.Build.0 = Release|x64
		{3719AEB6-8932-4255-8F96-3F32D5894976}.SingleImage|x86.ActiveCfg = Release|Win32
		{3719AEB6-8932-4255-8F96-3F32D5894976}.SingleImage|x86.Build.0 = Release|Win32
		{57E01870-2AAF-4036-96F8-FDB8A0F18AF7}.CD_ROM|Any CPU.ActiveCfg = Release|Any CPU
		{57E01870-2AAF-4036-96F8-FDB8A0F18AF7}.CD_ROM|Any CPU.Build.0 = Release|Any CPU
		{57E01870-2AAF-4036-96F8-FDB8A0F18AF7}.CD_ROM|Mixed Platforms.ActiveCfg = Release|Any CPU
		{57E01870-2AAF-4036-96F8-FDB8A0F18AF7}.CD_ROM|Mixed Platforms.Build.0 = Release|Any CPU
		{57E01870-2AAF-4036-96F8-FDB8A0F18AF7}.CD_ROM|Win32.ActiveCfg = Release|Any CPU
		{57E01870-2AAF-4036-96F8-FDB8A0F18AF7}.CD_ROM|x64.ActiveCfg = Release|Any CPU
		{57E01870-2AAF-4036-96F8-FDB8A0F18AF7}.CD_ROM|x86.ActiveCfg = Release|Any CPU
		{57E01870-2AAF-4036-96F8-FDB8A0F18AF7}.Debug|Any CPU.ActiveCfg = Debug|Any CPU
		{57E01870-2AAF-4036-96F8-FDB8A0F18AF7}.Debug|Any CPU.Build.0 = Debug|Any CPU
		{57E01870-2AAF-4036-96F8-FDB8A0F18AF7}.Debug|Mixed Platforms.ActiveCfg = Debug|Any CPU
		{57E01870-2AAF-4036-96F8-FDB8A0F18AF7}.Debug|Mixed Platforms.Build.0 = Debug|Any CPU
		{57E01870-2AAF-4036-96F8-FDB8A0F18AF7}.Debug|Win32.ActiveCfg = Debug|Any CPU
		{57E01870-2AAF-4036-96F8-FDB8A0F18AF7}.Debug|x64.ActiveCfg = Debug|Any CPU
		{57E01870-2AAF-4036-96F8-FDB8A0F18AF7}.Debug|x86.ActiveCfg = Debug|Any CPU
		{57E01870-2AAF-4036-96F8-FDB8A0F18AF7}.DebugWithoutPlugins|Any CPU.ActiveCfg = Debug|Any CPU
		{57E01870-2AAF-4036-96F8-FDB8A0F18AF7}.DebugWithoutPlugins|Any CPU.Build.0 = Debug|Any CPU
		{57E01870-2AAF-4036-96F8-FDB8A0F18AF7}.DebugWithoutPlugins|Mixed Platforms.ActiveCfg = Debug|Any CPU
		{57E01870-2AAF-4036-96F8-FDB8A0F18AF7}.DebugWithoutPlugins|Mixed Platforms.Build.0 = Debug|Any CPU
		{57E01870-2AAF-4036-96F8-FDB8A0F18AF7}.DebugWithoutPlugins|Win32.ActiveCfg = Debug|Any CPU
		{57E01870-2AAF-4036-96F8-FDB8A0F18AF7}.DebugWithoutPlugins|x64.ActiveCfg = Debug|Any CPU
		{57E01870-2AAF-4036-96F8-FDB8A0F18AF7}.DebugWithoutPlugins|x86.ActiveCfg = Debug|Any CPU
		{57E01870-2AAF-4036-96F8-FDB8A0F18AF7}.DebugWithoutSetup|Any CPU.ActiveCfg = Debug|Any CPU
		{57E01870-2AAF-4036-96F8-FDB8A0F18AF7}.DebugWithoutSetup|Any CPU.Build.0 = Debug|Any CPU
		{57E01870-2AAF-4036-96F8-FDB8A0F18AF7}.DebugWithoutSetup|Mixed Platforms.ActiveCfg = Debug|Any CPU
		{57E01870-2AAF-4036-96F8-FDB8A0F18AF7}.DebugWithoutSetup|Mixed Platforms.Build.0 = Debug|Any CPU
		{57E01870-2AAF-4036-96F8-FDB8A0F18AF7}.DebugWithoutSetup|Win32.ActiveCfg = Debug|Any CPU
		{57E01870-2AAF-4036-96F8-FDB8A0F18AF7}.DebugWithoutSetup|x64.ActiveCfg = Debug|Any CPU
		{57E01870-2AAF-4036-96F8-FDB8A0F18AF7}.DebugWithoutSetup|x86.ActiveCfg = Debug|Any CPU
		{57E01870-2AAF-4036-96F8-FDB8A0F18AF7}.DVD-5|Any CPU.ActiveCfg = Debug|Any CPU
		{57E01870-2AAF-4036-96F8-FDB8A0F18AF7}.DVD-5|Any CPU.Build.0 = Debug|Any CPU
		{57E01870-2AAF-4036-96F8-FDB8A0F18AF7}.DVD-5|Mixed Platforms.ActiveCfg = Debug|Any CPU
		{57E01870-2AAF-4036-96F8-FDB8A0F18AF7}.DVD-5|Mixed Platforms.Build.0 = Debug|Any CPU
		{57E01870-2AAF-4036-96F8-FDB8A0F18AF7}.DVD-5|Win32.ActiveCfg = Debug|Any CPU
		{57E01870-2AAF-4036-96F8-FDB8A0F18AF7}.DVD-5|x64.ActiveCfg = Debug|Any CPU
		{57E01870-2AAF-4036-96F8-FDB8A0F18AF7}.DVD-5|x86.ActiveCfg = Debug|Any CPU
		{57E01870-2AAF-4036-96F8-FDB8A0F18AF7}.Release|Any CPU.ActiveCfg = Release|Any CPU
		{57E01870-2AAF-4036-96F8-FDB8A0F18AF7}.Release|Any CPU.Build.0 = Release|Any CPU
		{57E01870-2AAF-4036-96F8-FDB8A0F18AF7}.Release|Mixed Platforms.ActiveCfg = Release|Any CPU
		{57E01870-2AAF-4036-96F8-FDB8A0F18AF7}.Release|Mixed Platforms.Build.0 = Release|Any CPU
		{57E01870-2AAF-4036-96F8-FDB8A0F18AF7}.Release|Win32.ActiveCfg = Release|Any CPU
		{57E01870-2AAF-4036-96F8-FDB8A0F18AF7}.Release|x64.ActiveCfg = Release|Any CPU
		{57E01870-2AAF-4036-96F8-FDB8A0F18AF7}.Release|x86.ActiveCfg = Release|Any CPU
		{57E01870-2AAF-4036-96F8-FDB8A0F18AF7}.SingleImage|Any CPU.ActiveCfg = Release|Any CPU
		{57E01870-2AAF-4036-96F8-FDB8A0F18AF7}.SingleImage|Any CPU.Build.0 = Release|Any CPU
		{57E01870-2AAF-4036-96F8-FDB8A0F18AF7}.SingleImage|Mixed Platforms.ActiveCfg = Release|Any CPU
		{57E01870-2AAF-4036-96F8-FDB8A0F18AF7}.SingleImage|Mixed Platforms.Build.0 = Release|Any CPU
		{57E01870-2AAF-4036-96F8-FDB8A0F18AF7}.SingleImage|Win32.ActiveCfg = Release|Any CPU
		{57E01870-2AAF-4036-96F8-FDB8A0F18AF7}.SingleImage|x64.ActiveCfg = Release|Any CPU
		{57E01870-2AAF-4036-96F8-FDB8A0F18AF7}.SingleImage|x86.ActiveCfg = Release|Any CPU
		{226F3575-B683-446D-A2F0-181291DC8787}.CD_ROM|Any CPU.ActiveCfg = Release|Any CPU
		{226F3575-B683-446D-A2F0-181291DC8787}.CD_ROM|Any CPU.Build.0 = Release|Any CPU
		{226F3575-B683-446D-A2F0-181291DC8787}.CD_ROM|Mixed Platforms.ActiveCfg = Release|Any CPU
		{226F3575-B683-446D-A2F0-181291DC8787}.CD_ROM|Mixed Platforms.Build.0 = Release|Any CPU
		{226F3575-B683-446D-A2F0-181291DC8787}.CD_ROM|Win32.ActiveCfg = Release|Any CPU
		{226F3575-B683-446D-A2F0-181291DC8787}.CD_ROM|x64.ActiveCfg = Release|Any CPU
		{226F3575-B683-446D-A2F0-181291DC8787}.CD_ROM|x86.ActiveCfg = Release|Any CPU
		{226F3575-B683-446D-A2F0-181291DC8787}.Debug|Any CPU.ActiveCfg = Debug|Any CPU
		{226F3575-B683-446D-A2F0-181291DC8787}.Debug|Any CPU.Build.0 = Debug|Any CPU
		{226F3575-B683-446D-A2F0-181291DC8787}.Debug|Mixed Platforms.ActiveCfg = Debug|Any CPU
		{226F3575-B683-446D-A2F0-181291DC8787}.Debug|Mixed Platforms.Build.0 = Debug|Any CPU
		{226F3575-B683-446D-A2F0-181291DC8787}.Debug|Win32.ActiveCfg = Debug|Any CPU
		{226F3575-B683-446D-A2F0-181291DC8787}.Debug|x64.ActiveCfg = Debug|Any CPU
		{226F3575-B683-446D-A2F0-181291DC8787}.Debug|x86.ActiveCfg = Debug|Any CPU
		{226F3575-B683-446D-A2F0-181291DC8787}.DebugWithoutPlugins|Any CPU.ActiveCfg = Debug|Any CPU
		{226F3575-B683-446D-A2F0-181291DC8787}.DebugWithoutPlugins|Any CPU.Build.0 = Debug|Any CPU
		{226F3575-B683-446D-A2F0-181291DC8787}.DebugWithoutPlugins|Mixed Platforms.ActiveCfg = Debug|Any CPU
		{226F3575-B683-446D-A2F0-181291DC8787}.DebugWithoutPlugins|Mixed Platforms.Build.0 = Debug|Any CPU
		{226F3575-B683-446D-A2F0-181291DC8787}.DebugWithoutPlugins|Win32.ActiveCfg = Debug|Any CPU
		{226F3575-B683-446D-A2F0-181291DC8787}.DebugWithoutPlugins|x64.ActiveCfg = Debug|Any CPU
		{226F3575-B683-446D-A2F0-181291DC8787}.DebugWithoutPlugins|x86.ActiveCfg = Debug|Any CPU
		{226F3575-B683-446D-A2F0-181291DC8787}.DebugWithoutSetup|Any CPU.ActiveCfg = Debug|Any CPU
		{226F3575-B683-446D-A2F0-181291DC8787}.DebugWithoutSetup|Any CPU.Build.0 = Debug|Any CPU
		{226F3575-B683-446D-A2F0-181291DC8787}.DebugWithoutSetup|Mixed Platforms.ActiveCfg = Debug|Any CPU
		{226F3575-B683-446D-A2F0-181291DC8787}.DebugWithoutSetup|Mixed Platforms.Build.0 = Debug|Any CPU
		{226F3575-B683-446D-A2F0-181291DC8787}.DebugWithoutSetup|Win32.ActiveCfg = Debug|Any CPU
		{226F3575-B683-446D-A2F0-181291DC8787}.DebugWithoutSetup|x64.ActiveCfg = Debug|Any CPU
		{226F3575-B683-446D-A2F0-181291DC8787}.DebugWithoutSetup|x86.ActiveCfg = Debug|Any CPU
		{226F3575-B683-446D-A2F0-181291DC8787}.DVD-5|Any CPU.ActiveCfg = Debug|Any CPU
		{226F3575-B683-446D-A2F0-181291DC8787}.DVD-5|Any CPU.Build.0 = Debug|Any CPU
		{226F3575-B683-446D-A2F0-181291DC8787}.DVD-5|Mixed Platforms.ActiveCfg = Debug|Any CPU
		{226F3575-B683-446D-A2F0-181291DC8787}.DVD-5|Mixed Platforms.Build.0 = Debug|Any CPU
		{226F3575-B683-446D-A2F0-181291DC8787}.DVD-5|Win32.ActiveCfg = Debug|Any CPU
		{226F3575-B683-446D-A2F0-181291DC8787}.DVD-5|x64.ActiveCfg = Debug|Any CPU
		{226F3575-B683-446D-A2F0-181291DC8787}.DVD-5|x86.ActiveCfg = Debug|Any CPU
		{226F3575-B683-446D-A2F0-181291DC8787}.Release|Any CPU.ActiveCfg = Release|Any CPU
		{226F3575-B683-446D-A2F0-181291DC8787}.Release|Any CPU.Build.0 = Release|Any CPU
		{226F3575-B683-446D-A2F0-181291DC8787}.Release|Mixed Platforms.ActiveCfg = Release|Any CPU
		{226F3575-B683-446D-A2F0-181291DC8787}.Release|Mixed Platforms.Build.0 = Release|Any CPU
		{226F3575-B683-446D-A2F0-181291DC8787}.Release|Win32.ActiveCfg = Release|Any CPU
		{226F3575-B683-446D-A2F0-181291DC8787}.Release|x64.ActiveCfg = Release|Any CPU
		{226F3575-B683-446D-A2F0-181291DC8787}.Release|x86.ActiveCfg = Release|Any CPU
		{226F3575-B683-446D-A2F0-181291DC8787}.SingleImage|Any CPU.ActiveCfg = Release|Any CPU
		{226F3575-B683-446D-A2F0-181291DC8787}.SingleImage|Any CPU.Build.0 = Release|Any CPU
		{226F3575-B683-446D-A2F0-181291DC8787}.SingleImage|Mixed Platforms.ActiveCfg = Release|Any CPU
		{226F3575-B683-446D-A2F0-181291DC8787}.SingleImage|Mixed Platforms.Build.0 = Release|Any CPU
		{226F3575-B683-446D-A2F0-181291DC8787}.SingleImage|Win32.ActiveCfg = Release|Any CPU
		{226F3575-B683-446D-A2F0-181291DC8787}.SingleImage|x64.ActiveCfg = Release|Any CPU
		{226F3575-B683-446D-A2F0-181291DC8787}.SingleImage|x86.ActiveCfg = Release|Any CPU
	EndGlobalSection
	GlobalSection(SolutionProperties) = preSolution
		HideSolutionNode = FALSE
	EndGlobalSection
EndGlobal
