
Microsoft Visual Studio Solution File, Format Version 12.00
# Visual Studio 2013
VisualStudioVersion = 12.0.21005.1
MinimumVisualStudioVersion = 10.0.40219.1
Project("{8BC9CEB8-8B4A-11D0-8D11-00A0C91BC942}") = "SmileNet", "SmileNet\smileNet_public.vcxproj", "{3719AEB6-8932-4255-8F96-3F32D5894976}"
EndProject
Project("{FAE04EC0-301F-11D3-BF4B-00C04F79EFBC}") = "Marv", "Marv\Marv.csproj", "{8F3727CE-D0A7-4F58-A9BF-F0D2A130F912}"
EndProject
Project("{FAE04EC0-301F-11D3-BF4B-00C04F79EFBC}") = "Marv.Common", "Marv.Common\Marv.Common.csproj", "{A17E2D7F-D5E8-4A8F-9394-9748C0DDBD1D}"
EndProject
Project("{FAE04EC0-301F-11D3-BF4B-00C04F79EFBC}") = "Marv.Corlas", "Marv.Corlas\Marv.Corlas.csproj", "{3C8D0EE0-9487-4913-A990-63E0CFA860CD}"
EndProject
Project("{FAE04EC0-301F-11D3-BF4B-00C04F79EFBC}") = "Marv.Controls", "Marv.Controls\Marv.Controls.csproj", "{37506E1A-457B-4186-8C4F-11BA0E7AA78E}"
EndProject
Project("{FAE04EC0-301F-11D3-BF4B-00C04F79EFBC}") = "Marv.Synergi", "Marv.Synergi\Marv.Synergi.csproj", "{86E0501D-E37E-4E5C-82DA-CA0E791FE0DA}"
EndProject
Global
	GlobalSection(SolutionConfigurationPlatforms) = preSolution
		CD_ROM|Any CPU = CD_ROM|Any CPU
		CD_ROM|Mixed Platforms = CD_ROM|Mixed Platforms
		CD_ROM|Win32 = CD_ROM|Win32
		CD_ROM|x64 = CD_ROM|x64
		CD_ROM|x86 = CD_ROM|x86
		Custom|Any CPU = Custom|Any CPU
		Custom|Mixed Platforms = Custom|Mixed Platforms
		Custom|Win32 = Custom|Win32
		Custom|x64 = Custom|x64
		Custom|x86 = Custom|x86
		Debug|Any CPU = Debug|Any CPU
		Debug|Mixed Platforms = Debug|Mixed Platforms
		Debug|Win32 = Debug|Win32
		Debug|x64 = Debug|x64
		Debug|x86 = Debug|x86
		DebugWithoutPlugins|Any CPU = DebugWithoutPlugins|Any CPU
		DebugWithoutPlugins|Mixed Platforms = DebugWithoutPlugins|Mixed Platforms
		DebugWithoutPlugins|Win32 = DebugWithoutPlugins|Win32
		DebugWithoutPlugins|x64 = DebugWithoutPlugins|x64
		DebugWithoutPlugins|x86 = DebugWithoutPlugins|x86
		DebugWithoutSetup|Any CPU = DebugWithoutSetup|Any CPU
		DebugWithoutSetup|Mixed Platforms = DebugWithoutSetup|Mixed Platforms
		DebugWithoutSetup|Win32 = DebugWithoutSetup|Win32
		DebugWithoutSetup|x64 = DebugWithoutSetup|x64
		DebugWithoutSetup|x86 = DebugWithoutSetup|x86
		DVD-10|Any CPU = DVD-10|Any CPU
		DVD-10|Mixed Platforms = DVD-10|Mixed Platforms
		DVD-10|Win32 = DVD-10|Win32
		DVD-10|x64 = DVD-10|x64
		DVD-10|x86 = DVD-10|x86
		DVD-18|Any CPU = DVD-18|Any CPU
		DVD-18|Mixed Platforms = DVD-18|Mixed Platforms
		DVD-18|Win32 = DVD-18|Win32
		DVD-18|x64 = DVD-18|x64
		DVD-18|x86 = DVD-18|x86
		DVD-5|Any CPU = DVD-5|Any CPU
		DVD-5|Mixed Platforms = DVD-5|Mixed Platforms
		DVD-5|Win32 = DVD-5|Win32
		DVD-5|x64 = DVD-5|x64
		DVD-5|x86 = DVD-5|x86
		DVD-9|Any CPU = DVD-9|Any CPU
		DVD-9|Mixed Platforms = DVD-9|Mixed Platforms
		DVD-9|Win32 = DVD-9|Win32
		DVD-9|x64 = DVD-9|x64
		DVD-9|x86 = DVD-9|x86
		Release|Any CPU = Release|Any CPU
		Release|Mixed Platforms = Release|Mixed Platforms
		Release|Win32 = Release|Win32
		Release|x64 = Release|x64
		Release|x86 = Release|x86
		SingleImage|Any CPU = SingleImage|Any CPU
		SingleImage|Mixed Platforms = SingleImage|Mixed Platforms
		SingleImage|Win32 = SingleImage|Win32
		SingleImage|x64 = SingleImage|x64
		SingleImage|x86 = SingleImage|x86
		WebDeployment|Any CPU = WebDeployment|Any CPU
		WebDeployment|Mixed Platforms = WebDeployment|Mixed Platforms
		WebDeployment|Win32 = WebDeployment|Win32
		WebDeployment|x64 = WebDeployment|x64
		WebDeployment|x86 = WebDeployment|x86
	EndGlobalSection
	GlobalSection(ProjectConfigurationPlatforms) = postSolution
		{3719AEB6-8932-4255-8F96-3F32D5894976}.CD_ROM|Any CPU.ActiveCfg = Release|Win32
		{3719AEB6-8932-4255-8F96-3F32D5894976}.CD_ROM|Mixed Platforms.ActiveCfg = Release|Win32
		{3719AEB6-8932-4255-8F96-3F32D5894976}.CD_ROM|Mixed Platforms.Build.0 = Release|Win32
		{3719AEB6-8932-4255-8F96-3F32D5894976}.CD_ROM|Win32.ActiveCfg = Release|Win32
		{3719AEB6-8932-4255-8F96-3F32D5894976}.CD_ROM|Win32.Build.0 = Release|Win32
		{3719AEB6-8932-4255-8F96-3F32D5894976}.CD_ROM|x64.ActiveCfg = Release|x64
		{3719AEB6-8932-4255-8F96-3F32D5894976}.CD_ROM|x64.Build.0 = Release|x64
		{3719AEB6-8932-4255-8F96-3F32D5894976}.CD_ROM|x86.ActiveCfg = Release|Win32
		{3719AEB6-8932-4255-8F96-3F32D5894976}.CD_ROM|x86.Build.0 = Release|Win32
		{3719AEB6-8932-4255-8F96-3F32D5894976}.Custom|Any CPU.ActiveCfg = Debug|Win32
		{3719AEB6-8932-4255-8F96-3F32D5894976}.Custom|Mixed Platforms.ActiveCfg = Debug|Win32
		{3719AEB6-8932-4255-8F96-3F32D5894976}.Custom|Mixed Platforms.Build.0 = Debug|Win32
		{3719AEB6-8932-4255-8F96-3F32D5894976}.Custom|Win32.ActiveCfg = Debug|Win32
		{3719AEB6-8932-4255-8F96-3F32D5894976}.Custom|Win32.Build.0 = Debug|Win32
		{3719AEB6-8932-4255-8F96-3F32D5894976}.Custom|x64.ActiveCfg = Debug|x64
		{3719AEB6-8932-4255-8F96-3F32D5894976}.Custom|x64.Build.0 = Debug|x64
		{3719AEB6-8932-4255-8F96-3F32D5894976}.Custom|x86.ActiveCfg = Debug|Win32
		{3719AEB6-8932-4255-8F96-3F32D5894976}.Custom|x86.Build.0 = Debug|Win32
		{3719AEB6-8932-4255-8F96-3F32D5894976}.Debug|Any CPU.ActiveCfg = Release|x64
		{3719AEB6-8932-4255-8F96-3F32D5894976}.Debug|Any CPU.Build.0 = Release|x64
		{3719AEB6-8932-4255-8F96-3F32D5894976}.Debug|Mixed Platforms.ActiveCfg = Debug|Win32
		{3719AEB6-8932-4255-8F96-3F32D5894976}.Debug|Mixed Platforms.Build.0 = Debug|Win32
		{3719AEB6-8932-4255-8F96-3F32D5894976}.Debug|Win32.ActiveCfg = Debug|Win32
		{3719AEB6-8932-4255-8F96-3F32D5894976}.Debug|Win32.Build.0 = Debug|Win32
		{3719AEB6-8932-4255-8F96-3F32D5894976}.Debug|x64.ActiveCfg = Debug|x64
		{3719AEB6-8932-4255-8F96-3F32D5894976}.Debug|x64.Build.0 = Debug|x64
		{3719AEB6-8932-4255-8F96-3F32D5894976}.Debug|x86.ActiveCfg = Debug|Win32
		{3719AEB6-8932-4255-8F96-3F32D5894976}.Debug|x86.Build.0 = Debug|Win32
		{3719AEB6-8932-4255-8F96-3F32D5894976}.DebugWithoutPlugins|Any CPU.ActiveCfg = Debug|Win32
		{3719AEB6-8932-4255-8F96-3F32D5894976}.DebugWithoutPlugins|Mixed Platforms.ActiveCfg = Debug|Win32
		{3719AEB6-8932-4255-8F96-3F32D5894976}.DebugWithoutPlugins|Mixed Platforms.Build.0 = Debug|Win32
		{3719AEB6-8932-4255-8F96-3F32D5894976}.DebugWithoutPlugins|Win32.ActiveCfg = Debug|Win32
		{3719AEB6-8932-4255-8F96-3F32D5894976}.DebugWithoutPlugins|Win32.Build.0 = Debug|Win32
		{3719AEB6-8932-4255-8F96-3F32D5894976}.DebugWithoutPlugins|x64.ActiveCfg = Debug|x64
		{3719AEB6-8932-4255-8F96-3F32D5894976}.DebugWithoutPlugins|x64.Build.0 = Debug|x64
		{3719AEB6-8932-4255-8F96-3F32D5894976}.DebugWithoutPlugins|x86.ActiveCfg = Debug|Win32
		{3719AEB6-8932-4255-8F96-3F32D5894976}.DebugWithoutPlugins|x86.Build.0 = Debug|Win32
		{3719AEB6-8932-4255-8F96-3F32D5894976}.DebugWithoutSetup|Any CPU.ActiveCfg = Release|x64
		{3719AEB6-8932-4255-8F96-3F32D5894976}.DebugWithoutSetup|Any CPU.Build.0 = Release|x64
		{3719AEB6-8932-4255-8F96-3F32D5894976}.DebugWithoutSetup|Mixed Platforms.ActiveCfg = Debug|Win32
		{3719AEB6-8932-4255-8F96-3F32D5894976}.DebugWithoutSetup|Mixed Platforms.Build.0 = Debug|Win32
		{3719AEB6-8932-4255-8F96-3F32D5894976}.DebugWithoutSetup|Win32.ActiveCfg = Debug|Win32
		{3719AEB6-8932-4255-8F96-3F32D5894976}.DebugWithoutSetup|Win32.Build.0 = Debug|Win32
		{3719AEB6-8932-4255-8F96-3F32D5894976}.DebugWithoutSetup|x64.ActiveCfg = Debug|x64
		{3719AEB6-8932-4255-8F96-3F32D5894976}.DebugWithoutSetup|x64.Build.0 = Debug|x64
		{3719AEB6-8932-4255-8F96-3F32D5894976}.DebugWithoutSetup|x86.ActiveCfg = Debug|Win32
		{3719AEB6-8932-4255-8F96-3F32D5894976}.DebugWithoutSetup|x86.Build.0 = Debug|Win32
		{3719AEB6-8932-4255-8F96-3F32D5894976}.DVD-10|Any CPU.ActiveCfg = Debug|Win32
		{3719AEB6-8932-4255-8F96-3F32D5894976}.DVD-10|Mixed Platforms.ActiveCfg = Debug|Win32
		{3719AEB6-8932-4255-8F96-3F32D5894976}.DVD-10|Mixed Platforms.Build.0 = Debug|Win32
		{3719AEB6-8932-4255-8F96-3F32D5894976}.DVD-10|Win32.ActiveCfg = Debug|Win32
		{3719AEB6-8932-4255-8F96-3F32D5894976}.DVD-10|Win32.Build.0 = Debug|Win32
		{3719AEB6-8932-4255-8F96-3F32D5894976}.DVD-10|x64.ActiveCfg = Debug|x64
		{3719AEB6-8932-4255-8F96-3F32D5894976}.DVD-10|x64.Build.0 = Debug|x64
		{3719AEB6-8932-4255-8F96-3F32D5894976}.DVD-10|x86.ActiveCfg = Debug|Win32
		{3719AEB6-8932-4255-8F96-3F32D5894976}.DVD-10|x86.Build.0 = Debug|Win32
		{3719AEB6-8932-4255-8F96-3F32D5894976}.DVD-18|Any CPU.ActiveCfg = Debug|Win32
		{3719AEB6-8932-4255-8F96-3F32D5894976}.DVD-18|Mixed Platforms.ActiveCfg = Debug|Win32
		{3719AEB6-8932-4255-8F96-3F32D5894976}.DVD-18|Mixed Platforms.Build.0 = Debug|Win32
		{3719AEB6-8932-4255-8F96-3F32D5894976}.DVD-18|Win32.ActiveCfg = Debug|Win32
		{3719AEB6-8932-4255-8F96-3F32D5894976}.DVD-18|Win32.Build.0 = Debug|Win32
		{3719AEB6-8932-4255-8F96-3F32D5894976}.DVD-18|x64.ActiveCfg = Debug|x64
		{3719AEB6-8932-4255-8F96-3F32D5894976}.DVD-18|x64.Build.0 = Debug|x64
		{3719AEB6-8932-4255-8F96-3F32D5894976}.DVD-18|x86.ActiveCfg = Debug|Win32
		{3719AEB6-8932-4255-8F96-3F32D5894976}.DVD-18|x86.Build.0 = Debug|Win32
		{3719AEB6-8932-4255-8F96-3F32D5894976}.DVD-5|Any CPU.ActiveCfg = Debug|Win32
		{3719AEB6-8932-4255-8F96-3F32D5894976}.DVD-5|Mixed Platforms.ActiveCfg = Debug|Win32
		{3719AEB6-8932-4255-8F96-3F32D5894976}.DVD-5|Mixed Platforms.Build.0 = Debug|Win32
		{3719AEB6-8932-4255-8F96-3F32D5894976}.DVD-5|Win32.ActiveCfg = Debug|Win32
		{3719AEB6-8932-4255-8F96-3F32D5894976}.DVD-5|Win32.Build.0 = Debug|Win32
		{3719AEB6-8932-4255-8F96-3F32D5894976}.DVD-5|x64.ActiveCfg = Debug|x64
		{3719AEB6-8932-4255-8F96-3F32D5894976}.DVD-5|x64.Build.0 = Debug|x64
		{3719AEB6-8932-4255-8F96-3F32D5894976}.DVD-5|x86.ActiveCfg = Debug|Win32
		{3719AEB6-8932-4255-8F96-3F32D5894976}.DVD-5|x86.Build.0 = Debug|Win32
		{3719AEB6-8932-4255-8F96-3F32D5894976}.DVD-9|Any CPU.ActiveCfg = Debug|Win32
		{3719AEB6-8932-4255-8F96-3F32D5894976}.DVD-9|Mixed Platforms.ActiveCfg = Debug|Win32
		{3719AEB6-8932-4255-8F96-3F32D5894976}.DVD-9|Mixed Platforms.Build.0 = Debug|Win32
		{3719AEB6-8932-4255-8F96-3F32D5894976}.DVD-9|Win32.ActiveCfg = Debug|Win32
		{3719AEB6-8932-4255-8F96-3F32D5894976}.DVD-9|Win32.Build.0 = Debug|Win32
		{3719AEB6-8932-4255-8F96-3F32D5894976}.DVD-9|x64.ActiveCfg = Debug|x64
		{3719AEB6-8932-4255-8F96-3F32D5894976}.DVD-9|x64.Build.0 = Debug|x64
		{3719AEB6-8932-4255-8F96-3F32D5894976}.DVD-9|x86.ActiveCfg = Debug|Win32
		{3719AEB6-8932-4255-8F96-3F32D5894976}.DVD-9|x86.Build.0 = Debug|Win32
		{3719AEB6-8932-4255-8F96-3F32D5894976}.Release|Any CPU.ActiveCfg = Release|Win32
		{3719AEB6-8932-4255-8F96-3F32D5894976}.Release|Mixed Platforms.ActiveCfg = Release|Win32
		{3719AEB6-8932-4255-8F96-3F32D5894976}.Release|Mixed Platforms.Build.0 = Release|Win32
		{3719AEB6-8932-4255-8F96-3F32D5894976}.Release|Win32.ActiveCfg = Release|Win32
		{3719AEB6-8932-4255-8F96-3F32D5894976}.Release|Win32.Build.0 = Release|Win32
		{3719AEB6-8932-4255-8F96-3F32D5894976}.Release|x64.ActiveCfg = Release|x64
		{3719AEB6-8932-4255-8F96-3F32D5894976}.Release|x64.Build.0 = Release|x64
		{3719AEB6-8932-4255-8F96-3F32D5894976}.Release|x86.ActiveCfg = Release|Win32
		{3719AEB6-8932-4255-8F96-3F32D5894976}.Release|x86.Build.0 = Release|Win32
		{3719AEB6-8932-4255-8F96-3F32D5894976}.SingleImage|Any CPU.ActiveCfg = Release|Win32
		{3719AEB6-8932-4255-8F96-3F32D5894976}.SingleImage|Mixed Platforms.ActiveCfg = Release|Win32
		{3719AEB6-8932-4255-8F96-3F32D5894976}.SingleImage|Mixed Platforms.Build.0 = Release|Win32
		{3719AEB6-8932-4255-8F96-3F32D5894976}.SingleImage|Win32.ActiveCfg = Release|Win32
		{3719AEB6-8932-4255-8F96-3F32D5894976}.SingleImage|Win32.Build.0 = Release|Win32
		{3719AEB6-8932-4255-8F96-3F32D5894976}.SingleImage|x64.ActiveCfg = Release|x64
		{3719AEB6-8932-4255-8F96-3F32D5894976}.SingleImage|x64.Build.0 = Release|x64
		{3719AEB6-8932-4255-8F96-3F32D5894976}.SingleImage|x86.ActiveCfg = Release|Win32
		{3719AEB6-8932-4255-8F96-3F32D5894976}.SingleImage|x86.Build.0 = Release|Win32
		{3719AEB6-8932-4255-8F96-3F32D5894976}.WebDeployment|Any CPU.ActiveCfg = Debug|Win32
		{3719AEB6-8932-4255-8F96-3F32D5894976}.WebDeployment|Mixed Platforms.ActiveCfg = Debug|Win32
		{3719AEB6-8932-4255-8F96-3F32D5894976}.WebDeployment|Mixed Platforms.Build.0 = Debug|Win32
		{3719AEB6-8932-4255-8F96-3F32D5894976}.WebDeployment|Win32.ActiveCfg = Debug|Win32
		{3719AEB6-8932-4255-8F96-3F32D5894976}.WebDeployment|Win32.Build.0 = Debug|Win32
		{3719AEB6-8932-4255-8F96-3F32D5894976}.WebDeployment|x64.ActiveCfg = Debug|x64
		{3719AEB6-8932-4255-8F96-3F32D5894976}.WebDeployment|x64.Build.0 = Debug|x64
		{3719AEB6-8932-4255-8F96-3F32D5894976}.WebDeployment|x86.ActiveCfg = Debug|Win32
		{3719AEB6-8932-4255-8F96-3F32D5894976}.WebDeployment|x86.Build.0 = Debug|Win32
		{8F3727CE-D0A7-4F58-A9BF-F0D2A130F912}.CD_ROM|Any CPU.ActiveCfg = DebugWithoutSetup|Any CPU
		{8F3727CE-D0A7-4F58-A9BF-F0D2A130F912}.CD_ROM|Any CPU.Build.0 = DebugWithoutSetup|Any CPU
		{8F3727CE-D0A7-4F58-A9BF-F0D2A130F912}.CD_ROM|Mixed Platforms.ActiveCfg = DebugWithoutSetup|Any CPU
		{8F3727CE-D0A7-4F58-A9BF-F0D2A130F912}.CD_ROM|Mixed Platforms.Build.0 = DebugWithoutSetup|Any CPU
		{8F3727CE-D0A7-4F58-A9BF-F0D2A130F912}.CD_ROM|Win32.ActiveCfg = DebugWithoutSetup|Any CPU
		{8F3727CE-D0A7-4F58-A9BF-F0D2A130F912}.CD_ROM|x64.ActiveCfg = DebugWithoutSetup|Any CPU
		{8F3727CE-D0A7-4F58-A9BF-F0D2A130F912}.CD_ROM|x86.ActiveCfg = DebugWithoutSetup|Any CPU
		{8F3727CE-D0A7-4F58-A9BF-F0D2A130F912}.Custom|Any CPU.ActiveCfg = Release|Any CPU
		{8F3727CE-D0A7-4F58-A9BF-F0D2A130F912}.Custom|Any CPU.Build.0 = Release|Any CPU
		{8F3727CE-D0A7-4F58-A9BF-F0D2A130F912}.Custom|Mixed Platforms.ActiveCfg = Release|Any CPU
		{8F3727CE-D0A7-4F58-A9BF-F0D2A130F912}.Custom|Mixed Platforms.Build.0 = Release|Any CPU
		{8F3727CE-D0A7-4F58-A9BF-F0D2A130F912}.Custom|Win32.ActiveCfg = Release|Any CPU
		{8F3727CE-D0A7-4F58-A9BF-F0D2A130F912}.Custom|x64.ActiveCfg = Release|Any CPU
		{8F3727CE-D0A7-4F58-A9BF-F0D2A130F912}.Custom|x86.ActiveCfg = Release|Any CPU
		{8F3727CE-D0A7-4F58-A9BF-F0D2A130F912}.Debug|Any CPU.ActiveCfg = Debug|Any CPU
		{8F3727CE-D0A7-4F58-A9BF-F0D2A130F912}.Debug|Any CPU.Build.0 = Debug|Any CPU
		{8F3727CE-D0A7-4F58-A9BF-F0D2A130F912}.Debug|Mixed Platforms.ActiveCfg = Debug|Any CPU
		{8F3727CE-D0A7-4F58-A9BF-F0D2A130F912}.Debug|Mixed Platforms.Build.0 = Debug|Any CPU
		{8F3727CE-D0A7-4F58-A9BF-F0D2A130F912}.Debug|Win32.ActiveCfg = Debug|Any CPU
		{8F3727CE-D0A7-4F58-A9BF-F0D2A130F912}.Debug|x64.ActiveCfg = Debug|Any CPU
		{8F3727CE-D0A7-4F58-A9BF-F0D2A130F912}.Debug|x86.ActiveCfg = Debug|Any CPU
		{8F3727CE-D0A7-4F58-A9BF-F0D2A130F912}.DebugWithoutPlugins|Any CPU.ActiveCfg = DebugWithoutSetup|Any CPU
		{8F3727CE-D0A7-4F58-A9BF-F0D2A130F912}.DebugWithoutPlugins|Any CPU.Build.0 = DebugWithoutSetup|Any CPU
		{8F3727CE-D0A7-4F58-A9BF-F0D2A130F912}.DebugWithoutPlugins|Mixed Platforms.ActiveCfg = DebugWithoutSetup|Any CPU
		{8F3727CE-D0A7-4F58-A9BF-F0D2A130F912}.DebugWithoutPlugins|Mixed Platforms.Build.0 = DebugWithoutSetup|Any CPU
		{8F3727CE-D0A7-4F58-A9BF-F0D2A130F912}.DebugWithoutPlugins|Win32.ActiveCfg = DebugWithoutSetup|Any CPU
		{8F3727CE-D0A7-4F58-A9BF-F0D2A130F912}.DebugWithoutPlugins|x64.ActiveCfg = DebugWithoutSetup|Any CPU
		{8F3727CE-D0A7-4F58-A9BF-F0D2A130F912}.DebugWithoutPlugins|x86.ActiveCfg = DebugWithoutSetup|Any CPU
		{8F3727CE-D0A7-4F58-A9BF-F0D2A130F912}.DebugWithoutSetup|Any CPU.ActiveCfg = Debug|Any CPU
		{8F3727CE-D0A7-4F58-A9BF-F0D2A130F912}.DebugWithoutSetup|Any CPU.Build.0 = Debug|Any CPU
		{8F3727CE-D0A7-4F58-A9BF-F0D2A130F912}.DebugWithoutSetup|Mixed Platforms.ActiveCfg = DebugWithoutSetup|Any CPU
		{8F3727CE-D0A7-4F58-A9BF-F0D2A130F912}.DebugWithoutSetup|Mixed Platforms.Build.0 = DebugWithoutSetup|Any CPU
		{8F3727CE-D0A7-4F58-A9BF-F0D2A130F912}.DebugWithoutSetup|Win32.ActiveCfg = DebugWithoutSetup|Any CPU
		{8F3727CE-D0A7-4F58-A9BF-F0D2A130F912}.DebugWithoutSetup|x64.ActiveCfg = DebugWithoutSetup|Any CPU
		{8F3727CE-D0A7-4F58-A9BF-F0D2A130F912}.DebugWithoutSetup|x86.ActiveCfg = DebugWithoutSetup|Any CPU
		{8F3727CE-D0A7-4F58-A9BF-F0D2A130F912}.DVD-10|Any CPU.ActiveCfg = Debug|Any CPU
		{8F3727CE-D0A7-4F58-A9BF-F0D2A130F912}.DVD-10|Any CPU.Build.0 = Debug|Any CPU
		{8F3727CE-D0A7-4F58-A9BF-F0D2A130F912}.DVD-10|Mixed Platforms.ActiveCfg = Debug|Any CPU
		{8F3727CE-D0A7-4F58-A9BF-F0D2A130F912}.DVD-10|Mixed Platforms.Build.0 = Debug|Any CPU
		{8F3727CE-D0A7-4F58-A9BF-F0D2A130F912}.DVD-10|Win32.ActiveCfg = Debug|Any CPU
		{8F3727CE-D0A7-4F58-A9BF-F0D2A130F912}.DVD-10|x64.ActiveCfg = Debug|Any CPU
		{8F3727CE-D0A7-4F58-A9BF-F0D2A130F912}.DVD-10|x86.ActiveCfg = Debug|Any CPU
		{8F3727CE-D0A7-4F58-A9BF-F0D2A130F912}.DVD-18|Any CPU.ActiveCfg = Debug|Any CPU
		{8F3727CE-D0A7-4F58-A9BF-F0D2A130F912}.DVD-18|Any CPU.Build.0 = Debug|Any CPU
		{8F3727CE-D0A7-4F58-A9BF-F0D2A130F912}.DVD-18|Mixed Platforms.ActiveCfg = Debug|Any CPU
		{8F3727CE-D0A7-4F58-A9BF-F0D2A130F912}.DVD-18|Mixed Platforms.Build.0 = Debug|Any CPU
		{8F3727CE-D0A7-4F58-A9BF-F0D2A130F912}.DVD-18|Win32.ActiveCfg = Debug|Any CPU
		{8F3727CE-D0A7-4F58-A9BF-F0D2A130F912}.DVD-18|x64.ActiveCfg = Debug|Any CPU
		{8F3727CE-D0A7-4F58-A9BF-F0D2A130F912}.DVD-18|x86.ActiveCfg = Debug|Any CPU
		{8F3727CE-D0A7-4F58-A9BF-F0D2A130F912}.DVD-5|Any CPU.ActiveCfg = DebugWithoutSetup|Any CPU
		{8F3727CE-D0A7-4F58-A9BF-F0D2A130F912}.DVD-5|Any CPU.Build.0 = DebugWithoutSetup|Any CPU
		{8F3727CE-D0A7-4F58-A9BF-F0D2A130F912}.DVD-5|Mixed Platforms.ActiveCfg = DebugWithoutSetup|Any CPU
		{8F3727CE-D0A7-4F58-A9BF-F0D2A130F912}.DVD-5|Mixed Platforms.Build.0 = DebugWithoutSetup|Any CPU
		{8F3727CE-D0A7-4F58-A9BF-F0D2A130F912}.DVD-5|Win32.ActiveCfg = DebugWithoutSetup|Any CPU
		{8F3727CE-D0A7-4F58-A9BF-F0D2A130F912}.DVD-5|x64.ActiveCfg = DebugWithoutSetup|Any CPU
		{8F3727CE-D0A7-4F58-A9BF-F0D2A130F912}.DVD-5|x86.ActiveCfg = DebugWithoutSetup|Any CPU
		{8F3727CE-D0A7-4F58-A9BF-F0D2A130F912}.DVD-9|Any CPU.ActiveCfg = Debug|Any CPU
		{8F3727CE-D0A7-4F58-A9BF-F0D2A130F912}.DVD-9|Any CPU.Build.0 = Debug|Any CPU
		{8F3727CE-D0A7-4F58-A9BF-F0D2A130F912}.DVD-9|Mixed Platforms.ActiveCfg = Debug|Any CPU
		{8F3727CE-D0A7-4F58-A9BF-F0D2A130F912}.DVD-9|Mixed Platforms.Build.0 = Debug|Any CPU
		{8F3727CE-D0A7-4F58-A9BF-F0D2A130F912}.DVD-9|Win32.ActiveCfg = Debug|Any CPU
		{8F3727CE-D0A7-4F58-A9BF-F0D2A130F912}.DVD-9|x64.ActiveCfg = Debug|Any CPU
		{8F3727CE-D0A7-4F58-A9BF-F0D2A130F912}.DVD-9|x86.ActiveCfg = Debug|Any CPU
		{8F3727CE-D0A7-4F58-A9BF-F0D2A130F912}.Release|Any CPU.ActiveCfg = Release|Any CPU
		{8F3727CE-D0A7-4F58-A9BF-F0D2A130F912}.Release|Any CPU.Build.0 = Release|Any CPU
		{8F3727CE-D0A7-4F58-A9BF-F0D2A130F912}.Release|Mixed Platforms.ActiveCfg = Release|Any CPU
		{8F3727CE-D0A7-4F58-A9BF-F0D2A130F912}.Release|Mixed Platforms.Build.0 = Release|Any CPU
		{8F3727CE-D0A7-4F58-A9BF-F0D2A130F912}.Release|Win32.ActiveCfg = Release|Any CPU
		{8F3727CE-D0A7-4F58-A9BF-F0D2A130F912}.Release|x64.ActiveCfg = Release|Any CPU
		{8F3727CE-D0A7-4F58-A9BF-F0D2A130F912}.Release|x86.ActiveCfg = Release|Any CPU
		{8F3727CE-D0A7-4F58-A9BF-F0D2A130F912}.SingleImage|Any CPU.ActiveCfg = DebugWithoutSetup|Any CPU
		{8F3727CE-D0A7-4F58-A9BF-F0D2A130F912}.SingleImage|Any CPU.Build.0 = DebugWithoutSetup|Any CPU
		{8F3727CE-D0A7-4F58-A9BF-F0D2A130F912}.SingleImage|Mixed Platforms.ActiveCfg = DebugWithoutSetup|Any CPU
		{8F3727CE-D0A7-4F58-A9BF-F0D2A130F912}.SingleImage|Mixed Platforms.Build.0 = DebugWithoutSetup|Any CPU
		{8F3727CE-D0A7-4F58-A9BF-F0D2A130F912}.SingleImage|Win32.ActiveCfg = DebugWithoutSetup|Any CPU
		{8F3727CE-D0A7-4F58-A9BF-F0D2A130F912}.SingleImage|x64.ActiveCfg = DebugWithoutSetup|Any CPU
		{8F3727CE-D0A7-4F58-A9BF-F0D2A130F912}.SingleImage|x86.ActiveCfg = DebugWithoutSetup|Any CPU
		{8F3727CE-D0A7-4F58-A9BF-F0D2A130F912}.WebDeployment|Any CPU.ActiveCfg = Release|Any CPU
		{8F3727CE-D0A7-4F58-A9BF-F0D2A130F912}.WebDeployment|Any CPU.Build.0 = Release|Any CPU
		{8F3727CE-D0A7-4F58-A9BF-F0D2A130F912}.WebDeployment|Mixed Platforms.ActiveCfg = Release|Any CPU
		{8F3727CE-D0A7-4F58-A9BF-F0D2A130F912}.WebDeployment|Mixed Platforms.Build.0 = Release|Any CPU
		{8F3727CE-D0A7-4F58-A9BF-F0D2A130F912}.WebDeployment|Win32.ActiveCfg = Release|Any CPU
		{8F3727CE-D0A7-4F58-A9BF-F0D2A130F912}.WebDeployment|x64.ActiveCfg = Release|Any CPU
		{8F3727CE-D0A7-4F58-A9BF-F0D2A130F912}.WebDeployment|x86.ActiveCfg = Release|Any CPU
		{A17E2D7F-D5E8-4A8F-9394-9748C0DDBD1D}.CD_ROM|Any CPU.ActiveCfg = Release|Any CPU
		{A17E2D7F-D5E8-4A8F-9394-9748C0DDBD1D}.CD_ROM|Any CPU.Build.0 = Release|Any CPU
		{A17E2D7F-D5E8-4A8F-9394-9748C0DDBD1D}.CD_ROM|Mixed Platforms.ActiveCfg = Release|Any CPU
		{A17E2D7F-D5E8-4A8F-9394-9748C0DDBD1D}.CD_ROM|Mixed Platforms.Build.0 = Release|Any CPU
		{A17E2D7F-D5E8-4A8F-9394-9748C0DDBD1D}.CD_ROM|Win32.ActiveCfg = Release|Any CPU
		{A17E2D7F-D5E8-4A8F-9394-9748C0DDBD1D}.CD_ROM|x64.ActiveCfg = Release|Any CPU
		{A17E2D7F-D5E8-4A8F-9394-9748C0DDBD1D}.CD_ROM|x86.ActiveCfg = Release|Any CPU
		{A17E2D7F-D5E8-4A8F-9394-9748C0DDBD1D}.Custom|Any CPU.ActiveCfg = Release|Any CPU
		{A17E2D7F-D5E8-4A8F-9394-9748C0DDBD1D}.Custom|Any CPU.Build.0 = Release|Any CPU
		{A17E2D7F-D5E8-4A8F-9394-9748C0DDBD1D}.Custom|Mixed Platforms.ActiveCfg = Release|Any CPU
		{A17E2D7F-D5E8-4A8F-9394-9748C0DDBD1D}.Custom|Mixed Platforms.Build.0 = Release|Any CPU
		{A17E2D7F-D5E8-4A8F-9394-9748C0DDBD1D}.Custom|Win32.ActiveCfg = Release|Any CPU
		{A17E2D7F-D5E8-4A8F-9394-9748C0DDBD1D}.Custom|x64.ActiveCfg = Release|Any CPU
		{A17E2D7F-D5E8-4A8F-9394-9748C0DDBD1D}.Custom|x86.ActiveCfg = Release|Any CPU
		{A17E2D7F-D5E8-4A8F-9394-9748C0DDBD1D}.Debug|Any CPU.ActiveCfg = Debug|Any CPU
		{A17E2D7F-D5E8-4A8F-9394-9748C0DDBD1D}.Debug|Any CPU.Build.0 = Debug|Any CPU
		{A17E2D7F-D5E8-4A8F-9394-9748C0DDBD1D}.Debug|Mixed Platforms.ActiveCfg = Debug|Any CPU
		{A17E2D7F-D5E8-4A8F-9394-9748C0DDBD1D}.Debug|Mixed Platforms.Build.0 = Debug|Any CPU
		{A17E2D7F-D5E8-4A8F-9394-9748C0DDBD1D}.Debug|Win32.ActiveCfg = Debug|Any CPU
		{A17E2D7F-D5E8-4A8F-9394-9748C0DDBD1D}.Debug|x64.ActiveCfg = Debug|Any CPU
		{A17E2D7F-D5E8-4A8F-9394-9748C0DDBD1D}.Debug|x86.ActiveCfg = Debug|Any CPU
		{A17E2D7F-D5E8-4A8F-9394-9748C0DDBD1D}.DebugWithoutPlugins|Any CPU.ActiveCfg = Debug|Any CPU
		{A17E2D7F-D5E8-4A8F-9394-9748C0DDBD1D}.DebugWithoutPlugins|Any CPU.Build.0 = Debug|Any CPU
		{A17E2D7F-D5E8-4A8F-9394-9748C0DDBD1D}.DebugWithoutPlugins|Mixed Platforms.ActiveCfg = Debug|Any CPU
		{A17E2D7F-D5E8-4A8F-9394-9748C0DDBD1D}.DebugWithoutPlugins|Mixed Platforms.Build.0 = Debug|Any CPU
		{A17E2D7F-D5E8-4A8F-9394-9748C0DDBD1D}.DebugWithoutPlugins|Win32.ActiveCfg = Debug|Any CPU
		{A17E2D7F-D5E8-4A8F-9394-9748C0DDBD1D}.DebugWithoutPlugins|x64.ActiveCfg = Debug|Any CPU
		{A17E2D7F-D5E8-4A8F-9394-9748C0DDBD1D}.DebugWithoutPlugins|x86.ActiveCfg = Debug|Any CPU
		{A17E2D7F-D5E8-4A8F-9394-9748C0DDBD1D}.DebugWithoutSetup|Any CPU.ActiveCfg = Debug|Any CPU
		{A17E2D7F-D5E8-4A8F-9394-9748C0DDBD1D}.DebugWithoutSetup|Any CPU.Build.0 = Debug|Any CPU
		{A17E2D7F-D5E8-4A8F-9394-9748C0DDBD1D}.DebugWithoutSetup|Mixed Platforms.ActiveCfg = Debug|Any CPU
		{A17E2D7F-D5E8-4A8F-9394-9748C0DDBD1D}.DebugWithoutSetup|Mixed Platforms.Build.0 = Debug|Any CPU
		{A17E2D7F-D5E8-4A8F-9394-9748C0DDBD1D}.DebugWithoutSetup|Win32.ActiveCfg = Debug|Any CPU
		{A17E2D7F-D5E8-4A8F-9394-9748C0DDBD1D}.DebugWithoutSetup|x64.ActiveCfg = Debug|Any CPU
		{A17E2D7F-D5E8-4A8F-9394-9748C0DDBD1D}.DebugWithoutSetup|x86.ActiveCfg = Debug|Any CPU
		{A17E2D7F-D5E8-4A8F-9394-9748C0DDBD1D}.DVD-10|Any CPU.ActiveCfg = Debug|Any CPU
		{A17E2D7F-D5E8-4A8F-9394-9748C0DDBD1D}.DVD-10|Any CPU.Build.0 = Debug|Any CPU
		{A17E2D7F-D5E8-4A8F-9394-9748C0DDBD1D}.DVD-10|Mixed Platforms.ActiveCfg = Debug|Any CPU
		{A17E2D7F-D5E8-4A8F-9394-9748C0DDBD1D}.DVD-10|Mixed Platforms.Build.0 = Debug|Any CPU
		{A17E2D7F-D5E8-4A8F-9394-9748C0DDBD1D}.DVD-10|Win32.ActiveCfg = Debug|Any CPU
		{A17E2D7F-D5E8-4A8F-9394-9748C0DDBD1D}.DVD-10|x64.ActiveCfg = Debug|Any CPU
		{A17E2D7F-D5E8-4A8F-9394-9748C0DDBD1D}.DVD-10|x86.ActiveCfg = Debug|Any CPU
		{A17E2D7F-D5E8-4A8F-9394-9748C0DDBD1D}.DVD-18|Any CPU.ActiveCfg = Debug|Any CPU
		{A17E2D7F-D5E8-4A8F-9394-9748C0DDBD1D}.DVD-18|Any CPU.Build.0 = Debug|Any CPU
		{A17E2D7F-D5E8-4A8F-9394-9748C0DDBD1D}.DVD-18|Mixed Platforms.ActiveCfg = Debug|Any CPU
		{A17E2D7F-D5E8-4A8F-9394-9748C0DDBD1D}.DVD-18|Mixed Platforms.Build.0 = Debug|Any CPU
		{A17E2D7F-D5E8-4A8F-9394-9748C0DDBD1D}.DVD-18|Win32.ActiveCfg = Debug|Any CPU
		{A17E2D7F-D5E8-4A8F-9394-9748C0DDBD1D}.DVD-18|x64.ActiveCfg = Debug|Any CPU
		{A17E2D7F-D5E8-4A8F-9394-9748C0DDBD1D}.DVD-18|x86.ActiveCfg = Debug|Any CPU
		{A17E2D7F-D5E8-4A8F-9394-9748C0DDBD1D}.DVD-5|Any CPU.ActiveCfg = Debug|Any CPU
		{A17E2D7F-D5E8-4A8F-9394-9748C0DDBD1D}.DVD-5|Any CPU.Build.0 = Debug|Any CPU
		{A17E2D7F-D5E8-4A8F-9394-9748C0DDBD1D}.DVD-5|Mixed Platforms.ActiveCfg = Debug|Any CPU
		{A17E2D7F-D5E8-4A8F-9394-9748C0DDBD1D}.DVD-5|Mixed Platforms.Build.0 = Debug|Any CPU
		{A17E2D7F-D5E8-4A8F-9394-9748C0DDBD1D}.DVD-5|Win32.ActiveCfg = Debug|Any CPU
		{A17E2D7F-D5E8-4A8F-9394-9748C0DDBD1D}.DVD-5|x64.ActiveCfg = Debug|Any CPU
		{A17E2D7F-D5E8-4A8F-9394-9748C0DDBD1D}.DVD-5|x86.ActiveCfg = Debug|Any CPU
		{A17E2D7F-D5E8-4A8F-9394-9748C0DDBD1D}.DVD-9|Any CPU.ActiveCfg = Debug|Any CPU
		{A17E2D7F-D5E8-4A8F-9394-9748C0DDBD1D}.DVD-9|Any CPU.Build.0 = Debug|Any CPU
		{A17E2D7F-D5E8-4A8F-9394-9748C0DDBD1D}.DVD-9|Mixed Platforms.ActiveCfg = Debug|Any CPU
		{A17E2D7F-D5E8-4A8F-9394-9748C0DDBD1D}.DVD-9|Mixed Platforms.Build.0 = Debug|Any CPU
		{A17E2D7F-D5E8-4A8F-9394-9748C0DDBD1D}.DVD-9|Win32.ActiveCfg = Debug|Any CPU
		{A17E2D7F-D5E8-4A8F-9394-9748C0DDBD1D}.DVD-9|x64.ActiveCfg = Debug|Any CPU
		{A17E2D7F-D5E8-4A8F-9394-9748C0DDBD1D}.DVD-9|x86.ActiveCfg = Debug|Any CPU
		{A17E2D7F-D5E8-4A8F-9394-9748C0DDBD1D}.Release|Any CPU.ActiveCfg = Release|Any CPU
		{A17E2D7F-D5E8-4A8F-9394-9748C0DDBD1D}.Release|Any CPU.Build.0 = Release|Any CPU
		{A17E2D7F-D5E8-4A8F-9394-9748C0DDBD1D}.Release|Mixed Platforms.ActiveCfg = Release|Any CPU
		{A17E2D7F-D5E8-4A8F-9394-9748C0DDBD1D}.Release|Mixed Platforms.Build.0 = Release|Any CPU
		{A17E2D7F-D5E8-4A8F-9394-9748C0DDBD1D}.Release|Win32.ActiveCfg = Release|Any CPU
		{A17E2D7F-D5E8-4A8F-9394-9748C0DDBD1D}.Release|x64.ActiveCfg = Release|Any CPU
		{A17E2D7F-D5E8-4A8F-9394-9748C0DDBD1D}.Release|x86.ActiveCfg = Release|Any CPU
		{A17E2D7F-D5E8-4A8F-9394-9748C0DDBD1D}.SingleImage|Any CPU.ActiveCfg = Release|Any CPU
		{A17E2D7F-D5E8-4A8F-9394-9748C0DDBD1D}.SingleImage|Any CPU.Build.0 = Release|Any CPU
		{A17E2D7F-D5E8-4A8F-9394-9748C0DDBD1D}.SingleImage|Mixed Platforms.ActiveCfg = Release|Any CPU
		{A17E2D7F-D5E8-4A8F-9394-9748C0DDBD1D}.SingleImage|Mixed Platforms.Build.0 = Release|Any CPU
		{A17E2D7F-D5E8-4A8F-9394-9748C0DDBD1D}.SingleImage|Win32.ActiveCfg = Release|Any CPU
		{A17E2D7F-D5E8-4A8F-9394-9748C0DDBD1D}.SingleImage|x64.ActiveCfg = Release|Any CPU
		{A17E2D7F-D5E8-4A8F-9394-9748C0DDBD1D}.SingleImage|x86.ActiveCfg = Release|Any CPU
		{A17E2D7F-D5E8-4A8F-9394-9748C0DDBD1D}.WebDeployment|Any CPU.ActiveCfg = Release|Any CPU
		{A17E2D7F-D5E8-4A8F-9394-9748C0DDBD1D}.WebDeployment|Any CPU.Build.0 = Release|Any CPU
		{A17E2D7F-D5E8-4A8F-9394-9748C0DDBD1D}.WebDeployment|Mixed Platforms.ActiveCfg = Release|Any CPU
		{A17E2D7F-D5E8-4A8F-9394-9748C0DDBD1D}.WebDeployment|Mixed Platforms.Build.0 = Release|Any CPU
		{A17E2D7F-D5E8-4A8F-9394-9748C0DDBD1D}.WebDeployment|Win32.ActiveCfg = Release|Any CPU
		{A17E2D7F-D5E8-4A8F-9394-9748C0DDBD1D}.WebDeployment|x64.ActiveCfg = Release|Any CPU
		{A17E2D7F-D5E8-4A8F-9394-9748C0DDBD1D}.WebDeployment|x86.ActiveCfg = Release|Any CPU
		{3C8D0EE0-9487-4913-A990-63E0CFA860CD}.CD_ROM|Any CPU.ActiveCfg = Release|Any CPU
		{3C8D0EE0-9487-4913-A990-63E0CFA860CD}.CD_ROM|Any CPU.Build.0 = Release|Any CPU
		{3C8D0EE0-9487-4913-A990-63E0CFA860CD}.CD_ROM|Mixed Platforms.ActiveCfg = Release|Any CPU
		{3C8D0EE0-9487-4913-A990-63E0CFA860CD}.CD_ROM|Mixed Platforms.Build.0 = Release|Any CPU
		{3C8D0EE0-9487-4913-A990-63E0CFA860CD}.CD_ROM|Win32.ActiveCfg = Release|Any CPU
		{3C8D0EE0-9487-4913-A990-63E0CFA860CD}.CD_ROM|x64.ActiveCfg = Release|Any CPU
		{3C8D0EE0-9487-4913-A990-63E0CFA860CD}.CD_ROM|x86.ActiveCfg = Release|Any CPU
		{3C8D0EE0-9487-4913-A990-63E0CFA860CD}.Custom|Any CPU.ActiveCfg = Release|Any CPU
		{3C8D0EE0-9487-4913-A990-63E0CFA860CD}.Custom|Any CPU.Build.0 = Release|Any CPU
		{3C8D0EE0-9487-4913-A990-63E0CFA860CD}.Custom|Mixed Platforms.ActiveCfg = Release|Any CPU
		{3C8D0EE0-9487-4913-A990-63E0CFA860CD}.Custom|Mixed Platforms.Build.0 = Release|Any CPU
		{3C8D0EE0-9487-4913-A990-63E0CFA860CD}.Custom|Win32.ActiveCfg = Release|Any CPU
		{3C8D0EE0-9487-4913-A990-63E0CFA860CD}.Custom|x64.ActiveCfg = Release|Any CPU
		{3C8D0EE0-9487-4913-A990-63E0CFA860CD}.Custom|x86.ActiveCfg = Release|Any CPU
		{3C8D0EE0-9487-4913-A990-63E0CFA860CD}.Debug|Any CPU.ActiveCfg = Debug|Any CPU
		{3C8D0EE0-9487-4913-A990-63E0CFA860CD}.Debug|Any CPU.Build.0 = Debug|Any CPU
		{3C8D0EE0-9487-4913-A990-63E0CFA860CD}.Debug|Mixed Platforms.ActiveCfg = Debug|Any CPU
		{3C8D0EE0-9487-4913-A990-63E0CFA860CD}.Debug|Mixed Platforms.Build.0 = Debug|Any CPU
		{3C8D0EE0-9487-4913-A990-63E0CFA860CD}.Debug|Win32.ActiveCfg = Debug|Any CPU
		{3C8D0EE0-9487-4913-A990-63E0CFA860CD}.Debug|x64.ActiveCfg = Debug|Any CPU
		{3C8D0EE0-9487-4913-A990-63E0CFA860CD}.Debug|x86.ActiveCfg = Debug|Any CPU
		{3C8D0EE0-9487-4913-A990-63E0CFA860CD}.DebugWithoutPlugins|Any CPU.ActiveCfg = Debug|Any CPU
		{3C8D0EE0-9487-4913-A990-63E0CFA860CD}.DebugWithoutPlugins|Any CPU.Build.0 = Debug|Any CPU
		{3C8D0EE0-9487-4913-A990-63E0CFA860CD}.DebugWithoutPlugins|Mixed Platforms.ActiveCfg = Debug|Any CPU
		{3C8D0EE0-9487-4913-A990-63E0CFA860CD}.DebugWithoutPlugins|Mixed Platforms.Build.0 = Debug|Any CPU
		{3C8D0EE0-9487-4913-A990-63E0CFA860CD}.DebugWithoutPlugins|Win32.ActiveCfg = Debug|Any CPU
		{3C8D0EE0-9487-4913-A990-63E0CFA860CD}.DebugWithoutPlugins|x64.ActiveCfg = Debug|Any CPU
		{3C8D0EE0-9487-4913-A990-63E0CFA860CD}.DebugWithoutPlugins|x86.ActiveCfg = Debug|Any CPU
		{3C8D0EE0-9487-4913-A990-63E0CFA860CD}.DebugWithoutSetup|Any CPU.ActiveCfg = Debug|Any CPU
		{3C8D0EE0-9487-4913-A990-63E0CFA860CD}.DebugWithoutSetup|Any CPU.Build.0 = Debug|Any CPU
		{3C8D0EE0-9487-4913-A990-63E0CFA860CD}.DebugWithoutSetup|Mixed Platforms.ActiveCfg = Debug|Any CPU
		{3C8D0EE0-9487-4913-A990-63E0CFA860CD}.DebugWithoutSetup|Mixed Platforms.Build.0 = Debug|Any CPU
		{3C8D0EE0-9487-4913-A990-63E0CFA860CD}.DebugWithoutSetup|Win32.ActiveCfg = Debug|Any CPU
		{3C8D0EE0-9487-4913-A990-63E0CFA860CD}.DebugWithoutSetup|x64.ActiveCfg = Debug|Any CPU
		{3C8D0EE0-9487-4913-A990-63E0CFA860CD}.DebugWithoutSetup|x86.ActiveCfg = Debug|Any CPU
		{3C8D0EE0-9487-4913-A990-63E0CFA860CD}.DVD-10|Any CPU.ActiveCfg = Debug|Any CPU
		{3C8D0EE0-9487-4913-A990-63E0CFA860CD}.DVD-10|Any CPU.Build.0 = Debug|Any CPU
		{3C8D0EE0-9487-4913-A990-63E0CFA860CD}.DVD-10|Mixed Platforms.ActiveCfg = Debug|Any CPU
		{3C8D0EE0-9487-4913-A990-63E0CFA860CD}.DVD-10|Mixed Platforms.Build.0 = Debug|Any CPU
		{3C8D0EE0-9487-4913-A990-63E0CFA860CD}.DVD-10|Win32.ActiveCfg = Debug|Any CPU
		{3C8D0EE0-9487-4913-A990-63E0CFA860CD}.DVD-10|x64.ActiveCfg = Debug|Any CPU
		{3C8D0EE0-9487-4913-A990-63E0CFA860CD}.DVD-10|x86.ActiveCfg = Debug|Any CPU
		{3C8D0EE0-9487-4913-A990-63E0CFA860CD}.DVD-18|Any CPU.ActiveCfg = Debug|Any CPU
		{3C8D0EE0-9487-4913-A990-63E0CFA860CD}.DVD-18|Any CPU.Build.0 = Debug|Any CPU
		{3C8D0EE0-9487-4913-A990-63E0CFA860CD}.DVD-18|Mixed Platforms.ActiveCfg = Debug|Any CPU
		{3C8D0EE0-9487-4913-A990-63E0CFA860CD}.DVD-18|Mixed Platforms.Build.0 = Debug|Any CPU
		{3C8D0EE0-9487-4913-A990-63E0CFA860CD}.DVD-18|Win32.ActiveCfg = Debug|Any CPU
		{3C8D0EE0-9487-4913-A990-63E0CFA860CD}.DVD-18|x64.ActiveCfg = Debug|Any CPU
		{3C8D0EE0-9487-4913-A990-63E0CFA860CD}.DVD-18|x86.ActiveCfg = Debug|Any CPU
		{3C8D0EE0-9487-4913-A990-63E0CFA860CD}.DVD-5|Any CPU.ActiveCfg = Debug|Any CPU
		{3C8D0EE0-9487-4913-A990-63E0CFA860CD}.DVD-5|Any CPU.Build.0 = Debug|Any CPU
		{3C8D0EE0-9487-4913-A990-63E0CFA860CD}.DVD-5|Mixed Platforms.ActiveCfg = Debug|Any CPU
		{3C8D0EE0-9487-4913-A990-63E0CFA860CD}.DVD-5|Mixed Platforms.Build.0 = Debug|Any CPU
		{3C8D0EE0-9487-4913-A990-63E0CFA860CD}.DVD-5|Win32.ActiveCfg = Debug|Any CPU
		{3C8D0EE0-9487-4913-A990-63E0CFA860CD}.DVD-5|x64.ActiveCfg = Debug|Any CPU
		{3C8D0EE0-9487-4913-A990-63E0CFA860CD}.DVD-5|x86.ActiveCfg = Debug|Any CPU
		{3C8D0EE0-9487-4913-A990-63E0CFA860CD}.DVD-9|Any CPU.ActiveCfg = Debug|Any CPU
		{3C8D0EE0-9487-4913-A990-63E0CFA860CD}.DVD-9|Any CPU.Build.0 = Debug|Any CPU
		{3C8D0EE0-9487-4913-A990-63E0CFA860CD}.DVD-9|Mixed Platforms.ActiveCfg = Debug|Any CPU
		{3C8D0EE0-9487-4913-A990-63E0CFA860CD}.DVD-9|Mixed Platforms.Build.0 = Debug|Any CPU
		{3C8D0EE0-9487-4913-A990-63E0CFA860CD}.DVD-9|Win32.ActiveCfg = Debug|Any CPU
		{3C8D0EE0-9487-4913-A990-63E0CFA860CD}.DVD-9|x64.ActiveCfg = Debug|Any CPU
		{3C8D0EE0-9487-4913-A990-63E0CFA860CD}.DVD-9|x86.ActiveCfg = Debug|Any CPU
		{3C8D0EE0-9487-4913-A990-63E0CFA860CD}.Release|Any CPU.ActiveCfg = Release|Any CPU
		{3C8D0EE0-9487-4913-A990-63E0CFA860CD}.Release|Any CPU.Build.0 = Release|Any CPU
		{3C8D0EE0-9487-4913-A990-63E0CFA860CD}.Release|Mixed Platforms.ActiveCfg = Release|Any CPU
		{3C8D0EE0-9487-4913-A990-63E0CFA860CD}.Release|Mixed Platforms.Build.0 = Release|Any CPU
		{3C8D0EE0-9487-4913-A990-63E0CFA860CD}.Release|Win32.ActiveCfg = Release|Any CPU
		{3C8D0EE0-9487-4913-A990-63E0CFA860CD}.Release|x64.ActiveCfg = Release|Any CPU
		{3C8D0EE0-9487-4913-A990-63E0CFA860CD}.Release|x86.ActiveCfg = Release|Any CPU
		{3C8D0EE0-9487-4913-A990-63E0CFA860CD}.SingleImage|Any CPU.ActiveCfg = Release|Any CPU
		{3C8D0EE0-9487-4913-A990-63E0CFA860CD}.SingleImage|Any CPU.Build.0 = Release|Any CPU
		{3C8D0EE0-9487-4913-A990-63E0CFA860CD}.SingleImage|Mixed Platforms.ActiveCfg = Release|Any CPU
		{3C8D0EE0-9487-4913-A990-63E0CFA860CD}.SingleImage|Mixed Platforms.Build.0 = Release|Any CPU
		{3C8D0EE0-9487-4913-A990-63E0CFA860CD}.SingleImage|Win32.ActiveCfg = Release|Any CPU
		{3C8D0EE0-9487-4913-A990-63E0CFA860CD}.SingleImage|x64.ActiveCfg = Release|Any CPU
		{3C8D0EE0-9487-4913-A990-63E0CFA860CD}.SingleImage|x86.ActiveCfg = Release|Any CPU
		{3C8D0EE0-9487-4913-A990-63E0CFA860CD}.WebDeployment|Any CPU.ActiveCfg = Release|Any CPU
		{3C8D0EE0-9487-4913-A990-63E0CFA860CD}.WebDeployment|Any CPU.Build.0 = Release|Any CPU
		{3C8D0EE0-9487-4913-A990-63E0CFA860CD}.WebDeployment|Mixed Platforms.ActiveCfg = Release|Any CPU
		{3C8D0EE0-9487-4913-A990-63E0CFA860CD}.WebDeployment|Mixed Platforms.Build.0 = Release|Any CPU
		{3C8D0EE0-9487-4913-A990-63E0CFA860CD}.WebDeployment|Win32.ActiveCfg = Release|Any CPU
		{3C8D0EE0-9487-4913-A990-63E0CFA860CD}.WebDeployment|x64.ActiveCfg = Release|Any CPU
		{3C8D0EE0-9487-4913-A990-63E0CFA860CD}.WebDeployment|x86.ActiveCfg = Release|Any CPU
		{37506E1A-457B-4186-8C4F-11BA0E7AA78E}.CD_ROM|Any CPU.ActiveCfg = Release|Any CPU
		{37506E1A-457B-4186-8C4F-11BA0E7AA78E}.CD_ROM|Any CPU.Build.0 = Release|Any CPU
		{37506E1A-457B-4186-8C4F-11BA0E7AA78E}.CD_ROM|Mixed Platforms.ActiveCfg = Release|Any CPU
		{37506E1A-457B-4186-8C4F-11BA0E7AA78E}.CD_ROM|Mixed Platforms.Build.0 = Release|Any CPU
		{37506E1A-457B-4186-8C4F-11BA0E7AA78E}.CD_ROM|Win32.ActiveCfg = Release|Any CPU
		{37506E1A-457B-4186-8C4F-11BA0E7AA78E}.CD_ROM|x64.ActiveCfg = Release|Any CPU
		{37506E1A-457B-4186-8C4F-11BA0E7AA78E}.CD_ROM|x86.ActiveCfg = Release|Any CPU
		{37506E1A-457B-4186-8C4F-11BA0E7AA78E}.Custom|Any CPU.ActiveCfg = Release|Any CPU
		{37506E1A-457B-4186-8C4F-11BA0E7AA78E}.Custom|Any CPU.Build.0 = Release|Any CPU
		{37506E1A-457B-4186-8C4F-11BA0E7AA78E}.Custom|Mixed Platforms.ActiveCfg = Release|Any CPU
		{37506E1A-457B-4186-8C4F-11BA0E7AA78E}.Custom|Mixed Platforms.Build.0 = Release|Any CPU
		{37506E1A-457B-4186-8C4F-11BA0E7AA78E}.Custom|Win32.ActiveCfg = Release|Any CPU
		{37506E1A-457B-4186-8C4F-11BA0E7AA78E}.Custom|x64.ActiveCfg = Release|Any CPU
		{37506E1A-457B-4186-8C4F-11BA0E7AA78E}.Custom|x86.ActiveCfg = Release|Any CPU
		{37506E1A-457B-4186-8C4F-11BA0E7AA78E}.Debug|Any CPU.ActiveCfg = Debug|Any CPU
		{37506E1A-457B-4186-8C4F-11BA0E7AA78E}.Debug|Any CPU.Build.0 = Debug|Any CPU
		{37506E1A-457B-4186-8C4F-11BA0E7AA78E}.Debug|Mixed Platforms.ActiveCfg = Debug|Any CPU
		{37506E1A-457B-4186-8C4F-11BA0E7AA78E}.Debug|Mixed Platforms.Build.0 = Debug|Any CPU
		{37506E1A-457B-4186-8C4F-11BA0E7AA78E}.Debug|Win32.ActiveCfg = Debug|Any CPU
		{37506E1A-457B-4186-8C4F-11BA0E7AA78E}.Debug|x64.ActiveCfg = Debug|Any CPU
		{37506E1A-457B-4186-8C4F-11BA0E7AA78E}.Debug|x86.ActiveCfg = Debug|Any CPU
		{37506E1A-457B-4186-8C4F-11BA0E7AA78E}.DebugWithoutPlugins|Any CPU.ActiveCfg = Debug|Any CPU
		{37506E1A-457B-4186-8C4F-11BA0E7AA78E}.DebugWithoutPlugins|Any CPU.Build.0 = Debug|Any CPU
		{37506E1A-457B-4186-8C4F-11BA0E7AA78E}.DebugWithoutPlugins|Mixed Platforms.ActiveCfg = Debug|Any CPU
		{37506E1A-457B-4186-8C4F-11BA0E7AA78E}.DebugWithoutPlugins|Mixed Platforms.Build.0 = Debug|Any CPU
		{37506E1A-457B-4186-8C4F-11BA0E7AA78E}.DebugWithoutPlugins|Win32.ActiveCfg = Debug|Any CPU
		{37506E1A-457B-4186-8C4F-11BA0E7AA78E}.DebugWithoutPlugins|x64.ActiveCfg = Debug|Any CPU
		{37506E1A-457B-4186-8C4F-11BA0E7AA78E}.DebugWithoutPlugins|x86.ActiveCfg = Debug|Any CPU
		{37506E1A-457B-4186-8C4F-11BA0E7AA78E}.DebugWithoutSetup|Any CPU.ActiveCfg = Debug|Any CPU
		{37506E1A-457B-4186-8C4F-11BA0E7AA78E}.DebugWithoutSetup|Any CPU.Build.0 = Debug|Any CPU
		{37506E1A-457B-4186-8C4F-11BA0E7AA78E}.DebugWithoutSetup|Mixed Platforms.ActiveCfg = Debug|Any CPU
		{37506E1A-457B-4186-8C4F-11BA0E7AA78E}.DebugWithoutSetup|Mixed Platforms.Build.0 = Debug|Any CPU
		{37506E1A-457B-4186-8C4F-11BA0E7AA78E}.DebugWithoutSetup|Win32.ActiveCfg = Debug|Any CPU
		{37506E1A-457B-4186-8C4F-11BA0E7AA78E}.DebugWithoutSetup|x64.ActiveCfg = Debug|Any CPU
		{37506E1A-457B-4186-8C4F-11BA0E7AA78E}.DebugWithoutSetup|x86.ActiveCfg = Debug|Any CPU
		{37506E1A-457B-4186-8C4F-11BA0E7AA78E}.DVD-10|Any CPU.ActiveCfg = Debug|Any CPU
		{37506E1A-457B-4186-8C4F-11BA0E7AA78E}.DVD-10|Any CPU.Build.0 = Debug|Any CPU
		{37506E1A-457B-4186-8C4F-11BA0E7AA78E}.DVD-10|Mixed Platforms.ActiveCfg = Debug|Any CPU
		{37506E1A-457B-4186-8C4F-11BA0E7AA78E}.DVD-10|Mixed Platforms.Build.0 = Debug|Any CPU
		{37506E1A-457B-4186-8C4F-11BA0E7AA78E}.DVD-10|Win32.ActiveCfg = Debug|Any CPU
		{37506E1A-457B-4186-8C4F-11BA0E7AA78E}.DVD-10|x64.ActiveCfg = Debug|Any CPU
		{37506E1A-457B-4186-8C4F-11BA0E7AA78E}.DVD-10|x86.ActiveCfg = Debug|Any CPU
		{37506E1A-457B-4186-8C4F-11BA0E7AA78E}.DVD-18|Any CPU.ActiveCfg = Debug|Any CPU
		{37506E1A-457B-4186-8C4F-11BA0E7AA78E}.DVD-18|Any CPU.Build.0 = Debug|Any CPU
		{37506E1A-457B-4186-8C4F-11BA0E7AA78E}.DVD-18|Mixed Platforms.ActiveCfg = Debug|Any CPU
		{37506E1A-457B-4186-8C4F-11BA0E7AA78E}.DVD-18|Mixed Platforms.Build.0 = Debug|Any CPU
		{37506E1A-457B-4186-8C4F-11BA0E7AA78E}.DVD-18|Win32.ActiveCfg = Debug|Any CPU
		{37506E1A-457B-4186-8C4F-11BA0E7AA78E}.DVD-18|x64.ActiveCfg = Debug|Any CPU
		{37506E1A-457B-4186-8C4F-11BA0E7AA78E}.DVD-18|x86.ActiveCfg = Debug|Any CPU
		{37506E1A-457B-4186-8C4F-11BA0E7AA78E}.DVD-5|Any CPU.ActiveCfg = Debug|Any CPU
		{37506E1A-457B-4186-8C4F-11BA0E7AA78E}.DVD-5|Any CPU.Build.0 = Debug|Any CPU
		{37506E1A-457B-4186-8C4F-11BA0E7AA78E}.DVD-5|Mixed Platforms.ActiveCfg = Debug|Any CPU
		{37506E1A-457B-4186-8C4F-11BA0E7AA78E}.DVD-5|Mixed Platforms.Build.0 = Debug|Any CPU
		{37506E1A-457B-4186-8C4F-11BA0E7AA78E}.DVD-5|Win32.ActiveCfg = Debug|Any CPU
		{37506E1A-457B-4186-8C4F-11BA0E7AA78E}.DVD-5|x64.ActiveCfg = Debug|Any CPU
		{37506E1A-457B-4186-8C4F-11BA0E7AA78E}.DVD-5|x86.ActiveCfg = Debug|Any CPU
		{37506E1A-457B-4186-8C4F-11BA0E7AA78E}.DVD-9|Any CPU.ActiveCfg = Debug|Any CPU
		{37506E1A-457B-4186-8C4F-11BA0E7AA78E}.DVD-9|Any CPU.Build.0 = Debug|Any CPU
		{37506E1A-457B-4186-8C4F-11BA0E7AA78E}.DVD-9|Mixed Platforms.ActiveCfg = Debug|Any CPU
		{37506E1A-457B-4186-8C4F-11BA0E7AA78E}.DVD-9|Mixed Platforms.Build.0 = Debug|Any CPU
		{37506E1A-457B-4186-8C4F-11BA0E7AA78E}.DVD-9|Win32.ActiveCfg = Debug|Any CPU
		{37506E1A-457B-4186-8C4F-11BA0E7AA78E}.DVD-9|x64.ActiveCfg = Debug|Any CPU
		{37506E1A-457B-4186-8C4F-11BA0E7AA78E}.DVD-9|x86.ActiveCfg = Debug|Any CPU
		{37506E1A-457B-4186-8C4F-11BA0E7AA78E}.Release|Any CPU.ActiveCfg = Release|Any CPU
		{37506E1A-457B-4186-8C4F-11BA0E7AA78E}.Release|Any CPU.Build.0 = Release|Any CPU
		{37506E1A-457B-4186-8C4F-11BA0E7AA78E}.Release|Mixed Platforms.ActiveCfg = Release|Any CPU
		{37506E1A-457B-4186-8C4F-11BA0E7AA78E}.Release|Mixed Platforms.Build.0 = Release|Any CPU
		{37506E1A-457B-4186-8C4F-11BA0E7AA78E}.Release|Win32.ActiveCfg = Release|Any CPU
		{37506E1A-457B-4186-8C4F-11BA0E7AA78E}.Release|x64.ActiveCfg = Release|Any CPU
		{37506E1A-457B-4186-8C4F-11BA0E7AA78E}.Release|x86.ActiveCfg = Release|Any CPU
		{37506E1A-457B-4186-8C4F-11BA0E7AA78E}.SingleImage|Any CPU.ActiveCfg = Release|Any CPU
		{37506E1A-457B-4186-8C4F-11BA0E7AA78E}.SingleImage|Any CPU.Build.0 = Release|Any CPU
		{37506E1A-457B-4186-8C4F-11BA0E7AA78E}.SingleImage|Mixed Platforms.ActiveCfg = Release|Any CPU
		{37506E1A-457B-4186-8C4F-11BA0E7AA78E}.SingleImage|Mixed Platforms.Build.0 = Release|Any CPU
		{37506E1A-457B-4186-8C4F-11BA0E7AA78E}.SingleImage|Win32.ActiveCfg = Release|Any CPU
		{37506E1A-457B-4186-8C4F-11BA0E7AA78E}.SingleImage|x64.ActiveCfg = Release|Any CPU
		{37506E1A-457B-4186-8C4F-11BA0E7AA78E}.SingleImage|x86.ActiveCfg = Release|Any CPU
		{37506E1A-457B-4186-8C4F-11BA0E7AA78E}.WebDeployment|Any CPU.ActiveCfg = Release|Any CPU
		{37506E1A-457B-4186-8C4F-11BA0E7AA78E}.WebDeployment|Any CPU.Build.0 = Release|Any CPU
		{37506E1A-457B-4186-8C4F-11BA0E7AA78E}.WebDeployment|Mixed Platforms.ActiveCfg = Release|Any CPU
		{37506E1A-457B-4186-8C4F-11BA0E7AA78E}.WebDeployment|Mixed Platforms.Build.0 = Release|Any CPU
		{37506E1A-457B-4186-8C4F-11BA0E7AA78E}.WebDeployment|Win32.ActiveCfg = Release|Any CPU
		{37506E1A-457B-4186-8C4F-11BA0E7AA78E}.WebDeployment|x64.ActiveCfg = Release|Any CPU
		{37506E1A-457B-4186-8C4F-11BA0E7AA78E}.WebDeployment|x86.ActiveCfg = Release|Any CPU
		{86E0501D-E37E-4E5C-82DA-CA0E791FE0DA}.CD_ROM|Any CPU.ActiveCfg = Release|Any CPU
		{86E0501D-E37E-4E5C-82DA-CA0E791FE0DA}.CD_ROM|Any CPU.Build.0 = Release|Any CPU
		{86E0501D-E37E-4E5C-82DA-CA0E791FE0DA}.CD_ROM|Mixed Platforms.ActiveCfg = Release|Any CPU
		{86E0501D-E37E-4E5C-82DA-CA0E791FE0DA}.CD_ROM|Mixed Platforms.Build.0 = Release|Any CPU
		{86E0501D-E37E-4E5C-82DA-CA0E791FE0DA}.CD_ROM|Win32.ActiveCfg = Release|Any CPU
		{86E0501D-E37E-4E5C-82DA-CA0E791FE0DA}.CD_ROM|x64.ActiveCfg = Release|Any CPU
		{86E0501D-E37E-4E5C-82DA-CA0E791FE0DA}.CD_ROM|x86.ActiveCfg = Release|Any CPU
		{86E0501D-E37E-4E5C-82DA-CA0E791FE0DA}.Custom|Any CPU.ActiveCfg = Release|Any CPU
		{86E0501D-E37E-4E5C-82DA-CA0E791FE0DA}.Custom|Any CPU.Build.0 = Release|Any CPU
		{86E0501D-E37E-4E5C-82DA-CA0E791FE0DA}.Custom|Mixed Platforms.ActiveCfg = Release|Any CPU
		{86E0501D-E37E-4E5C-82DA-CA0E791FE0DA}.Custom|Mixed Platforms.Build.0 = Release|Any CPU
		{86E0501D-E37E-4E5C-82DA-CA0E791FE0DA}.Custom|Win32.ActiveCfg = Release|Any CPU
		{86E0501D-E37E-4E5C-82DA-CA0E791FE0DA}.Custom|x64.ActiveCfg = Release|Any CPU
		{86E0501D-E37E-4E5C-82DA-CA0E791FE0DA}.Custom|x86.ActiveCfg = Release|Any CPU
		{86E0501D-E37E-4E5C-82DA-CA0E791FE0DA}.Debug|Any CPU.ActiveCfg = Debug|Any CPU
		{86E0501D-E37E-4E5C-82DA-CA0E791FE0DA}.Debug|Any CPU.Build.0 = Debug|Any CPU
		{86E0501D-E37E-4E5C-82DA-CA0E791FE0DA}.Debug|Mixed Platforms.ActiveCfg = Debug|Any CPU
		{86E0501D-E37E-4E5C-82DA-CA0E791FE0DA}.Debug|Mixed Platforms.Build.0 = Debug|Any CPU
		{86E0501D-E37E-4E5C-82DA-CA0E791FE0DA}.Debug|Win32.ActiveCfg = Debug|Any CPU
		{86E0501D-E37E-4E5C-82DA-CA0E791FE0DA}.Debug|x64.ActiveCfg = Debug|Any CPU
		{86E0501D-E37E-4E5C-82DA-CA0E791FE0DA}.Debug|x86.ActiveCfg = Debug|Any CPU
		{86E0501D-E37E-4E5C-82DA-CA0E791FE0DA}.DebugWithoutPlugins|Any CPU.ActiveCfg = Debug|Any CPU
		{86E0501D-E37E-4E5C-82DA-CA0E791FE0DA}.DebugWithoutPlugins|Any CPU.Build.0 = Debug|Any CPU
		{86E0501D-E37E-4E5C-82DA-CA0E791FE0DA}.DebugWithoutPlugins|Mixed Platforms.ActiveCfg = Debug|Any CPU
		{86E0501D-E37E-4E5C-82DA-CA0E791FE0DA}.DebugWithoutPlugins|Mixed Platforms.Build.0 = Debug|Any CPU
		{86E0501D-E37E-4E5C-82DA-CA0E791FE0DA}.DebugWithoutPlugins|Win32.ActiveCfg = Debug|Any CPU
		{86E0501D-E37E-4E5C-82DA-CA0E791FE0DA}.DebugWithoutPlugins|x64.ActiveCfg = Debug|Any CPU
		{86E0501D-E37E-4E5C-82DA-CA0E791FE0DA}.DebugWithoutPlugins|x86.ActiveCfg = Debug|Any CPU
		{86E0501D-E37E-4E5C-82DA-CA0E791FE0DA}.DebugWithoutSetup|Any CPU.ActiveCfg = Debug|Any CPU
		{86E0501D-E37E-4E5C-82DA-CA0E791FE0DA}.DebugWithoutSetup|Any CPU.Build.0 = Debug|Any CPU
		{86E0501D-E37E-4E5C-82DA-CA0E791FE0DA}.DebugWithoutSetup|Mixed Platforms.ActiveCfg = Debug|Any CPU
		{86E0501D-E37E-4E5C-82DA-CA0E791FE0DA}.DebugWithoutSetup|Mixed Platforms.Build.0 = Debug|Any CPU
		{86E0501D-E37E-4E5C-82DA-CA0E791FE0DA}.DebugWithoutSetup|Win32.ActiveCfg = Debug|Any CPU
		{86E0501D-E37E-4E5C-82DA-CA0E791FE0DA}.DebugWithoutSetup|x64.ActiveCfg = Debug|Any CPU
		{86E0501D-E37E-4E5C-82DA-CA0E791FE0DA}.DebugWithoutSetup|x86.ActiveCfg = Debug|Any CPU
		{86E0501D-E37E-4E5C-82DA-CA0E791FE0DA}.DVD-10|Any CPU.ActiveCfg = Debug|Any CPU
		{86E0501D-E37E-4E5C-82DA-CA0E791FE0DA}.DVD-10|Any CPU.Build.0 = Debug|Any CPU
		{86E0501D-E37E-4E5C-82DA-CA0E791FE0DA}.DVD-10|Mixed Platforms.ActiveCfg = Debug|Any CPU
		{86E0501D-E37E-4E5C-82DA-CA0E791FE0DA}.DVD-10|Mixed Platforms.Build.0 = Debug|Any CPU
		{86E0501D-E37E-4E5C-82DA-CA0E791FE0DA}.DVD-10|Win32.ActiveCfg = Debug|Any CPU
		{86E0501D-E37E-4E5C-82DA-CA0E791FE0DA}.DVD-10|x64.ActiveCfg = Debug|Any CPU
		{86E0501D-E37E-4E5C-82DA-CA0E791FE0DA}.DVD-10|x86.ActiveCfg = Debug|Any CPU
		{86E0501D-E37E-4E5C-82DA-CA0E791FE0DA}.DVD-18|Any CPU.ActiveCfg = Debug|Any CPU
		{86E0501D-E37E-4E5C-82DA-CA0E791FE0DA}.DVD-18|Any CPU.Build.0 = Debug|Any CPU
		{86E0501D-E37E-4E5C-82DA-CA0E791FE0DA}.DVD-18|Mixed Platforms.ActiveCfg = Debug|Any CPU
		{86E0501D-E37E-4E5C-82DA-CA0E791FE0DA}.DVD-18|Mixed Platforms.Build.0 = Debug|Any CPU
		{86E0501D-E37E-4E5C-82DA-CA0E791FE0DA}.DVD-18|Win32.ActiveCfg = Debug|Any CPU
		{86E0501D-E37E-4E5C-82DA-CA0E791FE0DA}.DVD-18|x64.ActiveCfg = Debug|Any CPU
		{86E0501D-E37E-4E5C-82DA-CA0E791FE0DA}.DVD-18|x86.ActiveCfg = Debug|Any CPU
		{86E0501D-E37E-4E5C-82DA-CA0E791FE0DA}.DVD-5|Any CPU.ActiveCfg = Debug|Any CPU
		{86E0501D-E37E-4E5C-82DA-CA0E791FE0DA}.DVD-5|Any CPU.Build.0 = Debug|Any CPU
		{86E0501D-E37E-4E5C-82DA-CA0E791FE0DA}.DVD-5|Mixed Platforms.ActiveCfg = Debug|Any CPU
		{86E0501D-E37E-4E5C-82DA-CA0E791FE0DA}.DVD-5|Mixed Platforms.Build.0 = Debug|Any CPU
		{86E0501D-E37E-4E5C-82DA-CA0E791FE0DA}.DVD-5|Win32.ActiveCfg = Debug|Any CPU
		{86E0501D-E37E-4E5C-82DA-CA0E791FE0DA}.DVD-5|x64.ActiveCfg = Debug|Any CPU
		{86E0501D-E37E-4E5C-82DA-CA0E791FE0DA}.DVD-5|x86.ActiveCfg = Debug|Any CPU
		{86E0501D-E37E-4E5C-82DA-CA0E791FE0DA}.DVD-9|Any CPU.ActiveCfg = Debug|Any CPU
		{86E0501D-E37E-4E5C-82DA-CA0E791FE0DA}.DVD-9|Any CPU.Build.0 = Debug|Any CPU
		{86E0501D-E37E-4E5C-82DA-CA0E791FE0DA}.DVD-9|Mixed Platforms.ActiveCfg = Debug|Any CPU
		{86E0501D-E37E-4E5C-82DA-CA0E791FE0DA}.DVD-9|Mixed Platforms.Build.0 = Debug|Any CPU
		{86E0501D-E37E-4E5C-82DA-CA0E791FE0DA}.DVD-9|Win32.ActiveCfg = Debug|Any CPU
		{86E0501D-E37E-4E5C-82DA-CA0E791FE0DA}.DVD-9|x64.ActiveCfg = Debug|Any CPU
		{86E0501D-E37E-4E5C-82DA-CA0E791FE0DA}.DVD-9|x86.ActiveCfg = Debug|Any CPU
		{86E0501D-E37E-4E5C-82DA-CA0E791FE0DA}.Release|Any CPU.ActiveCfg = Release|Any CPU
		{86E0501D-E37E-4E5C-82DA-CA0E791FE0DA}.Release|Any CPU.Build.0 = Release|Any CPU
		{86E0501D-E37E-4E5C-82DA-CA0E791FE0DA}.Release|Mixed Platforms.ActiveCfg = Release|Any CPU
		{86E0501D-E37E-4E5C-82DA-CA0E791FE0DA}.Release|Mixed Platforms.Build.0 = Release|Any CPU
		{86E0501D-E37E-4E5C-82DA-CA0E791FE0DA}.Release|Win32.ActiveCfg = Release|Any CPU
		{86E0501D-E37E-4E5C-82DA-CA0E791FE0DA}.Release|x64.ActiveCfg = Release|Any CPU
		{86E0501D-E37E-4E5C-82DA-CA0E791FE0DA}.Release|x86.ActiveCfg = Release|Any CPU
		{86E0501D-E37E-4E5C-82DA-CA0E791FE0DA}.SingleImage|Any CPU.ActiveCfg = Release|Any CPU
		{86E0501D-E37E-4E5C-82DA-CA0E791FE0DA}.SingleImage|Any CPU.Build.0 = Release|Any CPU
		{86E0501D-E37E-4E5C-82DA-CA0E791FE0DA}.SingleImage|Mixed Platforms.ActiveCfg = Release|Any CPU
		{86E0501D-E37E-4E5C-82DA-CA0E791FE0DA}.SingleImage|Mixed Platforms.Build.0 = Release|Any CPU
		{86E0501D-E37E-4E5C-82DA-CA0E791FE0DA}.SingleImage|Win32.ActiveCfg = Release|Any CPU
		{86E0501D-E37E-4E5C-82DA-CA0E791FE0DA}.SingleImage|x64.ActiveCfg = Release|Any CPU
		{86E0501D-E37E-4E5C-82DA-CA0E791FE0DA}.SingleImage|x86.ActiveCfg = Release|Any CPU
		{86E0501D-E37E-4E5C-82DA-CA0E791FE0DA}.WebDeployment|Any CPU.ActiveCfg = Release|Any CPU
		{86E0501D-E37E-4E5C-82DA-CA0E791FE0DA}.WebDeployment|Any CPU.Build.0 = Release|Any CPU
		{86E0501D-E37E-4E5C-82DA-CA0E791FE0DA}.WebDeployment|Mixed Platforms.ActiveCfg = Release|Any CPU
		{86E0501D-E37E-4E5C-82DA-CA0E791FE0DA}.WebDeployment|Mixed Platforms.Build.0 = Release|Any CPU
		{86E0501D-E37E-4E5C-82DA-CA0E791FE0DA}.WebDeployment|Win32.ActiveCfg = Release|Any CPU
		{86E0501D-E37E-4E5C-82DA-CA0E791FE0DA}.WebDeployment|x64.ActiveCfg = Release|Any CPU
		{86E0501D-E37E-4E5C-82DA-CA0E791FE0DA}.WebDeployment|x86.ActiveCfg = Release|Any CPU
	EndGlobalSection
	GlobalSection(SolutionProperties) = preSolution
		HideSolutionNode = FALSE
	EndGlobalSection
	GlobalSection(TestCaseManagementSettings) = postSolution
		CategoryFile = MarvInterface.vsmdi
	EndGlobalSection
EndGlobal
